{
  "job": {
    "uploader_id": "ShiranuiFlare",
    "file": "【 #不知火フレア生誕祭2026 】BEMANI楽曲３D LIVE！みんなで盛り上がれ！【不知火フレア⧸ホロライブ】 [FgA6hgxJH4I]",
    "video_id": "FgA6hgxJH4I",
    "url": "https://www.youtube.com/watch?v=FgA6hgxJH4I",
    "title": "【 #不知火フレア生誕祭2026 】BEMANI楽曲３D LIVE！みんなで盛り上がれ！【不知火フレア/ホロライブ】"
  },
  "server": "f28cb5a7718a98eaffb7e64e72b7070dc342d5b47409decb5f48e5ef624ba645",
  "time": 1775969648
}