{
  "job": {
    "uploader_id": "HakuiKoyori",
    "file": "【 3D LIVE 】新3Dお披露目！豪華ゲスト&重大告知あり！ゲームソングライブ開催だああ！🎮✨ #博衣こよ [yGN0gj0o1GU]",
    "video_id": "yGN0gj0o1GU",
    "url": "https://www.youtube.com/watch?v=yGN0gj0o1GU",
    "title": "【 3D LIVE 】新3Dお披露目！豪華ゲスト&重大告知あり！ゲームソングライブ開催だああ！🎮✨ #博衣こより生誕Live2026 【博衣こより/ホロライブ】"
  },
  "server": "f28cb5a7718a98eaffb7e64e72b7070dc342d5b47409decb5f48e5ef624ba645",
  "time": 1777180732
}