{
  "job": {
    "uploader_id": "JuufuuteiRaden",
    "file": "【 #らでん新衣装お披露目3Dライブ 】歌って踊ってミラクル重大発表祭り！【儒烏風亭らでん #ReGLOSS 】 [1juU26jChug]",
    "video_id": "1juU26jChug",
    "url": "https://www.youtube.com/watch?v=1juU26jChug",
    "title": "【 #らでん新衣装お披露目3Dライブ 】歌って踊ってミラクル重大発表祭り！【儒烏風亭らでん #ReGLOSS 】"
  },
  "server": "f28cb5a7718a98eaffb7e64e72b7070dc342d5b47409decb5f48e5ef624ba645",
  "time": 1779062755
}