{
  "job": {
    "uploader_id": "TokinoSora",
    "file": "【#ときのそらお披露目誕生日2026】１０年目に向けた最高のパフォーマンスを！～告知もあるよ～【ホロ [sflyOJD5y50]",
    "video_id": "sflyOJD5y50",
    "url": "https://www.youtube.com/watch?v=sflyOJD5y50",
    "title": "【#ときのそらお披露目誕生日2026】１０年目に向けた最高のパフォーマンスを！～告知もあるよ～【ホロライブ/ときのそら】"
  },
  "server": "f28cb5a7718a98eaffb7e64e72b7070dc342d5b47409decb5f48e5ef624ba645",
  "time": 1778915251
}