{
  "job": {
    "uploader_id": "OozoraSubaru",
    "file": "【#大空スバル7周年LIVE】大空スバル 7th 記念LIVE ラブミ❣：7th anniversary live【ホロライブ⧸大空スバル】 [NfJsoMi1y0s]",
    "video_id": "NfJsoMi1y0s",
    "url": "https://www.youtube.com/watch?v=NfJsoMi1y0s",
    "title": "【#大空スバル7周年LIVE】大空スバル 7th 記念LIVE ラブミ❣：7th anniversary live【ホロライブ/大空スバル】"
  },
  "server": "f28cb5a7718a98eaffb7e64e72b7070dc342d5b47409decb5f48e5ef624ba645",
  "time": 1775975299
}