{
  "job": {
    "uploader_id": "OokamiMio",
    "file": "【#朝ミオ 】GW明けのおはみぉーん！月曜日だよ～！ [Q2xrAstOaEs]",
    "video_id": "Q2xrAstOaEs",
    "url": "https://www.youtube.com/watch?v=Q2xrAstOaEs",
    "title": "【#朝ミオ 】GW明けのおはみぉーん！月曜日だよ～！"
  },
  "server": "f28cb5a7718a98eaffb7e64e72b7070dc342d5b47409decb5f48e5ef624ba645",
  "time": 1778572427
}