{
  "job": {
    "uploader_id": "holoen_gigimurin",
    "file": "【3D LIVE】THE CCGG NETWORK PT. 1 #AUTOFISTNETWORK @holoen_ceciliaimmergreen [JmnlnzBgMOc]",
    "video_id": "JmnlnzBgMOc",
    "url": "https://www.youtube.com/watch?v=JmnlnzBgMOc",
    "title": "【3D LIVE】THE CCGG NETWORK PT. 1 #AUTOFISTNETWORK @holoen_ceciliaimmergreen"
  },
  "server": "f28cb5a7718a98eaffb7e64e72b7070dc342d5b47409decb5f48e5ef624ba645",
  "time": 1778989541
}