{
  "job": {
    "uploader_id": "holoen_ceciliaimmerg",
    "file": "【3D LIVE】THE CCGG NETWORK PART 2 #AUTOFISTNETWORK @holoen_gigimurin [aPSUhJaels0]",
    "video_id": "aPSUhJaels0",
    "url": "https://www.youtube.com/watch?v=aPSUhJaels0",
    "title": "【3D LIVE】THE CCGG NETWORK PART 2 #AUTOFISTNETWORK @holoen_gigimurin"
  },
  "server": "f28cb5a7718a98eaffb7e64e72b7070dc342d5b47409decb5f48e5ef624ba645",
  "time": 1778992730
}