{
  "job": {
    "uploader_id": "MoriCalliope",
    "file": "【3D LIVE - UNCUT ROCK!!】Mori Calliope 6th Birthday (feat. LIVE BAND) #calliolive #UNCUTROCK [Rb163zkoNSo]",
    "video_id": "Rb163zkoNSo",
    "url": "https://www.youtube.com/watch?v=Rb163zkoNSo",
    "title": "【3D LIVE - UNCUT ROCK!!】Mori Calliope 6th Birthday (feat. LIVE BAND) #calliolive #UNCUTROCK"
  },
  "server": "f28cb5a7718a98eaffb7e64e72b7070dc342d5b47409decb5f48e5ef624ba645",
  "time": 1775965137
}