{
  "job": {
    "uploader_id": "holoen_raorapanthera",
    "file": "【3D LIVE CONCERT】Raora Panthera First Birthday Live Concert! #RaoraBday2026 [w37yVSXhV_c]",
    "video_id": "w37yVSXhV_c",
    "url": "https://www.youtube.com/watch?v=w37yVSXhV_c",
    "title": "【3D LIVE CONCERT】Raora Panthera First Birthday Live Concert! #RaoraBday2026"
  },
  "server": "f28cb5a7718a98eaffb7e64e72b7070dc342d5b47409decb5f48e5ef624ba645",
  "time": 1778386685
}