{
  "job": {
    "uploader_id": "IRyS",
    "file": "【3D LIVE - RACING TOWARDS HOPE】IRyS 2026 BIRTHDAY LIVE + 3D OUTFIT & BIG ANNOUNCEMENTS #IRySBDay2026 [J53rX5brbUw]",
    "video_id": "J53rX5brbUw",
    "url": "https://www.youtube.com/watch?v=J53rX5brbUw",
    "title": "【3D LIVE - RACING TOWARDS HOPE】IRyS 2026 BIRTHDAY LIVE + 3D OUTFIT & BIG ANNOUNCEMENTS #IRySBDay2026"
  },
  "server": "f28cb5a7718a98eaffb7e64e72b7070dc342d5b47409decb5f48e5ef624ba645",
  "time": 1777382359
}