{
  "job": {
    "uploader_id": "holoen_erbloodflame",
    "file": "【3D BIRTHDAY LIVE】NOW That's an 80s BOP! #ERBday2026 [PGppUhILuP4]",
    "video_id": "PGppUhILuP4",
    "url": "https://www.youtube.com/watch?v=PGppUhILuP4",
    "title": "【3D BIRTHDAY LIVE】NOW That's an 80s BOP! #ERBday2026"
  },
  "server": "f28cb5a7718a98eaffb7e64e72b7070dc342d5b47409decb5f48e5ef624ba645",
  "time": 1777159844
}