{
  "job": {
    "uploader_id": "AnyaMelfissa",
    "file": "【3D BIRTHDAY LIVE 2026 3D生誕祭ライブ】The Great Ancient Detective's Bizarre Investigation #DetectiveAnya3D [uzF43bRo5XU]",
    "video_id": "uzF43bRo5XU",
    "url": "https://www.youtube.com/watch?v=uzF43bRo5XU",
    "title": "【3D BIRTHDAY LIVE 2026 3D生誕祭ライブ】The Great Ancient Detective's Bizarre Investigation #DetectiveAnya3D"
  },
  "server": "f28cb5a7718a98eaffb7e64e72b7070dc342d5b47409decb5f48e5ef624ba645",
  "time": 1777451792
}