{
  "job": {
    "uploader_id": "HoshimachiSuisei",
    "file": "【8周年アコースティックLIVE】#星街すいせい重大発表LIVE [Jz2xEfAjC8Y]",
    "video_id": "Jz2xEfAjC8Y",
    "url": "https://www.youtube.com/watch?v=Jz2xEfAjC8Y",
    "title": "【8周年アコースティックLIVE】#星街すいせい重大発表LIVE"
  },
  "server": "f28cb5a7718a98eaffb7e64e72b7070dc342d5b47409decb5f48e5ef624ba645",
  "time": 1777333557
}