{
  "job": {
    "uploader_id": "NinomaeInanis",
    "file": "【Free Preview】Takanashi Kiara ⧸ Ninomae Ina'nis 1st Concert ＂Drawn to Dawn＂【DAY 2】 [bNMzj5NPWmI]",
    "video_id": "bNMzj5NPWmI",
    "url": "https://www.youtube.com/watch?v=bNMzj5NPWmI",
    "title": "【Free Preview】Takanashi Kiara / Ninomae Ina'nis 1st Concert \"Drawn to Dawn\"【DAY 2】"
  },
  "server": "f28cb5a7718a98eaffb7e64e72b7070dc342d5b47409decb5f48e5ef624ba645",
  "time": 1776986206
}