{
  "job": {
    "uploader_id": "TakanashiKiara",
    "file": "【Free Preview】Takanashi Kiara ⧸ Ninomae Ina'nis 1st Concert ＂Drawn to Dawn＂【DAY1】 [KVJFel4YBqM]",
    "video_id": "KVJFel4YBqM",
    "url": "https://www.youtube.com/watch?v=KVJFel4YBqM",
    "title": "【Free Preview】Takanashi Kiara / Ninomae Ina'nis 1st Concert \"Drawn to Dawn\"【DAY1】"
  },
  "server": "f28cb5a7718a98eaffb7e64e72b7070dc342d5b47409decb5f48e5ef624ba645",
  "time": 1777205696
}