{
  "job": {
    "uploader_id": "HakuiKoyori",
    "file": "【料理枠カメラ有】人生初！無水カレーを本格オリジナルスパイスで作ってみる！！！🍛✨～オリチャ [KTBgDS0J84g]",
    "video_id": "KTBgDS0J84g",
    "url": "https://www.youtube.com/watch?v=KTBgDS0J84g",
    "title": "【料理枠カメラ有】人生初！無水カレーを本格オリジナルスパイスで作ってみる！！！🍛✨～オリチャー＆味見のラミたんを添えて～【博衣こより・雪花ラミィ/ホロライブ】"
  },
  "server": "f28cb5a7718a98eaffb7e64e72b7070dc342d5b47409decb5f48e5ef624ba645",
  "time": 1776253602
}