{
  "job": {
    "uploader_id": "hololiveEnglish",
    "file": "videos/hololive English 1st Concert -Connect the World- Supported By BUSHIROAD [Free Preview] [-2H-WjJBWsA]",
    "video_id": "-2H-WjJBWsA",
    "url": "https://www.youtube.com/watch?v=-2H-WjJBWsA"
  },
  "server": "c2",
  "time": 1787001674
}