{
  "job": {
    "uploader_id": "hololive",
    "file": "videos/【#hololivefesEXPO24_DAY1】hololive 5th fes. Capture the Moment hololive stage1 DAY1【チラ見せ】 [00xeNL3vdQo]",
    "video_id": "00xeNL3vdQo",
    "url": "https://www.youtube.com/watch?v=00xeNL3vdQo"
  },
  "server": "c1",
  "time": 1786508416
}