{
  "job": {
    "uploader_id": "TakanashiKiara",
    "file": "videos/【3D LIVE】Takanashi Kiara 4th Anniversary Live ~「MIRAGE」WITH A SURPRISE!？ #Kiara4years [0LoG81pLS8c]",
    "video_id": "0LoG81pLS8c",
    "url": "https://www.youtube.com/watch?v=0LoG81pLS8c"
  },
  "server": "c2",
  "time": 1786039283
}