{
  "job": {
    "uploader_id": "AkiRosenthal",
    "file": "videos/[#AkiRoseBirthday2021] 3D birthday celebration in my first idol costume! [HoloLive⧸AkiRose] [1Ts7X3vtYgQ]",
    "video_id": "1Ts7X3vtYgQ",
    "url": "https://www.youtube.com/watch?v=1Ts7X3vtYgQ"
  },
  "server": "c1",
  "time": 1788238581
}