{
  "job": {
    "uploader_id": "dankestvonmemen76288",
    "file": "videos/Rushia's last birthday stream るしあさんの最後の誕生日配信 【#潤羽るしあ生誕祭】祝３D LIVE！！with３期生☆ [3gRxbBWZAPc]",
    "video_id": "3gRxbBWZAPc",
    "url": "https://www.youtube.com/watch?v=3gRxbBWZAPc"
  },
  "server": "c2",
  "time": 1785703038
}