{
  "job": {
    "uploader_id": "hololiveEnglish",
    "file": "videos/【3D LIVE】hololive English -Advent- 3rd Anniversary Live： Bound by Fate【#AdventBoundbyFate】 [54oaXuyyfMc]",
    "video_id": "54oaXuyyfMc",
    "url": "https://www.youtube.com/watch?v=54oaXuyyfMc"
  },
  "server": "c2",
  "time": 1786248970
}