{
  "job": {
    "uploader_id": "IRyS",
    "file": "videos/【Free Preview】IRyS 1st Concert “HOPE ｜｜： Beyond the Stars”【#IRySConcert2026】 [5eK3iWd0FQ0]",
    "timestamp": 0,
    "video_id": "5eK3iWd0FQ0",
    "url": "https://www.youtube.com/watch?v=5eK3iWd0FQ0"
  },
  "server": "c3",
  "time": 1791291453
}