{
  "job": {
    "uploader_id": "TakanashiKiara",
    "file": "videos/【3D CONCERT】Takanashi Kiara End Of The Year ⧸ Birthday Live 2023 小鳥遊キアラ生誕祭2023 #KFParty2023 [5LNv7CzFJgc]",
    "video_id": "5LNv7CzFJgc",
    "url": "https://www.youtube.com/watch?v=5LNv7CzFJgc"
  },
  "server": "c3",
  "time": 1786681409
}