{
  "job": {
    "uploader_id": "AmaneKanata",
    "file": "videos/【#天音かなた卒業ライブ】「絶対的アイドル」 ⧸ Amane Kanata Graduation LIVE ＂THE ABSOLUTE IDOL＂【hololive】 [8iGGL_0CEpc]",
    "video_id": "8iGGL_0CEpc",
    "url": "https://www.youtube.com/watch?v=8iGGL_0CEpc"
  },
  "server": "c2",
  "time": 1786669518
}