{
  "job": {
    "uploader_id": "ayundarisu",
    "file": "videos/【3D Birthday Performance】Risu's Isekai Express ： Special Performance Delivery【#RiSekaiExpress】 [995QkX6r7RA]",
    "video_id": "995QkX6r7RA",
    "url": "https://www.youtube.com/watch?v=995QkX6r7RA"
  },
  "server": "c1",
  "time": 1785846143
}