{
  "job": {
    "uploader_id": "hololive",
    "file": "videos/[Official] 3D Anime ＂Magical Girl holoWitches! THE STAGE ~TRICK or MAGIC!~＂ Main Story [_qpO8vi9fpA]",
    "video_id": "_qpO8vi9fpA",
    "url": "https://www.youtube.com/watch?v=_qpO8vi9fpA"
  },
  "server": "c3",
  "time": 1785343915
}