{
  "job": {
    "uploader_id": "HakuiKoyori",
    "file": "videos/【完全生3D】 #博衣こより超重大告知 アリ‼ アコースティックライブin Autumn #holoAcousticLive 【AZKi⧸常闇ト [_Rvx92mPFT0]",
    "timestamp": 0,
    "video_id": "_Rvx92mPFT0",
    "url": "https://www.youtube.com/watch?v=_Rvx92mPFT0"
  },
  "server": "c1",
  "time": 1789218446
}