{
  "job": {
    "uploader_id": "MoonaHoshinova",
    "file": "videos/【3D Showcase】Total Eclipse of the Moon #MoonaHoshinova3D 【Moona Hoshinova ⧸ hololive ID】 [_VKWFWDGhSQ]",
    "video_id": "_VKWFWDGhSQ",
    "url": "https://www.youtube.com/watch?v=_VKWFWDGhSQ"
  },
  "server": "c3",
  "time": 1787505875
}