{
  "job": {
    "uploader_id": "PavoliaReine",
    "file": "videos/【3D SHOWCASE】Attention Please!! Special Tea Party with Pavolia Reine!!! #PavoliaReine3D [aBgFX_2oIU4]",
    "video_id": "aBgFX_2oIU4",
    "url": "https://www.youtube.com/watch?v=aBgFX_2oIU4"
  },
  "server": "c3",
  "time": 1786960610
}