{
  "job": {
    "uploader_id": "hololiveEnglish",
    "file": "videos\\【3D LIVE】Myth 6th Anniversary ＂Seasons From Within＂【#Myth6Years】 [AKg6bf5VFjA]",
    "timestamp": 1789877131,
    "video_id": "AKg6bf5VFjA",
    "url": "https://www.youtube.com/watch?v=AKg6bf5VFjA"
  },
  "server": "h1",
  "time": 1789878888
}