{
  "job": {
    "uploader_id": "NinomaeInanis",
    "file": "videos/【Free Preview】Takanashi Kiara ⧸ Ninomae Ina'nis 1st Concert ＂Drawn to Dawn＂【DAY 2】 [bNMzj5NPWmI]",
    "video_id": "bNMzj5NPWmI",
    "url": "https://www.youtube.com/watch?v=bNMzj5NPWmI"
  },
  "server": "c3",
  "time": 1785977365
}