{
  "job": {
    "uploader_id": "NatsuiroMatsuri",
    "file": "videos/🏮Natsuiro Matsuri's Birthday Celebration 2020 🏮 Matsuri is the Star Today!! [#夏色まつり誕生祭3D] [bxy2oLe7VwU]",
    "video_id": "bxy2oLe7VwU",
    "url": "https://www.youtube.com/watch?v=bxy2oLe7VwU"
  },
  "server": "c3",
  "time": 1788384894
}