{
  "job": {
    "uploader_id": "ShishiroBotan",
    "file": "videos/【 #獅白ぼたん生誕祭2026 】重大告知あります！獅白ぼたん生誕3D LIVE✨『Stray&Stay』【獅白ぼたん⧸ホロラ [cI535pJp-TQ]",
    "timestamp": 0,
    "video_id": "cI535pJp-TQ",
    "url": "https://www.youtube.com/watch?v=cI535pJp-TQ"
  },
  "server": "c3",
  "time": 1789868566
}