{
  "job": {
    "uploader_id": "hololive",
    "file": "videos/【#hololivefesEXPO24_DAY2】hololive 5th fes. Capture the Moment hololive stage3 DAY2【チラ見せ】 [CVYbI-1IJnM]",
    "video_id": "CVYbI-1IJnM",
    "url": "https://www.youtube.com/watch?v=CVYbI-1IJnM"
  },
  "server": "c1",
  "time": 1786441625
}