{
  "job": {
    "uploader_id": "MomosuzuNene",
    "file": "videos/[Important Announcement!] ♪HAPPYBIRTHDAY TO NENECHI♪ 7th LIVE🍑 [Momosuzu Nene⧸Hololive] [DhT754K7fLE]",
    "video_id": "DhT754K7fLE",
    "url": "https://www.youtube.com/watch?v=DhT754K7fLE"
  },
  "server": "c2",
  "time": 1787733246
}