{
  "job": {
    "uploader_id": "MoriCalliope",
    "file": "videos/【3D LIVE】DISASTERSHOW ｜｜ Disasterpiece Release Mini Show! ｜｜ Mori Calliope #disastershow #calliolive [fuQ7VpAVFr4]",
    "video_id": "fuQ7VpAVFr4",
    "url": "https://www.youtube.com/watch?v=fuQ7VpAVFr4"
  },
  "server": "c1",
  "time": 1786845092
}