{
  "job": {
    "uploader_id": "AnyaMelfissa",
    "file": "videos/【3D BIRTHDAY LIVE】 Through the Curious Tune - Anya Melfissa 2025 Birthday Live 生誕祭ライブ #CuriousTune3D [FXLKbTnMP2M]",
    "video_id": "FXLKbTnMP2M",
    "url": "https://www.youtube.com/watch?v=FXLKbTnMP2M"
  },
  "server": "c3",
  "time": 1785689326
}