{
  "job": {
    "uploader_id": "NanashiMumei",
    "file": "videos/【3D LIVE】「 Outside the Box 」Nanashi Mumei Birthday Celebration 2024 【#MoomsDay3DLIVE】 [gl7CwlEg2ZI]",
    "video_id": "gl7CwlEg2ZI",
    "url": "https://www.youtube.com/watch?v=gl7CwlEg2ZI"
  },
  "server": "c1",
  "time": 1786212441
}