{
  "job": {
    "uploader_id": "TokinoSora",
    "file": "videos/[#TokinoSora'sJourneyTo1MillionSubscribers] Looking back on memories and looking ahead to the fut... [IYlN1ellaCU]",
    "video_id": "IYlN1ellaCU",
    "url": "https://www.youtube.com/watch?v=IYlN1ellaCU"
  },
  "server": "c1",
  "time": 1787321103
}