{
  "job": {
    "uploader_id": "IRyS",
    "file": "videos/【3D LIVE - RACING TOWARDS HOPE】IRyS 2026 BIRTHDAY LIVE + 3D OUTFIT & BIG ANNOUNCEMENTS #IRySBDay2026 [J53rX5brbUw]",
    "video_id": "J53rX5brbUw",
    "url": "https://www.youtube.com/watch?v=J53rX5brbUw"
  },
  "server": "c1",
  "time": 1786240064
}