{
  "job": {
    "uploader_id": "TakanashiKiara",
    "file": "videos/【Free Preview】Takanashi Kiara ⧸ Ninomae Ina'nis 1st Concert ＂Drawn to Dawn＂【DAY1】 [KVJFel4YBqM]",
    "video_id": "KVJFel4YBqM",
    "url": "https://www.youtube.com/watch?v=KVJFel4YBqM"
  },
  "server": "c1",
  "time": 1785632932
}