{
  "job": {
    "uploader_id": "HimemoriLuna",
    "file": "videos/【 #姫森ルーナ生誕ロックLIVE 】帰ってきた !! Count Night TV Evolution !! 💗 BIRTHDAY 3D LIVE【ホロライブ】 [l2oa8BexdmU]",
    "timestamp": 0,
    "video_id": "l2oa8BexdmU",
    "url": "https://www.youtube.com/watch?v=l2oa8BexdmU"
  },
  "server": "c3",
  "time": 1791635067
}