{
  "job": {
    "uploader_id": "HoshimachiSuisei",
    "file": "videos/【チラ見せ】Hoshimachi Suisei 1st Solo Live ＂STELLAR into the GALAXY＂ Supported By Bushiroad [LtqzI9y5yII]",
    "video_id": "LtqzI9y5yII",
    "url": "https://www.youtube.com/watch?v=LtqzI9y5yII"
  },
  "server": "c3",
  "time": 1787794122
}