{
  "job": {
    "uploader_id": "HakuiKoyori",
    "file": "videos/[GIRLS' REAL TALK!] A Talk Show Where We Give Serious Answers to ＂Questions You Were Too Afraid t... [lwLTWCM21y0]",
    "video_id": "lwLTWCM21y0",
    "url": "https://www.youtube.com/watch?v=lwLTWCM21y0"
  },
  "server": "c2",
  "time": 1788304187
}