{
  "job": {
    "uploader_id": "AiraniIofifteen",
    "file": "videos/Airani iofifteen Birthday 2025 3D Live, Have a Nice Trip and Dream #iofiLucidDream [mMDPWutdkDM]",
    "timestamp": 0,
    "video_id": "mMDPWutdkDM",
    "url": "https://www.youtube.com/watch?v=mMDPWutdkDM"
  },
  "server": "c1",
  "time": 1789096115
}