{
  "job": {
    "uploader_id": "KureijiOllie",
    "file": "videos/【#REBIRTH3D】Kureiji Ollie's 3D Birthday LIVE 2024 - REBIRTH, The True Me【hololive Indonesia】 [O607BZ8HwDk]",
    "video_id": "O607BZ8HwDk",
    "url": "https://www.youtube.com/watch?v=O607BZ8HwDk"
  },
  "server": "c3",
  "time": 1786035068
}