{
  "job": {
    "uploader_id": "hololiveEnglish",
    "file": "videos/【#TheBrokenPromise】hololive English -Promise- 1st Anniversary Musical： The Broken Promise [Oi0WDyT6xTE]",
    "video_id": "Oi0WDyT6xTE",
    "url": "https://www.youtube.com/watch?v=Oi0WDyT6xTE"
  },
  "server": "c3",
  "time": 1785879052
}