{
  "job": {
    "uploader_id": "hololiveIndonesia",
    "file": "videos/【Mini 3D Live】hololive Indonesia Generasi 1 Bernyanyi Bersama #Area15Mini3DLive [oY0HSWOqV0s]",
    "video_id": "oY0HSWOqV0s",
    "url": "https://www.youtube.com/watch?v=oY0HSWOqV0s"
  },
  "server": "c1",
  "time": 1787490017
}