{
  "job": {
    "uploader_id": "kazamairoha",
    "file": "videos/[Mini 3D LIVE] #KazamaIroha3rdAnniversary Multiple reveals 🎀 Mini 3D LIVE included 🎺 Starting lin... [POix3IWi5Uw]",
    "video_id": "POix3IWi5Uw",
    "url": "https://www.youtube.com/watch?v=POix3IWi5Uw"
  },
  "server": "c1",
  "time": 1785947352
}