{
  "job": {
    "uploader_id": "FUWAMOCOch",
    "file": "videos/【#フワモコパ3D COLLAB】耳が幸せになる3Dコラボ✨️ guaranteed happy ears for all ruffians 🐾💓 【ホロライブ⧸FUW [pS27c8El4s8]",
    "video_id": "pS27c8El4s8",
    "url": "https://www.youtube.com/watch?v=pS27c8El4s8"
  },
  "server": "c1",
  "time": 1785938344
}