{
  "job": {
    "uploader_id": "hololive",
    "file": "videos/【#hololivefesEXPO24_DAY1】hololive 5th fes. Capture the Moment hololive stage2 DAY1【チラ見せ】 [qBwpM98PXcI]",
    "video_id": "qBwpM98PXcI",
    "url": "https://www.youtube.com/watch?v=qBwpM98PXcI"
  },
  "server": "c1",
  "time": 1786495645
}