{
  "job": {
    "uploader_id": "MoriCalliope",
    "file": "videos/【3D LIVE - UNCUT ROCK!!】Mori Calliope 6th Birthday (feat. LIVE BAND) #calliolive #UNCUTROCK [Rb163zkoNSo]",
    "video_id": "Rb163zkoNSo",
    "url": "https://www.youtube.com/watch?v=Rb163zkoNSo"
  },
  "server": "c2",
  "time": 1785096480
}