{
  "job": {
    "uploader_id": "hololiveIndonesia",
    "file": "videos/【#holoIDChromaticFuture 】Free Partial - hololive Indonesia 5th Anniversary LIVE Chromatic Future [ScI02LHlT-w]",
    "video_id": "ScI02LHlT-w",
    "url": "https://www.youtube.com/watch?v=ScI02LHlT-w"
  },
  "server": "c1",
  "time": 1787449428
}