{
  "job": {
    "uploader_id": "NinomaeInanis",
    "file": "videos/【BOMBANANA!】Am Monkey？! with @ShirakamiFubuki & @ShiranuiFlare  #fltakon [SkamyidiyKU]",
    "timestamp": 0,
    "video_id": "SkamyidiyKU",
    "url": "https://www.youtube.com/watch?v=SkamyidiyKU"
  },
  "server": "c3",
  "time": 1789694671
}