{
  "job": {
    "uploader_id": "SakuraMiko",
    "file": "videos/[#SakuraMiko New 3D Unveiling] Check out the super-elite Miko! [HoloLive⧸SakuraMiko] [T7AkrTQwSjs]",
    "video_id": "T7AkrTQwSjs",
    "url": "https://www.youtube.com/watch?v=T7AkrTQwSjs"
  },
  "server": "c3",
  "time": 1788314236
}