{
  "job": {
    "uploader_id": "PavoliaReine",
    "file": "videos/【#Reine2ndMEPtember】BABY 3D BIRTHDAY CONCERT!!! (Surprises Inside)【Pavolia Reine⧸hololiveID 2nd gen】 [Tmg_zSjOTtc]",
    "video_id": "Tmg_zSjOTtc",
    "url": "https://www.youtube.com/watch?v=Tmg_zSjOTtc"
  },
  "server": "c2",
  "time": 1787506002
}