{
  "job": {
    "uploader_id": "PavoliaReine",
    "file": "videos/【 #ReineMEPtember2026 】Reine B'Day Classroom -Field Trip： Food & Games- [tYLnktu3OPU]",
    "timestamp": 0,
    "video_id": "tYLnktu3OPU",
    "url": "https://www.youtube.com/watch?v=tYLnktu3OPU"
  },
  "server": "c1",
  "time": 1789005381
}