{
  "job": {
    "uploader_id": "AmaneKanata",
    "file": "videos/【3DLIVE】重大告知あり！ #天音かなた生誕祭 「堕天使の憂鬱」⧸ Amane Kanata 3DLIVE ＂Melancholy of the Fallen Angel＂ [UdbB5g1ncHs]",
    "video_id": "UdbB5g1ncHs",
    "url": "https://www.youtube.com/watch?v=UdbB5g1ncHs"
  },
  "server": "c3",
  "time": 1785615407
}