{
  "job": {
    "uploader_id": "TokoyamiTowa",
    "file": "videos/【#TokoyamiTowa3D】Tokoyami Towa's 3D debut! A step towards becoming a demon♥【#JointhefutureJP】 [UlemRwXYWHg]",
    "video_id": "UlemRwXYWHg",
    "url": "https://www.youtube.com/watch?v=UlemRwXYWHg"
  },
  "server": "c2",
  "time": 1788379936
}