{
  "job": {
    "uploader_id": "AiraniIofifteen",
    "file": "videos/【#iofiGalaxyTicket】 Welcome to! Airani iofifteen 2024 Birthday 3D Live - Galaxy Ticket [UxNqEmXGO1s]",
    "video_id": "UxNqEmXGO1s",
    "url": "https://www.youtube.com/watch?v=UxNqEmXGO1s"
  },
  "server": "c1",
  "time": 1786268138
}