{
  "job": {
    "uploader_id": "AnyaMelfissa",
    "file": "videos/【3D BIRTHDAY LIVE 2026 3D生誕祭ライブ】The Great Ancient Detective's Bizarre Investigation #DetectiveAnya3D [uzF43bRo5XU]",
    "video_id": "uzF43bRo5XU",
    "url": "https://www.youtube.com/watch?v=uzF43bRo5XU"
  },
  "server": "c1",
  "time": 1785146122
}