{
  "job": {
    "uploader_id": "SakuraMiko",
    "file": "videos/【#SakuraMikoBirthday3D】Sakura Miko Birthday Celebration 2020🌸Today's star, nya🎉【Hololive⧸Sakura M... [V1EE-eRaOFk]",
    "video_id": "V1EE-eRaOFk",
    "url": "https://www.youtube.com/watch?v=V1EE-eRaOFk"
  },
  "server": "c1",
  "time": 1787732172
}