{
  "job": {
    "uploader_id": "holoen_raorapanthera",
    "file": "videos/【3D LIVE CONCERT】Raora Panthera First Birthday Live Concert! #RaoraBday2026 [w37yVSXhV_c]",
    "video_id": "w37yVSXhV_c",
    "url": "https://www.youtube.com/watch?v=w37yVSXhV_c"
  },
  "server": "c3",
  "time": 1785376155
}