{
  "job": {
    "uploader_id": "HoshimachiSuisei",
    "file": "videos/【冒頭無料配信】HOSHIMACHI SUISEI ARENA TOUR 2026 Once Upon a Stellar 横浜公演Day2 [wK0cKEVi9A4]",
    "timestamp": 0,
    "video_id": "wK0cKEVi9A4",
    "url": "https://www.youtube.com/watch?v=wK0cKEVi9A4"
  },
  "server": "c1",
  "time": 1789200624
}