{
  "job": {
    "uploader_id": "NatsuiroMatsuri",
    "file": "videos/[Onomatopoeia Quiz] How Well Can Hololive's International Members Understand Japanese Onomatopoei... [XUnKfpL-OuA]",
    "video_id": "XUnKfpL-OuA",
    "url": "https://www.youtube.com/watch?v=XUnKfpL-OuA"
  },
  "server": "c1",
  "time": 1788311751
}