{
  "job": {
    "uploader_id": "AiraniIofifteen",
    "file": "videos/【3D Showcase】 Anak Alien holoID Turun ke Bumi (？) #AiraniIofifteen3D【Airani Iofifteen ⧸ hololive ID】 [YHMGdX1kC00]",
    "video_id": "YHMGdX1kC00",
    "url": "https://www.youtube.com/watch?v=YHMGdX1kC00"
  },
  "server": "c1",
  "time": 1787503330
}