{
  "job": {
    "uploader_id": "hololive",
    "file": "hololive production COUNTDOWN LIVE 2025▷2026 [oKiKqycF-lk]",
    "video_id": "oKiKqycF-lk",
    "url": "https://www.youtube.com/watch?v=oKiKqycF-lk",
    "title": "hololive production COUNTDOWN LIVE 2025▷2026"
  },
  "server": "bffe7abf5bec81d5d16cfe0856d1d8e6a7c62118d3dcdd601905060f033c5be0",
  "time": 1772276466
}