{
  "job": {
    "uploader_id": "NatsuiroMatsuri",
    "file": "【 #夏色まつり誕生祭2025 】重大告知あり！アイドル革命進行中！～今日の主役は夢の途中～　【ホロラ [L-XVS13TRTI]",
    "video_id": "L-XVS13TRTI",
    "url": "https://www.youtube.com/watch?v=L-XVS13TRTI",
    "title": "【 #夏色まつり誕生祭2025 】重大告知あり！アイドル革命進行中！～今日の主役は夢の途中～　【ホロライブ/夏色まつり】"
  },
  "server": "bffe7abf5bec81d5d16cfe0856d1d8e6a7c62118d3dcdd601905060f033c5be0",
  "time": 1772294465
}