{
  "job": {
    "uploader_id": "hololive",
    "file": "【Sneak Peak】hololive Indonesia 5th Anniversary LIVE Chromatic Future【#holoIDChromaticFuture 】 [GvDwA90OOuU]",
    "video_id": "GvDwA90OOuU",
    "url": "https://www.youtube.com/watch?v=GvDwA90OOuU",
    "title": "【Sneak Peak】hololive Indonesia 5th Anniversary LIVE Chromatic Future【#holoIDChromaticFuture 】"
  },
  "server": "bffe7abf5bec81d5d16cfe0856d1d8e6a7c62118d3dcdd601905060f033c5be0",
  "time": 1772262065
}