{
  "job": {
    "uploader_id": "hololive",
    "file": "【チラ見せ】hololive 3rd Generation Live#きゅるるん大作戦〜最強アイドル、推すしかないでしょ〜【DAY2】 [XJJXk28ivwY]",
    "video_id": "XJJXk28ivwY",
    "url": "https://www.youtube.com/watch?v=XJJXk28ivwY",
    "title": "【チラ見せ】hololive 3rd Generation Live#きゅるるん大作戦〜最強アイドル、推すしかないでしょ〜【DAY2】"
  },
  "server": "bffe7abf5bec81d5d16cfe0856d1d8e6a7c62118d3dcdd601905060f033c5be0",
  "time": 1772271065
}