{
  "job": {
    "uploader_id": "hololive",
    "file": "【重大告知アリ＆3D LIVE】秘密結社holoX4周年 3DLIVE【#SSholoX4周年】 [Z_E5w_pYAck]",
    "video_id": "Z_E5w_pYAck",
    "url": "https://www.youtube.com/watch?v=Z_E5w_pYAck",
    "title": "【重大告知アリ＆3D LIVE】秘密結社holoX4周年 3DLIVE【#SSholoX4周年】"
  },
  "server": "bffe7abf5bec81d5d16cfe0856d1d8e6a7c62118d3dcdd601905060f033c5be0",
  "time": 1772281865
}