{
  "video": {
    "id": "1Ts7X3vtYgQ",
    "url": "https://www.youtube.com/watch?v=1Ts7X3vtYgQ",
    "title": "[#AkiRoseBirthday2021] 3D birthday celebration in my first idol costume! [HoloLive/AkiRose]",
    "channel": "アキロゼCh。Vtuber/ホロライブ所属",
    "filename_stem": "[#AkiRoseBirthday2021] 3D birthday celebration in my first idol costume! [HoloLive⧸AkiRose] [1Ts7X3vtYgQ]",
    "available": true,
    "is_local": false
  },
  "server": "bffe7abf5bec81d5d16cfe0856d1d8e6a7c62118d3dcdd601905060f033c5be0",
  "time": 1771396371
}