{
  "video": {
    "id": "T7AkrTQwSjs",
    "url": "https://www.youtube.com/watch?v=T7AkrTQwSjs",
    "title": "[#SakuraMiko New 3D Unveiling] Check out the super-elite Miko! [HoloLive/SakuraMiko]",
    "channel": "Miko Ch. さくらみこ",
    "filename_stem": "[#SakuraMiko New 3D Unveiling] Check out the super-elite Miko! [HoloLive⧸SakuraMiko] [T7AkrTQwSjs]",
    "available": true,
    "is_local": false
  },
  "server": "bffe7abf5bec81d5d16cfe0856d1d8e6a7c62118d3dcdd601905060f033c5be0",
  "time": 1771497330
}