{
  "video": {
    "id": "_SWjDWUBDio",
    "url": "https://www.youtube.com/watch?v=_SWjDWUBDio",
    "title": "[#さくらみこ復帰LIVE]I'm back Miko 2nd Anniversary Live！🌸[hololive/Sakura Miko]",
    "channel": "Miko Ch. さくらみこ",
    "filename_stem": "[#さくらみこ復帰LIVE]I'm back Miko 2nd Anniversary Live！🌸[hololive⧸Sakura Miko] [_SWjDWUBDio]",
    "available": true,
    "is_local": false
  },
  "server": "bffe7abf5bec81d5d16cfe0856d1d8e6a7c62118d3dcdd601905060f033c5be0",
  "time": 1771502729
}