{
  "video": {
    "id": "av2WGKOl6Mw",
    "url": "https://www.youtube.com/watch?v=av2WGKOl6Mw",
    "title": "[Day1]hololive English 2nd Concert -Breaking Dimensions-[Free Preview]",
    "channel": "hololive English",
    "filename_stem": "[Day1]hololive English 2nd Concert -Breaking Dimensions-[Free Preview] [av2WGKOl6Mw]",
    "available": true,
    "is_local": false
  },
  "server": "b5c979abfc7b9ec43e02a07782bde79e49990f01249be10041fd5f9e1f1b501a",
  "time": 1770237927
}