{
  "video": {
    "id": "j-N96U_OANI",
    "url": "https://www.youtube.com/watch?v=j-N96U_OANI",
    "title": "[Day2]hololive English 2nd Concert -Breaking Dimensions-[Free Preview]",
    "channel": "hololive English",
    "filename_stem": "[Day2]hololive English 2nd Concert -Breaking Dimensions-[Free Preview] [j-N96U_OANI]",
    "available": true,
    "is_local": false
  },
  "server": "46b43c4506cb5b8ea0a7b881443637a767fcacecdd256b088cb8106192819879",
  "time": 1770236793
}