{
  "video": {
    "id": "tIKQMFtbgOA",
    "url": "https://www.youtube.com/watch?v=tIKQMFtbgOA",
    "title": "A New Chapter Begins! #Shiorin3D #holoadvent",
    "channel": "Shiori Novella Ch. hololive-EN",
    "filename_stem": "A New Chapter Begins! #Shiorin3D #holoadvent [tIKQMFtbgOA]",
    "available": true,
    "is_local": false
  },
  "server": "bffe7abf5bec81d5d16cfe0856d1d8e6a7c62118d3dcdd601905060f033c5be0",
  "time": 1770253337
}