{
  "video": {
    "id": "SwodJntnYBg",
    "url": "https://www.youtube.com/watch?v=SwodJntnYBg",
    "title": "ASACOCO LIVE NEWS on a Birthday?  #asacoco",
    "channel": "Coco Ch. 桐生ココ",
    "filename_stem": "ASACOCO LIVE NEWS on a Birthday？  #asacoco [SwodJntnYBg]",
    "available": true,
    "is_local": false
  },
  "server": "bffe7abf5bec81d5d16cfe0856d1d8e6a7c62118d3dcdd601905060f033c5be0",
  "time": 1771209380
}