{
  "video": {
    "id": "-2H-WjJBWsA",
    "url": "https://www.youtube.com/watch?v=-2H-WjJBWsA",
    "title": "hololive English 1st Concert -Connect the World- Supported By BUSHIROAD [Free Preview]",
    "channel": "hololive English",
    "filename_stem": "hololive English 1st Concert -Connect the World- Supported By BUSHIROAD [Free Preview] [-2H-WjJBWsA]",
    "available": true,
    "is_local": false
  },
  "server": "bffe7abf5bec81d5d16cfe0856d1d8e6a7c62118d3dcdd601905060f033c5be0",
  "time": 1770451476
}