{
  "video": {
    "id": "9hMVpcDYS-0",
    "url": "https://www.youtube.com/watch?v=9hMVpcDYS-0",
    "title": "hololive English -Promise- 2nd Anniversary Concert: Promise 2 You 【#Promise2U】",
    "channel": "hololive English",
    "filename_stem": "hololive English -Promise- 2nd Anniversary Concert： Promise 2 You 【#Promise2U】 [9hMVpcDYS-0]",
    "available": true
  },
  "server": "46b43c4506cb5b8ea0a7b881443637a767fcacecdd256b088cb8106192819879",
  "time": 1770065495
}