{
  "video": {
    "id": "DzP0jXgOC4I",
    "url": "https://www.youtube.com/watch?v=DzP0jXgOC4I",
    "title": "hololive production COUNTDOWN LIVE 2023▷2024 -hololive side-",
    "channel": "hololive ホロライブ - VTuber Group",
    "filename_stem": "hololive production COUNTDOWN LIVE 2023▷2024 -hololive side- [DzP0jXgOC4I]",
    "available": true,
    "is_local": false
  },
  "server": "46b43c4506cb5b8ea0a7b881443637a767fcacecdd256b088cb8106192819879",
  "time": 1770301424
}