{
  "video": {
    "id": "IQqAbuGvDHM",
    "url": "https://www.youtube.com/watch?v=IQqAbuGvDHM",
    "title": "hololive production x DreamHack Melbourne 2024: Down Under [Free Preview]",
    "channel": "hololive English",
    "filename_stem": "hololive production x DreamHack Melbourne 2024： Down Under [Free Preview] [IQqAbuGvDHM]",
    "available": true,
    "is_local": false
  },
  "server": "b5c979abfc7b9ec43e02a07782bde79e49990f01249be10041fd5f9e1f1b501a",
  "time": 1770265939
}