{
  "video": {
    "id": "xGmLTzXPNdk",
    "url": "https://www.youtube.com/watch?v=xGmLTzXPNdk",
    "title": "Midnight Grand Orchestra 1st LIVE『Overture』【冒頭無料配信】",
    "channel": "Midnight Grand Orchestra",
    "filename_stem": "Midnight Grand Orchestra 1st LIVE『Overture』【冒頭無料配信】 [xGmLTzXPNdk]",
    "available": true,
    "is_local": false
  },
  "server": "bffe7abf5bec81d5d16cfe0856d1d8e6a7c62118d3dcdd601905060f033c5be0",
  "time": 1771000456
}