{
  "video": {
    "id": "wKHQyJm1Lu8",
    "url": "https://www.youtube.com/watch?v=wKHQyJm1Lu8",
    "title": "ReGLOSS - SPECIAL LIVE！【YouTube Music Weekend 10.0】",
    "channel": "hololive DEV_IS ReGLOSS",
    "filename_stem": "ReGLOSS - SPECIAL LIVE！【YouTube Music Weekend 10.0】 [wKHQyJm1Lu8]",
    "available": true
  },
  "server": "bffe7abf5bec81d5d16cfe0856d1d8e6a7c62118d3dcdd601905060f033c5be0",
  "time": 1770076886
}