{
  "video": {
    "id": "3gRxbBWZAPc",
    "url": "https://www.youtube.com/watch?v=3gRxbBWZAPc",
    "title": "Rushia's last birthday stream るしあさんの最後の誕生日配信 【#潤羽るしあ生誕祭】祝３D LIVE！！with３期生☆【潤羽るしあ-ホロライブ】",
    "channel": "dankestvonmemen",
    "filename_stem": "Rushia's last birthday stream るしあさんの最後の誕生日配信 【#潤羽るしあ生誕祭】祝３D LIVE！！with３期生☆【潤羽るしあ-ホロライブ】 [3gRxbBWZAPc]",
    "available": true,
    "is_local": false
  },
  "server": "bffe7abf5bec81d5d16cfe0856d1d8e6a7c62118d3dcdd601905060f033c5be0",
  "time": 1771070863
}