{
  "video": {
    "id": "WbNkG3kbOHo",
    "url": "https://www.youtube.com/watch?v=WbNkG3kbOHo",
    "title": "Yozora Mel stream (Oct 31, 2022)【ホロライブ ⧸ 3DLIVE】ハロウィンのお姫様  Halloween Princess 【#夜空メル爆誕2022】",
    "channel": "alefin",
    "filename_stem": "Yozora Mel stream (Oct 31, 2022)【ホロライブ ⧸ 3DLIVE】ハロウィンのお姫様  Halloween Princess 【#夜空メル爆誕2022】 [WbNkG3kbOHo]",
    "available": true,
    "is_local": false
  },
  "server": "bffe7abf5bec81d5d16cfe0856d1d8e6a7c62118d3dcdd601905060f033c5be0",
  "time": 1770271416
}