{
  "video": {
    "id": "a-QD_ifFTL0",
    "url": "https://www.youtube.com/watch?v=a-QD_ifFTL0",
    "title": "Yozora Mel stream (May 13, 2023)【#夜空メル5周年】ゲストあり！3D LIVE🌟You make me happy ♡【ホロライブ⧸夜空メル】",
    "channel": "alefin",
    "filename_stem": "Yozora Mel stream (May 13, 2023)【#夜空メル5周年】ゲストあり！3D LIVE🌟You make me happy ♡【ホロライブ⧸夜空メル】 [a-QD_ifFTL0]",
    "available": true,
    "is_local": false
  },
  "server": "46b43c4506cb5b8ea0a7b881443637a767fcacecdd256b088cb8106192819879",
  "time": 1770267220
}