{
  "video": {
    "id": "viPlIHvk724",
    "url": "https://www.youtube.com/watch?v=viPlIHvk724",
    "title": "≪-KAGURA- Dance of the Gods 3D LIVE≫ Hakos Baelz Birthday 2025 + ANNOUNCEMENTS! #BaeDDay2025",
    "channel": "Hakos Baelz Ch. hololive-EN",
    "filename_stem": "≪-KAGURA- Dance of the Gods 3D LIVE≫ Hakos Baelz Birthday 2025 + ANNOUNCEMENTS! #BaeDDay2025 [viPlIHvk724]",
    "available": true,
    "is_local": false
  },
  "server": "bffe7abf5bec81d5d16cfe0856d1d8e6a7c62118d3dcdd601905060f033c5be0",
  "time": 1770156300
}