{
  "video": {
    "id": "TQSikoeVXoE",
    "url": "https://www.youtube.com/watch?v=TQSikoeVXoE",
    "title": "≪DREAMCATCHER 3D LIVE≫ Hakos Baelz Birthday Celebration 2024! #BaeDay2024",
    "channel": "Hakos Baelz Ch. hololive-EN",
    "filename_stem": "≪DREAMCATCHER 3D LIVE≫ Hakos Baelz Birthday Celebration 2024! #BaeDay2024 [TQSikoeVXoE]",
    "available": true,
    "is_local": false
  },
  "server": "46b43c4506cb5b8ea0a7b881443637a767fcacecdd256b088cb8106192819879",
  "time": 1770287028
}