{
  "video": {
    "id": "DNDhaDTXta4",
    "url": "https://www.youtube.com/watch?v=DNDhaDTXta4",
    "title": "《BIRDS NIGHT OUT》 Pavolia Reine 3D Birthday Live 2024 #ReineMeptember2024",
    "channel": "Pavolia Reine Ch. hololive-ID",
    "filename_stem": "《BIRDS NIGHT OUT》 Pavolia Reine 3D Birthday Live 2024 #ReineMeptember2024 [DNDhaDTXta4]",
    "available": true,
    "is_local": false
  },
  "server": "b5c979abfc7b9ec43e02a07782bde79e49990f01249be10041fd5f9e1f1b501a",
  "time": 1770234241
}