{
  "video": {
    "id": "zKuxe-5Jxyc",
    "url": "https://www.youtube.com/watch?v=zKuxe-5Jxyc",
    "title": "《Peafowl of The Blue Flame》 Pavolia Reine 3D Birthday Live 2025 #ReineMEPtember2025",
    "channel": "Pavolia Reine Ch. hololive-ID",
    "filename_stem": "《Peafowl of The Blue Flame》 Pavolia Reine 3D Birthday Live 2025 #ReineMEPtember2025 [zKuxe-5Jxyc]",
    "available": true
  },
  "server": "bffe7abf5bec81d5d16cfe0856d1d8e6a7c62118d3dcdd601905060f033c5be0",
  "time": 1770073287
}