{
  "video": {
    "id": "hURqBaVxnSg",
    "url": "https://www.youtube.com/watch?v=hURqBaVxnSg",
    "title": "【 #アキロゼ5周年Live 】ーHistoric ROUTE ５ー￤3DLIVE【ホロライブ/アキ・ローゼンタール】",
    "channel": "アキロゼCh。Vtuber/ホロライブ所属",
    "filename_stem": "【 #アキロゼ5周年Live 】ーHistoric ROUTE ５ー￤3DLIVE【ホロライブ⧸アキ・ローゼンタール】 [hURqBaVxnSg]",
    "available": true,
    "is_local": false
  },
  "server": "bffe7abf5bec81d5d16cfe0856d1d8e6a7c62118d3dcdd601905060f033c5be0",
  "time": 1770463917
}