{
  "video": {
    "id": "Bgew21sLVxs",
    "url": "https://www.youtube.com/watch?v=Bgew21sLVxs",
    "title": "【 #姫森ルーナ3周年記念 】3rd Anniversary 3D 企画 !!💓ゲストといっぱい遊んじゃおうなのら♪【姫森ルーナ/ホロライブ】",
    "channel": "Luna Ch. 姫森ルーナ",
    "filename_stem": "【 #姫森ルーナ3周年記念 】3rd Anniversary 3D 企画 !!💓ゲストといっぱい遊んじゃおうなのら♪【姫森ルーナ⧸ホロライブ】 [Bgew21sLVxs]",
    "available": true,
    "is_local": false
  },
  "server": "bffe7abf5bec81d5d16cfe0856d1d8e6a7c62118d3dcdd601905060f033c5be0",
  "time": 1770633300
}