{
  "video": {
    "id": "TV8rLERH6yU",
    "url": "https://www.youtube.com/watch?v=TV8rLERH6yU",
    "title": "【 #角巻わため2周年ライブ 】角巻わため 2nd Anniversary Live Fever!!🌟【ホロライブ４期生】",
    "channel": "Watame Ch. 角巻わため",
    "filename_stem": "【 #角巻わため2周年ライブ 】角巻わため 2nd Anniversary Live Fever!!🌟【ホロライブ４期生】 [TV8rLERH6yU]",
    "available": true,
    "is_local": false
  },
  "server": "bffe7abf5bec81d5d16cfe0856d1d8e6a7c62118d3dcdd601905060f033c5be0",
  "time": 1771115619
}