{
  "video": {
    "id": "FQHJL5ueV64",
    "url": "https://www.youtube.com/watch?v=FQHJL5ueV64",
    "title": "【 3D LIVE 】ゲスト多数！新衣装お披露目&告知あり！ #さくらみこ生誕祭 Birthday Party 2023 🎂 【ホロライブ/さくらみこ】",
    "channel": "Miko Ch. さくらみこ",
    "filename_stem": "【 3D LIVE 】ゲスト多数！新衣装お披露目&告知あり！ #さくらみこ生誕祭 Birthday Party 2023 🎂 【ホロライブ⧸さくらみこ】 [FQHJL5ueV64]",
    "available": true,
    "is_local": false
  },
  "server": "bffe7abf5bec81d5d16cfe0856d1d8e6a7c62118d3dcdd601905060f033c5be0",
  "time": 1770606288
}