{
  "video": {
    "id": "czfjbNitJ4M",
    "url": "https://www.youtube.com/watch?v=czfjbNitJ4M",
    "title": "【 3DLIVE 】ねねが主役！！！！！ #桃鈴ねね誕生日2022【 桃鈴ねね / ホロライブ 】",
    "channel": "Nene Ch.桃鈴ねね",
    "filename_stem": "【 3DLIVE 】ねねが主役！！！！！ #桃鈴ねね誕生日2022【 桃鈴ねね ⧸ ホロライブ 】 [czfjbNitJ4M]",
    "available": true,
    "is_local": false
  },
  "server": "bffe7abf5bec81d5d16cfe0856d1d8e6a7c62118d3dcdd601905060f033c5be0",
  "time": 1771094060
}