{
  "video": {
    "id": "d-Ua7CIU34I",
    "url": "https://www.youtube.com/watch?v=d-Ua7CIU34I",
    "title": "【 #桃鈴ねね誕生日Live2025 】ゲストあり！新衣装お披露目あり！ねねリズムバースデーライブ！【 桃鈴ねね / hololive 】",
    "channel": "Nene Ch.桃鈴ねね",
    "filename_stem": "【 #桃鈴ねね誕生日Live2025 】ゲストあり！新衣装お披露目あり！ねねリズムバースデーライブ！【 桃鈴ねね ⧸ hololive 】 [d-Ua7CIU34I]",
    "available": true,
    "is_local": false
  },
  "server": "bffe7abf5bec81d5d16cfe0856d1d8e6a7c62118d3dcdd601905060f033c5be0",
  "time": 1770139923
}