{
  "video": {
    "id": "mlsJvmN-z74",
    "url": "https://www.youtube.com/watch?v=mlsJvmN-z74",
    "title": "【 #桃鈴ねね生誕祭2024 】ムシキングとラブベリ実機で遊んでみた‼ライブパートもあるよん‼【桃鈴ねね/hololive】",
    "channel": "Nene Ch.桃鈴ねね",
    "filename_stem": "【 #桃鈴ねね生誕祭2024 】ムシキングとラブベリ実機で遊んでみた‼ライブパートもあるよん‼【桃鈴ねね⧸hololive】 [mlsJvmN-z74]",
    "available": true,
    "is_local": false
  },
  "server": "b5c979abfc7b9ec43e02a07782bde79e49990f01249be10041fd5f9e1f1b501a",
  "time": 1770286456
}