{
  "video": {
    "id": "YeUkeAq1Dqg",
    "url": "https://www.youtube.com/watch?v=YeUkeAq1Dqg",
    "title": "【 #桃鈴ねね3D 】🍑桃鈴ねね3Dお披露目！🍑【ホロライブ/桃鈴ねね】",
    "channel": "Nene Ch.桃鈴ねね",
    "filename_stem": "【 #桃鈴ねね3D 】🍑桃鈴ねね3Dお披露目！🍑【ホロライブ⧸桃鈴ねね】 [YeUkeAq1Dqg]",
    "available": true,
    "is_local": false
  },
  "server": "bffe7abf5bec81d5d16cfe0856d1d8e6a7c62118d3dcdd601905060f033c5be0",
  "time": 1771225439
}