{
  "video": {
    "id": "V761LnbkXYQ",
    "url": "https://www.youtube.com/watch?v=V761LnbkXYQ",
    "title": "【 ゲスト多数！新髪型お披露目！ 】#さくらみこ5周年 記念アイドルLIVE🌊アイドルよ🌟あてんしょんぷりーず！【ホロライブ/さくらみこ】",
    "channel": "Miko Ch. さくらみこ",
    "filename_stem": "【 ゲスト多数！新髪型お披露目！ 】#さくらみこ5周年 記念アイドルLIVE🌊アイドルよ🌟あてんしょんぷりーず！【ホロライブ⧸さくらみこ】 [V761LnbkXYQ]",
    "available": true,
    "is_local": false
  },
  "server": "bffe7abf5bec81d5d16cfe0856d1d8e6a7c62118d3dcdd601905060f033c5be0",
  "time": 1770429716
}