{
  "video": {
    "id": "TgiT1DQe_io",
    "url": "https://www.youtube.com/watch?v=TgiT1DQe_io",
    "title": "【 #角巻わため1周年 】角巻わため 1st Anniversary Live Fever!!🌟【ホロライブ４期生】",
    "channel": "Watame Ch. 角巻わため",
    "filename_stem": "【 #角巻わため1周年 】角巻わため 1st Anniversary Live Fever!!🌟【ホロライブ４期生】 [TgiT1DQe_io]",
    "available": true,
    "is_local": false
  },
  "server": "bffe7abf5bec81d5d16cfe0856d1d8e6a7c62118d3dcdd601905060f033c5be0",
  "time": 1771495293
}