{
  "video": {
    "id": "pChQkIDyOJA",
    "url": "https://www.youtube.com/watch?v=pChQkIDyOJA",
    "title": "【 チラ見せ】大神ミオ 1st Live.「Our Sparkle」ぴあアリーナMM",
    "channel": "Mio Channel 大神ミオ",
    "filename_stem": "【 チラ見せ】大神ミオ 1st Live.「Our Sparkle」ぴあアリーナMM [pChQkIDyOJA]",
    "available": true
  },
  "server": "46b43c4506cb5b8ea0a7b881443637a767fcacecdd256b088cb8106192819879",
  "time": 1770072695
}