{
  "video": {
    "id": "cBQ2UD4LusU",
    "url": "https://www.youtube.com/watch?v=cBQ2UD4LusU",
    "title": "【 3DLIVE 】3rd Anniversary LIVE Shine more!!! 【#さくらみこ３周年LIVE】",
    "channel": "Miko Ch. さくらみこ",
    "filename_stem": "【 3DLIVE 】3rd Anniversary LIVE Shine more!!! 【#さくらみこ３周年LIVE】 [cBQ2UD4LusU]",
    "available": true,
    "is_local": false
  },
  "server": "bffe7abf5bec81d5d16cfe0856d1d8e6a7c62118d3dcdd601905060f033c5be0",
  "time": 1771182345
}