{
  "job": {
    "uploader_id": "Unknown",
    "file": "【 3D LIVE 】ゲストもたくさん❕重大告知アリ❕みんなで楽しも🍙💜💜【 #猫又おかゆ生誕祭2026 】 [rYpbqdD1oiQ]",
    "video_id": "rYpbqdD1oiQ",
    "url": "https://www.youtube.com/watch?v=rYpbqdD1oiQ",
    "title": "【 3D LIVE 】ゲストもたくさん❕重大告知アリ❕みんなで楽しも🍙💜💜【 #猫又おかゆ生誕祭2026 】"
  },
  "server": "46b43c4506cb5b8ea0a7b881443637a767fcacecdd256b088cb8106192819879",
  "time": 1772191237
}