{
  "video": {
    "id": "abXN62S7pyU",
    "url": "https://www.youtube.com/watch?v=abXN62S7pyU",
    "title": "【 #ラプラス2周年LIVE 】アイドルLIVE！？やります！🔥 [ 超最強ゲスト多数参戦！]【3D LIVE】",
    "channel": "Laplus ch. ラプラス・ダークネス - holoX -",
    "filename_stem": "【 #ラプラス2周年LIVE 】アイドルLIVE！？やります！🔥 [ 超最強ゲスト多数参戦！]【3D LIVE】 [abXN62S7pyU]",
    "available": true,
    "is_local": false
  },
  "server": "bffe7abf5bec81d5d16cfe0856d1d8e6a7c62118d3dcdd601905060f033c5be0",
  "time": 1770319997
}