{
  "video": {
    "id": "E8HL1I2C_ZQ",
    "url": "https://www.youtube.com/watch?v=E8HL1I2C_ZQ",
    "title": "【 告知あり 】沙花叉アニソンフェス開催！2周年もありがとう！#沙花叉アニソンフェス 【沙花叉クロヱ/ホロライブ】",
    "channel": "Chloe ch. 沙花叉クロヱ - holoX -",
    "filename_stem": "【 告知あり 】沙花叉アニソンフェス開催！2周年もありがとう！#沙花叉アニソンフェス 【沙花叉クロヱ⧸ホロライブ】 [E8HL1I2C_ZQ]",
    "available": true,
    "is_local": false
  },
  "server": "46b43c4506cb5b8ea0a7b881443637a767fcacecdd256b088cb8106192819879",
  "time": 1770317597
}