{
  "video": {
    "id": "GEgMPHX6_c8",
    "url": "https://www.youtube.com/watch?v=GEgMPHX6_c8",
    "title": "【 #大空スバル５周年 】大空スバル５周年記念ライブ ～ 5th Anniversary Live Stellar Symphony ～【ホロライブ/大空スバル】",
    "channel": "Subaru Ch. 大空スバル",
    "filename_stem": "【 #大空スバル５周年 】大空スバル５周年記念ライブ ～ 5th Anniversary Live Stellar Symphony ～【ホロライブ⧸大空スバル】 [GEgMPHX6_c8]",
    "available": true,
    "is_local": false
  },
  "server": "46b43c4506cb5b8ea0a7b881443637a767fcacecdd256b088cb8106192819879",
  "time": 1770288815
}