{
  "video": {
    "id": "f5QgEZjH53Y",
    "url": "https://www.youtube.com/watch?v=f5QgEZjH53Y",
    "title": "【 #らでん生誕祭2025 】初！生誕ライブ～ここで出会ったのもなにかのご縁～【儒烏風亭らでん #ReGLOSS 】",
    "channel": "Raden Ch. 儒烏風亭らでん ‐ ReGLOSS",
    "filename_stem": "【 #らでん生誕祭2025 】初！生誕ライブ～ここで出会ったのもなにかのご縁～【儒烏風亭らでん #ReGLOSS 】 [f5QgEZjH53Y]",
    "available": true,
    "is_local": false
  },
  "server": "bffe7abf5bec81d5d16cfe0856d1d8e6a7c62118d3dcdd601905060f033c5be0",
  "time": 1770168738
}