{
  "video": {
    "id": "lJLs49hA84g",
    "url": "https://www.youtube.com/watch?v=lJLs49hA84g",
    "title": "【 3D LIVE 】#みこちDAIDAIDAI重大発表 するぞぉおおおおおおおお‼🌸🎉【ホロライブ/さくらみこ】",
    "channel": "Miko Ch. さくらみこ",
    "filename_stem": "【 3D LIVE 】#みこちDAIDAIDAI重大発表 するぞぉおおおおおおおお‼🌸🎉【ホロライブ⧸さくらみこ】 [lJLs49hA84g]",
    "available": true,
    "is_local": false
  },
  "server": "46b43c4506cb5b8ea0a7b881443637a767fcacecdd256b088cb8106192819879",
  "time": 1770256400
}