{
  "video": {
    "id": "pmWH-wAJYRE",
    "url": "https://www.youtube.com/watch?v=pmWH-wAJYRE",
    "title": "【 #常闇トワ6周年記念LIVE 】ROCK Festa !!!【 3DLIVE 】",
    "channel": "Towa Ch.Tokoyami Towa",
    "filename_stem": "【 #常闇トワ6周年記念LIVE 】ROCK Festa !!!【 3DLIVE 】 [pmWH-wAJYRE]",
    "available": true
  },
  "server": "bffe7abf5bec81d5d16cfe0856d1d8e6a7c62118d3dcdd601905060f033c5be0",
  "time": 1770046286
}