{
  "video": {
    "id": "o8PZa10DymU",
    "url": "https://www.youtube.com/watch?v=o8PZa10DymU",
    "title": "【 #姫森ルーナ4周年記念LIVE 】Moon Galaxy🌙 4th Anniversary 3D LIVE !!【ホロライブ】",
    "channel": "Luna Ch. 姫森ルーナ",
    "filename_stem": "【 #姫森ルーナ4周年記念LIVE 】Moon Galaxy🌙 4th Anniversary 3D LIVE !!【ホロライブ】 [o8PZa10DymU]",
    "available": true,
    "is_local": false
  },
  "server": "46b43c4506cb5b8ea0a7b881443637a767fcacecdd256b088cb8106192819879",
  "time": 1770272777
}