{
  "video": {
    "id": "3UVUtXHOtV4",
    "url": "https://www.youtube.com/watch?v=3UVUtXHOtV4",
    "title": "【 #姫森ルーナ2周年記念LIVE 】みんなへ感謝の気持ち届けたいのら！✨2nd Anniversary 3D LIVE !!💜【ホロライブ】",
    "channel": "Luna Ch. 姫森ルーナ",
    "filename_stem": "【 #姫森ルーナ2周年記念LIVE 】みんなへ感謝の気持ち届けたいのら！✨2nd Anniversary 3D LIVE !!💜【ホロライブ】 [3UVUtXHOtV4]",
    "available": true,
    "is_local": false
  },
  "server": "bffe7abf5bec81d5d16cfe0856d1d8e6a7c62118d3dcdd601905060f033c5be0",
  "time": 1771112397
}