{
  "video": {
    "id": "WY26Jo2P9OU",
    "url": "https://www.youtube.com/watch?v=WY26Jo2P9OU",
    "title": "【 生誕祭 / 3D LIVE 】Cute Is Justice !!!【 #姫森ルーナ生誕祭2023 】",
    "channel": "Luna Ch. 姫森ルーナ",
    "filename_stem": "【 生誕祭 ⧸ 3D LIVE 】Cute Is Justice !!!【 #姫森ルーナ生誕祭2023 】 [WY26Jo2P9OU]",
    "available": true,
    "is_local": false
  },
  "server": "46b43c4506cb5b8ea0a7b881443637a767fcacecdd256b088cb8106192819879",
  "time": 1770331977
}