{
  "video": {
    "id": "etiR9Qnqlmc",
    "url": "https://www.youtube.com/watch?v=etiR9Qnqlmc",
    "title": "【 3DLIVE 】#アキロゼ生誕祭2025 ーYour True Colorsー【ホロライブ/アキ・ローゼンタール】",
    "channel": "アキロゼCh。Vtuber/ホロライブ所属",
    "filename_stem": "【 3DLIVE 】#アキロゼ生誕祭2025 ーYour True Colorsー【ホロライブ⧸アキ・ローゼンタール】 [etiR9Qnqlmc]",
    "available": true,
    "is_local": false
  },
  "server": "b5c979abfc7b9ec43e02a07782bde79e49990f01249be10041fd5f9e1f1b501a",
  "time": 1770161629
}