{
  "video": {
    "id": "d4l17lJKhDE",
    "url": "https://www.youtube.com/watch?v=d4l17lJKhDE",
    "title": "【 ＃百鬼あやめ生誕祭2024】Dream Festival‼ ～Nakiriayame 7th BirthDay～【百鬼あやめ/ホロライブ】",
    "channel": "Nakiri Ayame Ch. 百鬼あやめ",
    "filename_stem": "【 ＃百鬼あやめ生誕祭2024】Dream Festival‼ ～Nakiriayame 7th BirthDay～【百鬼あやめ⧸ホロライブ】 [d4l17lJKhDE]",
    "available": true,
    "is_local": false
  },
  "server": "bffe7abf5bec81d5d16cfe0856d1d8e6a7c62118d3dcdd601905060f033c5be0",
  "time": 1770190424
}