{
  "video": {
    "id": "FOai83VIogA",
    "url": "https://www.youtube.com/watch?v=FOai83VIogA",
    "title": "【 ＃百鬼あやめ生誕祭2023 】Nakiriayame 6th BirthDay  ～Shoot the heart～",
    "channel": "Nakiri Ayame Ch. 百鬼あやめ",
    "filename_stem": "【 ＃百鬼あやめ生誕祭2023 】Nakiriayame 6th BirthDay  ～Shoot the heart～ [FOai83VIogA]",
    "available": true,
    "is_local": false
  },
  "server": "46b43c4506cb5b8ea0a7b881443637a767fcacecdd256b088cb8106192819879",
  "time": 1770308731
}