{
  "video": {
    "id": "jtQy1xURcuQ",
    "url": "https://www.youtube.com/watch?v=jtQy1xURcuQ",
    "title": "【 #姫森ルーナ生誕LIVE2025 】Luna RebirthDay !! 💗 BIRTHDAY 3D LIVE【ホロライブ】",
    "channel": "Luna Ch. 姫森ルーナ",
    "filename_stem": "【 #姫森ルーナ生誕LIVE2025 】Luna RebirthDay !! 💗 BIRTHDAY 3D LIVE【ホロライブ】 [jtQy1xURcuQ]",
    "available": true
  },
  "server": "b5c979abfc7b9ec43e02a07782bde79e49990f01249be10041fd5f9e1f1b501a",
  "time": 1770064967
}