{
  "video": {
    "id": "2Qaek3gXDgg",
    "url": "https://www.youtube.com/watch?v=2Qaek3gXDgg",
    "title": "【 3DLIVE 】雪花ラミィ 2nd Anniversary Live!!! \"Fleur\"【 #雪花ラミィ2周年LIVE  】",
    "channel": "Lamy Ch. 雪花ラミィ",
    "filename_stem": "【 3DLIVE 】雪花ラミィ 2nd Anniversary Live!!! ＂Fleur＂【 #雪花ラミィ2周年LIVE  】 [2Qaek3gXDgg]",
    "available": true,
    "is_local": false
  },
  "server": "bffe7abf5bec81d5d16cfe0856d1d8e6a7c62118d3dcdd601905060f033c5be0",
  "time": 1771007738
}