{
  "video": {
    "id": "vlqVuLuZl00",
    "url": "https://www.youtube.com/watch?v=vlqVuLuZl00",
    "title": "【 #姫森ルーナ誕生祭2022 】Loyalty To Luna 💗 BIRTHDAY 3D LIVE【ホロライブ】",
    "channel": "Luna Ch. 姫森ルーナ",
    "filename_stem": "【 #姫森ルーナ誕生祭2022 】Loyalty To Luna 💗 BIRTHDAY 3D LIVE【ホロライブ】 [vlqVuLuZl00]",
    "available": true,
    "is_local": false
  },
  "server": "bffe7abf5bec81d5d16cfe0856d1d8e6a7c62118d3dcdd601905060f033c5be0",
  "time": 1770692512
}