{
  "video": {
    "id": "PlC7enNzbgE",
    "url": "https://www.youtube.com/watch?v=PlC7enNzbgE",
    "title": "【 3D LIVE 】ゲスト多数 &告知あり！さくらみこ生誕祭2025 \" Re:member colors \" 🌸【 #さくらみこ生誕祭 】",
    "channel": "Miko Ch. さくらみこ",
    "filename_stem": "【 3D LIVE 】ゲスト多数 &告知あり！さくらみこ生誕祭2025 ＂ Re：member colors ＂ 🌸【 #さくらみこ生誕祭 】 [PlC7enNzbgE]",
    "available": true,
    "is_local": false
  },
  "server": "bffe7abf5bec81d5d16cfe0856d1d8e6a7c62118d3dcdd601905060f033c5be0",
  "time": 1770152639
}