{
  "video": {
    "id": "Y_n8tWcMFj8",
    "url": "https://www.youtube.com/watch?v=Y_n8tWcMFj8",
    "title": "【 #桃鈴ねね誕生日2023 】3D LIVE✨毎日誰かの誕生日！重大発表あり！【 桃鈴ねね / ホロライブ 】",
    "channel": "Nene Ch.桃鈴ねね",
    "filename_stem": "【 #桃鈴ねね誕生日2023 】3D LIVE✨毎日誰かの誕生日！重大発表あり！【 桃鈴ねね ⧸ ホロライブ 】 [Y_n8tWcMFj8]",
    "available": true,
    "is_local": false
  },
  "server": "bffe7abf5bec81d5d16cfe0856d1d8e6a7c62118d3dcdd601905060f033c5be0",
  "time": 1770594342
}