{
  "video": {
    "id": "VzozxWBBVJA",
    "url": "https://www.youtube.com/watch?v=VzozxWBBVJA",
    "title": "【 #ねぽらぼアイドル衣装 】雪花ラミィのアイドル衣装お披露目！【雪花ラミィ/ホロライブ】",
    "channel": "Lamy Ch. 雪花ラミィ",
    "filename_stem": "【 #ねぽらぼアイドル衣装 】雪花ラミィのアイドル衣装お披露目！【雪花ラミィ⧸ホロライブ】 [VzozxWBBVJA]",
    "available": true,
    "is_local": false
  },
  "server": "bffe7abf5bec81d5d16cfe0856d1d8e6a7c62118d3dcdd601905060f033c5be0",
  "time": 1771085086
}