{
  "video": {
    "id": "uRa-uLMea7w",
    "url": "https://www.youtube.com/watch?v=uRa-uLMea7w",
    "title": "【 #百鬼あやめ7周年新衣装3D 】百鬼あやめ７周年記念ライブ  ～天女繚華～ 【百鬼あやめ/ホロライブ】",
    "channel": "Nakiri Ayame Ch. 百鬼あやめ",
    "filename_stem": "【 #百鬼あやめ7周年新衣装3D 】百鬼あやめ７周年記念ライブ  ～天女繚華～ 【百鬼あやめ⧸ホロライブ】 [uRa-uLMea7w]",
    "available": true
  },
  "server": "bffe7abf5bec81d5d16cfe0856d1d8e6a7c62118d3dcdd601905060f033c5be0",
  "time": 1770075086
}