{
  "video": {
    "id": "wg4-Un6zTiU",
    "url": "https://www.youtube.com/watch?v=wg4-Un6zTiU",
    "title": "【 #博衣こより2周年ライブ 】想い出をライブで届けるMemories & Future!! ＜ゲスト多数！感謝✨＞【3D LIVE】",
    "channel": "Koyori ch. 博衣こより - holoX -",
    "filename_stem": "【 #博衣こより2周年ライブ 】想い出をライブで届けるMemories & Future!! ＜ゲスト多数！感謝✨＞【3D LIVE】 [wg4-Un6zTiU]",
    "available": true,
    "is_local": false
  },
  "server": "bffe7abf5bec81d5d16cfe0856d1d8e6a7c62118d3dcdd601905060f033c5be0",
  "time": 1770318225
}