{
  "video": {
    "id": "oU85vmx7jn8",
    "url": "https://www.youtube.com/watch?v=oU85vmx7jn8",
    "title": "【 重大告知あり‼ 】#鷹嶺ルイ2周年LIVE 『ANIMAL』【3D LIVE】",
    "channel": "Lui ch. 鷹嶺ルイ - holoX -",
    "filename_stem": "【 重大告知あり‼ 】#鷹嶺ルイ2周年LIVE 『ANIMAL』【3D LIVE】 [oU85vmx7jn8]",
    "available": true,
    "is_local": false
  },
  "server": "46b43c4506cb5b8ea0a7b881443637a767fcacecdd256b088cb8106192819879",
  "time": 1770319455
}