{
  "video": {
    "id": "tJqCyCoZ4wA",
    "url": "https://www.youtube.com/watch?v=tJqCyCoZ4wA",
    "title": "【 #ねぽらぼアイドル衣装 】告知もあるよ！獅白ぼたんのアイドル衣装お披露目！【獅白ぼたん/ホロライブ】",
    "channel": "Botan Ch.獅白ぼたん",
    "filename_stem": "【 #ねぽらぼアイドル衣装 】告知もあるよ！獅白ぼたんのアイドル衣装お披露目！【獅白ぼたん⧸ホロライブ】 [tJqCyCoZ4wA]",
    "available": true,
    "is_local": false
  },
  "server": "bffe7abf5bec81d5d16cfe0856d1d8e6a7c62118d3dcdd601905060f033c5be0",
  "time": 1771083380
}