{
  "video": {
    "id": "mt8AyISL9Ig",
    "url": "https://www.youtube.com/watch?v=mt8AyISL9Ig",
    "title": "【 3D LIVE 】The First Note【 #⁠音乃瀬奏生誕祭2025 】#hololiveDEV_IS #ReGLOSS",
    "channel": "Kanade Ch. 音乃瀬奏 ‐ ReGLOSS",
    "filename_stem": "【 3D LIVE 】The First Note【 #⁠音乃瀬奏生誕祭2025 】#hololiveDEV_IS #ReGLOSS [mt8AyISL9Ig]",
    "available": true,
    "is_local": false
  },
  "server": "bffe7abf5bec81d5d16cfe0856d1d8e6a7c62118d3dcdd601905060f033c5be0",
  "time": 1770131051
}