{
  "video": {
    "id": "sgK6-DedVcI",
    "url": "https://www.youtube.com/watch?v=sgK6-DedVcI",
    "title": "【 #さくらみこ正月衣装 】新春！巫女様降臨🌸お正月衣装お披露目にぇ！～重大告知あり～【ホロライブ/さくらみこ】",
    "channel": "Miko Ch. さくらみこ",
    "filename_stem": "【 #さくらみこ正月衣装 】新春！巫女様降臨🌸お正月衣装お披露目にぇ！～重大告知あり～【ホロライブ⧸さくらみこ】 [sgK6-DedVcI]",
    "available": true,
    "is_local": false
  },
  "server": "bffe7abf5bec81d5d16cfe0856d1d8e6a7c62118d3dcdd601905060f033c5be0",
  "time": 1770636853
}