{
  "video": {
    "id": "MwooDDEEHWw",
    "url": "https://www.youtube.com/watch?v=MwooDDEEHWw",
    "title": "【 #桃鈴ねね２周年 】✨3DLIVE ✨３年目もよろしくね！いっぱい告知あり🍑【 桃鈴ねね / ホロライブ 】",
    "channel": "Nene Ch.桃鈴ねね",
    "filename_stem": "【 #桃鈴ねね２周年 】✨3DLIVE ✨３年目もよろしくね！いっぱい告知あり🍑【 桃鈴ねね ⧸ ホロライブ 】 [MwooDDEEHWw]",
    "available": true,
    "is_local": false
  },
  "server": "bffe7abf5bec81d5d16cfe0856d1d8e6a7c62118d3dcdd601905060f033c5be0",
  "time": 1770690689
}