{
  "video": {
    "id": "aelRhCHNP0s",
    "url": "https://www.youtube.com/watch?v=aelRhCHNP0s",
    "title": "【 #さくらみこ4周年 】ゲストあり！Baby Dance Live 🎉4th Anniversary 3D LIVE【ホロライブ/さくらみこ】",
    "channel": "Miko Ch. さくらみこ",
    "filename_stem": "【 #さくらみこ4周年 】ゲストあり！Baby Dance Live 🎉4th Anniversary 3D LIVE【ホロライブ⧸さくらみこ】 [aelRhCHNP0s]",
    "available": true,
    "is_local": false
  },
  "server": "bffe7abf5bec81d5d16cfe0856d1d8e6a7c62118d3dcdd601905060f033c5be0",
  "time": 1771014710
}