{
  "video": {
    "id": "rvIy1IOZNtA",
    "url": "https://www.youtube.com/watch?v=rvIy1IOZNtA",
    "title": "【 #沙花叉クロヱ生誕LIVE 】沙花叉クロヱと不思議なキノコ 【ホロライブ/沙花叉クロヱ】",
    "channel": "Chloe ch. 沙花叉クロヱ - holoX -",
    "filename_stem": "【 #沙花叉クロヱ生誕LIVE 】沙花叉クロヱと不思議なキノコ 【ホロライブ⧸沙花叉クロヱ】 [rvIy1IOZNtA]",
    "available": true,
    "is_local": false
  },
  "server": "46b43c4506cb5b8ea0a7b881443637a767fcacecdd256b088cb8106192819879",
  "time": 1770263544
}