{
  "video": {
    "id": "ERIxQaoEbXs",
    "url": "https://www.youtube.com/watch?v=ERIxQaoEbXs",
    "title": "【 3D LIVE 】豪華ゲスト & 生演奏 & 告知あり！ #博衣こより生誕Live2025 -FIRST STEP- 【博衣こより/ホロライブ】",
    "channel": "Koyori ch. 博衣こより - holoX -",
    "filename_stem": "【 3D LIVE 】豪華ゲスト & 生演奏 & 告知あり！ #博衣こより生誕Live2025 -FIRST STEP- 【博衣こより⧸ホロライブ】 [ERIxQaoEbXs]",
    "available": true,
    "is_local": false
  },
  "server": "bffe7abf5bec81d5d16cfe0856d1d8e6a7c62118d3dcdd601905060f033c5be0",
  "time": 1770143573
}