{
  "video": {
    "id": "5Ney9Z_WnTU",
    "url": "https://www.youtube.com/watch?v=5Ney9Z_WnTU",
    "title": "【 3DLIVE 】ねね～ちらい～ぶ４年目もよろしくね！ゲストいっぱいでお祝い！【 #桃鈴ねねの４年目 】",
    "channel": "Nene Ch.桃鈴ねね",
    "filename_stem": "【 3DLIVE 】ねね～ちらい～ぶ４年目もよろしくね！ゲストいっぱいでお祝い！【 #桃鈴ねねの４年目 】 [5Ney9Z_WnTU]",
    "available": true,
    "is_local": false
  },
  "server": "b5c979abfc7b9ec43e02a07782bde79e49990f01249be10041fd5f9e1f1b501a",
  "time": 1770324317
}