{
  "video": {
    "id": "5gE4VLNSN1E",
    "url": "https://www.youtube.com/watch?v=5gE4VLNSN1E",
    "title": "【 #Nene1stAnniversary】✨桃鈴ねね1周年✨【3DLIVE】",
    "channel": "Nene Ch.桃鈴ねね",
    "filename_stem": "【 #Nene1stAnniversary】✨桃鈴ねね1周年✨【3DLIVE】 [5gE4VLNSN1E]",
    "available": true,
    "is_local": false
  },
  "server": "bffe7abf5bec81d5d16cfe0856d1d8e6a7c62118d3dcdd601905060f033c5be0",
  "time": 1771171362
}