{
  "video": {
    "id": "qc2owX4GFwA",
    "url": "https://www.youtube.com/watch?v=qc2owX4GFwA",
    "title": "【 #ReGLOSS3Dライブ 】Sakura Mirage / 新曲サクラミラージュ披露！【 ミニライブ 】",
    "channel": "hololive DEV_IS ReGLOSS",
    "filename_stem": "【 #ReGLOSS3Dライブ 】Sakura Mirage ⧸ 新曲サクラミラージュ披露！【 ミニライブ 】 [qc2owX4GFwA]",
    "available": true,
    "is_local": false
  },
  "server": "bffe7abf5bec81d5d16cfe0856d1d8e6a7c62118d3dcdd601905060f033c5be0",
  "time": 1770138235
}