{
  "video": {
    "id": "Cv_2tjVo-p4",
    "url": "https://www.youtube.com/watch?v=Cv_2tjVo-p4",
    "title": "【 #さくらみこ生誕祭 】BIRTHDAY PARTY 🎂 4th Virtual3DLive !!【ホロライブ/さくらみこ】",
    "channel": "Miko Ch. さくらみこ",
    "filename_stem": "【 #さくらみこ生誕祭 】BIRTHDAY PARTY 🎂 4th Virtual3DLive !!【ホロライブ⧸さくらみこ】 [Cv_2tjVo-p4]",
    "available": true,
    "is_local": false
  },
  "server": "bffe7abf5bec81d5d16cfe0856d1d8e6a7c62118d3dcdd601905060f033c5be0",
  "time": 1771090309
}