{
  "video": {
    "id": "mjXO5WWADww",
    "url": "https://www.youtube.com/watch?v=mjXO5WWADww",
    "title": "【#ラミィ生誕3Dヒーローショー】雪花ラミィ生誕３DLIVE『 ホロレンジャー』ゲスト＆告知あり！【 雪花ラミィ /ホロライブ】",
    "channel": "Lamy Ch. 雪花ラミィ",
    "filename_stem": "【#ラミィ生誕3Dヒーローショー】雪花ラミィ生誕３DLIVE『 ホロレンジャー』ゲスト＆告知あり！【 雪花ラミィ ⧸ホロライブ】 [mjXO5WWADww]",
    "available": true
  },
  "server": "46b43c4506cb5b8ea0a7b881443637a767fcacecdd256b088cb8106192819879",
  "time": 1770058292
}