{
  "video": {
    "id": "Dji-ehIz5_k",
    "url": "https://www.youtube.com/watch?v=Dji-ehIz5_k",
    "title": "【#天音かなた2周年LIVE】無料 3DLIVE 「リベンジ」/ Amane Kanata 3DLIVE \"Revenge\"【天音かなた/ホロライブ】",
    "channel": "Kanata Ch. Kanata Amane",
    "filename_stem": "【#天音かなた2周年LIVE】無料 3DLIVE 「リベンジ」⧸ Amane Kanata 3DLIVE ＂Revenge＂【天音かなた⧸ホロライブ】 [Dji-ehIz5_k]",
    "available": true,
    "is_local": false
  },
  "server": "bffe7abf5bec81d5d16cfe0856d1d8e6a7c62118d3dcdd601905060f033c5be0",
  "time": 1771117394
}