{
  "video": {
    "id": "Di8D8BvZZp0",
    "url": "https://www.youtube.com/watch?v=Di8D8BvZZp0",
    "title": "【#兎田ぺこら３周年 / 3DLIVE】Chu! Summer Party♪【ホロライブ】",
    "channel": "Pekora Ch. 兎田ぺこら",
    "filename_stem": "【#兎田ぺこら３周年 ⧸ 3DLIVE】Chu! Summer Party♪【ホロライブ】 [Di8D8BvZZp0]",
    "available": true,
    "is_local": false
  },
  "server": "bffe7abf5bec81d5d16cfe0856d1d8e6a7c62118d3dcdd601905060f033c5be0",
  "time": 1771024693
}