{
  "video": {
    "id": "UHLdoq-T-mA",
    "url": "https://www.youtube.com/watch?v=UHLdoq-T-mA",
    "title": "【#わための誕生日2021】３Ｄお誕生日パーティー！！！【角巻わため/ホロライブ４期生】",
    "channel": "Watame Ch. 角巻わため",
    "filename_stem": "【#わための誕生日2021】３Ｄお誕生日パーティー！！！【角巻わため⧸ホロライブ４期生】 [UHLdoq-T-mA]",
    "available": true,
    "is_local": false
  },
  "server": "bffe7abf5bec81d5d16cfe0856d1d8e6a7c62118d3dcdd601905060f033c5be0",
  "time": 1771214646
}