{
  "video": {
    "id": "pDLDcU3dWp8",
    "url": "https://www.youtube.com/watch?v=pDLDcU3dWp8",
    "title": "【#ひろがるホロライブDAY2】hololive 4th fes. Our Bright Parade holo*27 stage【チラ見せ】",
    "channel": "hololive ホロライブ - VTuber Group",
    "filename_stem": "【#ひろがるホロライブDAY2】hololive 4th fes. Our Bright Parade holo＊27 stage【チラ見せ】 [pDLDcU3dWp8]",
    "available": true,
    "is_local": false
  },
  "server": "bffe7abf5bec81d5d16cfe0856d1d8e6a7c62118d3dcdd601905060f033c5be0",
  "time": 1770599013
}