{
  "video": {
    "id": "7Vs-5Rwu8ks",
    "url": "https://www.youtube.com/watch?v=7Vs-5Rwu8ks",
    "title": "【#白上フブキ生誕LIVE】Congrats Birthday FOX【ホロライブ/白上フブキ】",
    "channel": "フブキCh。白上フブキ",
    "filename_stem": "【#白上フブキ生誕LIVE】Congrats Birthday FOX【ホロライブ⧸白上フブキ】 [7Vs-5Rwu8ks]",
    "available": true,
    "is_local": false
  },
  "server": "bffe7abf5bec81d5d16cfe0856d1d8e6a7c62118d3dcdd601905060f033c5be0",
  "time": 1771146256
}