{
  "video": {
    "id": "UxNqEmXGO1s",
    "url": "https://www.youtube.com/watch?v=UxNqEmXGO1s",
    "title": "【#iofiGalaxyTicket】 Welcome to! Airani iofifteen 2024 Birthday 3D Live - Galaxy Ticket",
    "channel": "Airani Iofifteen Channel hololive-ID",
    "filename_stem": "【#iofiGalaxyTicket】 Welcome to! Airani iofifteen 2024 Birthday 3D Live - Galaxy Ticket [UxNqEmXGO1s]",
    "available": true,
    "is_local": false
  },
  "server": "bffe7abf5bec81d5d16cfe0856d1d8e6a7c62118d3dcdd601905060f033c5be0",
  "time": 1770257110
}