{
  "video": {
    "id": "YOD6oVkRp9E",
    "url": "https://www.youtube.com/watch?v=YOD6oVkRp9E",
    "title": "【#2ETAnniv】 Zeta's Mini 3D Party!【Vestia Zeta / Hololive ID】",
    "channel": "Vestia Zeta Ch. hololive-ID",
    "filename_stem": "【#2ETAnniv】 Zeta's Mini 3D Party!【Vestia Zeta ⧸ Hololive ID】 [YOD6oVkRp9E]",
    "available": true,
    "is_local": false
  },
  "server": "bffe7abf5bec81d5d16cfe0856d1d8e6a7c62118d3dcdd601905060f033c5be0",
  "time": 1770273310
}