{
  "video": {
    "id": "7lJ5kdZGFgk",
    "url": "https://www.youtube.com/watch?v=7lJ5kdZGFgk",
    "title": "【#不知火フレア4周年記念LIVE】平成初期アニソン祭り【不知火フレア/ホロライブ】",
    "channel": "Flare Ch. 不知火フレア",
    "filename_stem": "【#不知火フレア4周年記念LIVE】平成初期アニソン祭り【不知火フレア⧸ホロライブ】 [7lJ5kdZGFgk]",
    "available": true,
    "is_local": false
  },
  "server": "bffe7abf5bec81d5d16cfe0856d1d8e6a7c62118d3dcdd601905060f033c5be0",
  "time": 1770402822
}