{
  "video": {
    "id": "rEXa7NyZOFY",
    "url": "https://www.youtube.com/watch?v=rEXa7NyZOFY",
    "title": "【#超ゲマズ2_day2】hololive GAMERS fes. 超超超超ゲーマーズ2【チラ見せ】",
    "channel": "hololive ホロライブ - VTuber Group",
    "filename_stem": "【#超ゲマズ2_day2】hololive GAMERS fes. 超超超超ゲーマーズ2【チラ見せ】 [rEXa7NyZOFY]",
    "available": true,
    "is_local": false
  },
  "server": "bffe7abf5bec81d5d16cfe0856d1d8e6a7c62118d3dcdd601905060f033c5be0",
  "time": 1770102385
}