{
  "video": {
    "id": "UtSY7tOqr4k",
    "url": "https://www.youtube.com/watch?v=UtSY7tOqr4k",
    "title": "【#白銀ノエル3周年記念】ゲストあり！！最高の夏の思い出LIVE🍉✨【白銀ノエル/ホロライブ】",
    "channel": "Noel Ch. 白銀ノエル",
    "filename_stem": "【#白銀ノエル3周年記念】ゲストあり！！最高の夏の思い出LIVE🍉✨【白銀ノエル⧸ホロライブ】 [UtSY7tOqr4k]",
    "available": true,
    "is_local": false
  },
  "server": "bffe7abf5bec81d5d16cfe0856d1d8e6a7c62118d3dcdd601905060f033c5be0",
  "time": 1770998626
}