{
  "video": {
    "id": "qgVPqPYGoTU",
    "url": "https://www.youtube.com/watch?v=qgVPqPYGoTU",
    "title": "【#いろはにコラボ】祝！恋情詩歌リリース記念3Dコラボ配信！",
    "channel": "hololive ホロライブ - VTuber Group",
    "filename_stem": "【#いろはにコラボ】祝！恋情詩歌リリース記念3Dコラボ配信！ [qgVPqPYGoTU]",
    "available": true,
    "is_local": false
  },
  "server": "bffe7abf5bec81d5d16cfe0856d1d8e6a7c62118d3dcdd601905060f033c5be0",
  "time": 1771045364
}