{
  "video": {
    "id": "lXten0BT3ZE",
    "url": "https://www.youtube.com/watch?v=lXten0BT3ZE",
    "title": "【#ReGLOSS2周年】ReGLOSS 2nd Anniversary",
    "channel": "hololive DEV_IS ReGLOSS",
    "filename_stem": "【#ReGLOSS2周年】ReGLOSS 2nd Anniversary [lXten0BT3ZE]",
    "available": true
  },
  "server": "46b43c4506cb5b8ea0a7b881443637a767fcacecdd256b088cb8106192819879",
  "time": 1770070894
}