{
  "video": {
    "id": "Si2W-gcT1Lw",
    "url": "https://www.youtube.com/watch?v=Si2W-gcT1Lw",
    "title": "【#白銀ノエル生誕祭2023】3Dバラエティ！あびゃびゃ！全国おいしい発見！～高級食材で牛丼づくりに挑む～【白銀ノエル/ホロライブ】",
    "channel": "Noel Ch. 白銀ノエル",
    "filename_stem": "【#白銀ノエル生誕祭2023】3Dバラエティ！あびゃびゃ！全国おいしい発見！～高級食材で牛丼づくりに挑む～【白銀ノエル⧸ホロライブ】 [Si2W-gcT1Lw]",
    "available": true,
    "is_local": false
  },
  "server": "46b43c4506cb5b8ea0a7b881443637a767fcacecdd256b088cb8106192819879",
  "time": 1770321111
}