{
  "video": {
    "id": "HT_HUFi8DJ4",
    "url": "https://www.youtube.com/watch?v=HT_HUFi8DJ4",
    "title": "【#Myth5years】hololive English -Myth- 5th Anniversary Concert: Fortune Spinner",
    "channel": "hololive English",
    "filename_stem": "【#Myth5years】hololive English -Myth- 5th Anniversary Concert： Fortune Spinner [HT_HUFi8DJ4]",
    "available": true
  },
  "server": "b5c979abfc7b9ec43e02a07782bde79e49990f01249be10041fd5f9e1f1b501a",
  "time": 1770070355
}