{
  "video": {
    "id": "oFn0ZypcaM8",
    "url": "https://www.youtube.com/watch?v=oFn0ZypcaM8",
    "title": "【#夏色ReSTART】BIRTHDAY 3DLIVE🎂~今日はまつりが主役~【ホロライブ/夏色まつり】",
    "channel": "Matsuri Channel 夏色まつり",
    "filename_stem": "【#夏色ReSTART】BIRTHDAY 3DLIVE🎂~今日はまつりが主役~【ホロライブ⧸夏色まつり】 [oFn0ZypcaM8]",
    "available": true,
    "is_local": false
  },
  "server": "bffe7abf5bec81d5d16cfe0856d1d8e6a7c62118d3dcdd601905060f033c5be0",
  "time": 1771021967
}