{
  "video": {
    "id": "5rns6j2eHcQ",
    "url": "https://www.youtube.com/watch?v=5rns6j2eHcQ",
    "title": "【#癒月ちょこ生誕祭2024】‐ GotCheat‐コラボ者多数！重大告知あり！3DBirthdayLIVE!!!【ホロライブ/癒月ちょこ】",
    "channel": "Choco Ch. 癒月ちょこ",
    "filename_stem": "【#癒月ちょこ生誕祭2024】‐ GotCheat‐コラボ者多数！重大告知あり！3DBirthdayLIVE!!!【ホロライブ⧸癒月ちょこ】 [5rns6j2eHcQ]",
    "available": true,
    "is_local": false
  },
  "server": "b5c979abfc7b9ec43e02a07782bde79e49990f01249be10041fd5f9e1f1b501a",
  "time": 1770293611
}