{
  "video": {
    "id": "wCblx1C_j68",
    "url": "https://www.youtube.com/watch?v=wCblx1C_j68",
    "title": "【#hololivefesEXPO25_DAY2】hololive 6th fes. Color Rise Harmony CREATORS' STAGE【チラ見せ】",
    "channel": "hololive ホロライブ - VTuber Group",
    "filename_stem": "【#hololivefesEXPO25_DAY2】hololive 6th fes. Color Rise Harmony CREATORS' STAGE【チラ見せ】 [wCblx1C_j68]",
    "available": true,
    "is_local": false
  },
  "server": "bffe7abf5bec81d5d16cfe0856d1d8e6a7c62118d3dcdd601905060f033c5be0",
  "time": 1770147116
}