{
  "video": {
    "id": "8DQWjvFBma4",
    "url": "https://www.youtube.com/watch?v=8DQWjvFBma4",
    "title": "【#ノエルのリリカルLIVE 】新たな団長を見てッ !【白銀ノエル/ホロライブ】",
    "channel": "Noel Ch. 白銀ノエル",
    "filename_stem": "【#ノエルのリリカルLIVE 】新たな団長を見てッ !【白銀ノエル⧸ホロライブ】 [8DQWjvFBma4]",
    "available": true,
    "is_local": false
  },
  "server": "bffe7abf5bec81d5d16cfe0856d1d8e6a7c62118d3dcdd601905060f033c5be0",
  "time": 1771038277
}