{
  "video": {
    "id": "SrUT9pCLlcY",
    "url": "https://www.youtube.com/watch?v=SrUT9pCLlcY",
    "title": "【#AZKi新ビジュアルお披露目】4th Anniversary Live \"Pages\" 活動4周年記念ライブ【ホロライブ/AZKi】",
    "channel": "AZKi Channel",
    "filename_stem": "【#AZKi新ビジュアルお披露目】4th Anniversary Live ＂Pages＂ 活動4周年記念ライブ【ホロライブ⧸AZKi】 [SrUT9pCLlcY]",
    "available": true,
    "is_local": false
  },
  "server": "bffe7abf5bec81d5d16cfe0856d1d8e6a7c62118d3dcdd601905060f033c5be0",
  "time": 1770683102
}