{
  "video": {
    "id": "knb_mosTUvo",
    "url": "https://www.youtube.com/watch?v=knb_mosTUvo",
    "title": "【#常闇トワ3周年記念LIVE】MIX2 - 私の居場所 - 【3DLIVE】",
    "channel": "Towa Ch.Tokoyami Towa",
    "filename_stem": "【#常闇トワ3周年記念LIVE】MIX2 - 私の居場所 - 【3DLIVE】 [knb_mosTUvo]",
    "available": true,
    "is_local": false
  },
  "server": "bffe7abf5bec81d5d16cfe0856d1d8e6a7c62118d3dcdd601905060f033c5be0",
  "time": 1770635013
}