{
  "video": {
    "id": "XxpA1P062Q0",
    "url": "https://www.youtube.com/watch?v=XxpA1P062Q0",
    "title": "【#つながるホロライブ】ねぽらぼみんなでアイドル衣装お披露目！【#ねぽらぼアイドル衣装】",
    "channel": "hololive ホロライブ - VTuber Group",
    "filename_stem": "【#つながるホロライブ】ねぽらぼみんなでアイドル衣装お披露目！【#ねぽらぼアイドル衣装】 [XxpA1P062Q0]",
    "available": true,
    "is_local": false
  },
  "server": "bffe7abf5bec81d5d16cfe0856d1d8e6a7c62118d3dcdd601905060f033c5be0",
  "time": 1771081543
}