{
  "video": {
    "id": "_xL58zG9k5k",
    "url": "https://www.youtube.com/watch?v=_xL58zG9k5k",
    "title": "【#あくシオ3Dライブ】おうたのはっぴょうかい！【ホロライブ/湊あくあ・紫咲シオン】",
    "channel": "Aqua Ch. 湊あくあ",
    "filename_stem": "【#あくシオ3Dライブ】おうたのはっぴょうかい！【ホロライブ⧸湊あくあ・紫咲シオン】 [_xL58zG9k5k]",
    "available": true,
    "is_local": false
  },
  "server": "bffe7abf5bec81d5d16cfe0856d1d8e6a7c62118d3dcdd601905060f033c5be0",
  "time": 1771155262
}