{
  "video": {
    "id": "IZDRnl38gvY",
    "url": "https://www.youtube.com/watch?v=IZDRnl38gvY",
    "title": "【#ときのそらお披露目誕生日2025】うれしい告知あり！ゲストあり！理想のライブはここにある【ホロライブ/ときのそら】",
    "channel": "SoraCh. ときのそらチャンネル",
    "filename_stem": "【#ときのそらお披露目誕生日2025】うれしい告知あり！ゲストあり！理想のライブはここにある【ホロライブ⧸ときのそら】 [IZDRnl38gvY]",
    "available": true,
    "is_local": false
  },
  "server": "bffe7abf5bec81d5d16cfe0856d1d8e6a7c62118d3dcdd601905060f033c5be0",
  "time": 1770120119
}