{
  "video": {
    "id": "mhvHZpK-9Ss",
    "url": "https://www.youtube.com/watch?v=mhvHZpK-9Ss",
    "title": "【#大空スバル３周年】おまたせ！今日はたのしんでってな～！！！！：SUBARU 3rd anniversary Live【ホロライブ】",
    "channel": "Subaru Ch. 大空スバル",
    "filename_stem": "【#大空スバル３周年】おまたせ！今日はたのしんでってな～！！！！：SUBARU 3rd anniversary Live【ホロライブ】 [mhvHZpK-9Ss]",
    "available": true,
    "is_local": false
  },
  "server": "bffe7abf5bec81d5d16cfe0856d1d8e6a7c62118d3dcdd601905060f033c5be0",
  "time": 1771144299
}