{
  "video": {
    "id": "E2D_YFRHFG8",
    "url": "https://www.youtube.com/watch?v=E2D_YFRHFG8",
    "title": "【#兎田ぺこら6周年記念LIVE】周年3D LIVE！ぺこらRUSH！！！！！！！ぺこ！【ホロライブ/兎田ぺこら】",
    "channel": "Pekora Ch. 兎田ぺこら",
    "filename_stem": "【#兎田ぺこら6周年記念LIVE】周年3D LIVE！ぺこらRUSH！！！！！！！ぺこ！【ホロライブ⧸兎田ぺこら】 [E2D_YFRHFG8]",
    "available": true
  },
  "server": "46b43c4506cb5b8ea0a7b881443637a767fcacecdd256b088cb8106192819879",
  "time": 1770076294
}