{
  "video": {
    "id": "a4T91LLjjJw",
    "url": "https://www.youtube.com/watch?v=a4T91LLjjJw",
    "title": "【#尾丸ポルカ生誕祭2025】PuPPet~ポルカのおもちゃ箱~【尾丸ポルカ/ホロライブ】",
    "channel": "Polka Ch. 尾丸ポルカ",
    "filename_stem": "【#尾丸ポルカ生誕祭2025】PuPPet~ポルカのおもちゃ箱~【尾丸ポルカ⧸ホロライブ】 [a4T91LLjjJw]",
    "available": true,
    "is_local": false
  },
  "server": "bffe7abf5bec81d5d16cfe0856d1d8e6a7c62118d3dcdd601905060f033c5be0",
  "time": 1770174093
}