{
  "video": {
    "id": "fzlZDM_M5bk",
    "url": "https://www.youtube.com/watch?v=fzlZDM_M5bk",
    "title": "【#SSholoX1周年】世界の全てを見せてやろう【お披露目満載！？】",
    "channel": "hololive ホロライブ - VTuber Group",
    "filename_stem": "【#SSholoX1周年】世界の全てを見せてやろう【お披露目満載！？】 [fzlZDM_M5bk]",
    "available": true,
    "is_local": false
  },
  "server": "bffe7abf5bec81d5d16cfe0856d1d8e6a7c62118d3dcdd601905060f033c5be0",
  "time": 1770651325
}