{
  "video": {
    "id": "y-gW-iI1eAo",
    "url": "https://www.youtube.com/watch?v=y-gW-iI1eAo",
    "title": "【#鷹嶺ルイ1周年LIVE】Growth ーこれが私の成長ー【3D LIVE】",
    "channel": "Lui ch. 鷹嶺ルイ - holoX -",
    "filename_stem": "【#鷹嶺ルイ1周年LIVE】Growth ーこれが私の成長ー【3D LIVE】 [y-gW-iI1eAo]",
    "available": true,
    "is_local": false
  },
  "server": "bffe7abf5bec81d5d16cfe0856d1d8e6a7c62118d3dcdd601905060f033c5be0",
  "time": 1770669216
}