{
  "video": {
    "id": "ywvR52V7HiI",
    "url": "https://www.youtube.com/watch?v=ywvR52V7HiI",
    "title": "【#尾丸ポルカ生誕祭】ポルカプロデュース!最強アイドルグループ3DLIVE!",
    "channel": "Polka Ch. 尾丸ポルカ",
    "filename_stem": "【#尾丸ポルカ生誕祭】ポルカプロデュース!最強アイドルグループ3DLIVE! [ywvR52V7HiI]",
    "available": true,
    "is_local": false
  },
  "server": "bffe7abf5bec81d5d16cfe0856d1d8e6a7c62118d3dcdd601905060f033c5be0",
  "time": 1771106513
}