{
  "video": {
    "id": "YDGTXBpUPWQ",
    "url": "https://www.youtube.com/watch?v=YDGTXBpUPWQ",
    "title": "【#帰ってきたカレーメシサマー】夏はやっぱりカレーメシ！！Animelo Summer Live2022【SPECIAL OPENING ACT】",
    "channel": "hololive ホロライブ - VTuber Group",
    "filename_stem": "【#帰ってきたカレーメシサマー】夏はやっぱりカレーメシ！！Animelo Summer Live2022【SPECIAL OPENING ACT】 [YDGTXBpUPWQ]",
    "available": true,
    "is_local": false
  },
  "server": "bffe7abf5bec81d5d16cfe0856d1d8e6a7c62118d3dcdd601905060f033c5be0",
  "time": 1770989627
}