{
  "video": {
    "id": "gL6HizKO-Gc",
    "url": "https://www.youtube.com/watch?v=gL6HizKO-Gc",
    "title": "【#ときのそらお披露目生誕祭】アイドルになりたいわたしの生誕祭！【ホロライブ/ときのそら】",
    "channel": "SoraCh. ときのそらチャンネル",
    "filename_stem": "【#ときのそらお披露目生誕祭】アイドルになりたいわたしの生誕祭！【ホロライブ⧸ときのそら】 [gL6HizKO-Gc]",
    "available": true,
    "is_local": false
  },
  "server": "bffe7abf5bec81d5d16cfe0856d1d8e6a7c62118d3dcdd601905060f033c5be0",
  "time": 1770264135
}