{
  "video": {
    "id": "jYWhdr73i6A",
    "url": "https://www.youtube.com/watch?v=jYWhdr73i6A",
    "title": "【#鷹嶺ルイ3D】アーカイブ復活！！！これが私の成長の軌跡🥀【鷹嶺ルイ/ホロライブ】",
    "channel": "Lui ch. 鷹嶺ルイ - holoX -",
    "filename_stem": "【#鷹嶺ルイ3D】アーカイブ復活！！！これが私の成長の軌跡🥀【鷹嶺ルイ⧸ホロライブ】 [jYWhdr73i6A]",
    "available": true,
    "is_local": false
  },
  "server": "bffe7abf5bec81d5d16cfe0856d1d8e6a7c62118d3dcdd601905060f033c5be0",
  "time": 1771040042
}