{
  "video": {
    "id": "XuQm_HL2ntg",
    "url": "https://www.youtube.com/watch?v=XuQm_HL2ntg",
    "title": "【#hololivefesEXPO24_DAY2】hololive 5th fes. Capture the Moment HoneyWorks stage DAY2【チラ見せ】",
    "channel": "hololive ホロライブ - VTuber Group",
    "filename_stem": "【#hololivefesEXPO24_DAY2】hololive 5th fes. Capture the Moment HoneyWorks stage DAY2【チラ見せ】 [XuQm_HL2ntg]",
    "available": true,
    "is_local": false
  },
  "server": "46b43c4506cb5b8ea0a7b881443637a767fcacecdd256b088cb8106192819879",
  "time": 1770276121
}