{
  "video": {
    "id": "Of2b9eBHFS4",
    "url": "https://www.youtube.com/watch?v=Of2b9eBHFS4",
    "title": "【#ひろがるホロライブDAY1】hololive 4th fes. Our Bright Parade hololive stage DAY1【チラ見せ】",
    "channel": "hololive ホロライブ - VTuber Group",
    "filename_stem": "【#ひろがるホロライブDAY1】hololive 4th fes. Our Bright Parade hololive stage DAY1【チラ見せ】 [Of2b9eBHFS4]",
    "available": true,
    "is_local": false
  },
  "server": "bffe7abf5bec81d5d16cfe0856d1d8e6a7c62118d3dcdd601905060f033c5be0",
  "time": 1770600764
}