{
  "video": {
    "id": "88APiRAcQcc",
    "url": "https://www.youtube.com/watch?v=88APiRAcQcc",
    "title": "【#はあちゃま生誕祭2021】🤪👆💫お誕生日3DLIVE💫👆🤪【はあちゃま/ホロライブ】",
    "channel": "HAACHAMA Ch 赤井はあと",
    "filename_stem": "【#はあちゃま生誕祭2021】🤪👆💫お誕生日3DLIVE💫👆🤪【はあちゃま⧸ホロライブ】 [88APiRAcQcc]",
    "available": true,
    "is_local": false
  },
  "server": "bffe7abf5bec81d5d16cfe0856d1d8e6a7c62118d3dcdd601905060f033c5be0",
  "time": 1771131766
}