{
  "video": {
    "id": "W0lICCjnuDs",
    "url": "https://www.youtube.com/watch?v=W0lICCjnuDs",
    "title": "【#Kiara3DBirbday】DANCING TILL DAWN! 3D Birthday Concert!✨✨",
    "channel": "Takanashi Kiara Ch. hololive-EN",
    "filename_stem": "【#Kiara3DBirbday】DANCING TILL DAWN! 3D Birthday Concert!✨✨ [W0lICCjnuDs]",
    "available": true,
    "is_local": false
  },
  "server": "bffe7abf5bec81d5d16cfe0856d1d8e6a7c62118d3dcdd601905060f033c5be0",
  "time": 1771025488
}