{
  "video": {
    "id": "4RYbmR8oJHw",
    "url": "https://www.youtube.com/watch?v=4RYbmR8oJHw",
    "title": "【#紫咲シオン卒業LIVE】最大の感謝を込めて。【MurasakiShion Graduation LIVE】",
    "channel": "Shion Ch. 紫咲シオン",
    "filename_stem": "【#紫咲シオン卒業LIVE】最大の感謝を込めて。【MurasakiShion Graduation LIVE】 [4RYbmR8oJHw]",
    "available": true,
    "is_local": false
  },
  "server": "b5c979abfc7b9ec43e02a07782bde79e49990f01249be10041fd5f9e1f1b501a",
  "time": 1770124461
}