{
  "video": {
    "id": "215Bq5oo9Bw",
    "url": "https://www.youtube.com/watch?v=215Bq5oo9Bw",
    "title": "【#雪花ラミィ3周年LIVE】ラミィの『大好き』詰め合わせ！Lamy＊Love♡Fest☆【雪花ラミィ/ホロライブ】",
    "channel": "Lamy Ch. 雪花ラミィ",
    "filename_stem": "【#雪花ラミィ3周年LIVE】ラミィの『大好き』詰め合わせ！Lamy＊Love♡Fest☆【雪花ラミィ⧸ホロライブ】 [215Bq5oo9Bw]",
    "available": true,
    "is_local": false
  },
  "server": "bffe7abf5bec81d5d16cfe0856d1d8e6a7c62118d3dcdd601905060f033c5be0",
  "time": 1770399327
}