{
  "video": {
    "id": "uB6GxHc7PRc",
    "url": "https://www.youtube.com/watch?v=uB6GxHc7PRc",
    "title": "【#兎田ぺこら生誕祭2025】生誕3D LIVE！FEVER！！！！！！！ぺこ！【ホロライブ/兎田ぺこら】",
    "channel": "Pekora Ch. 兎田ぺこら",
    "filename_stem": "【#兎田ぺこら生誕祭2025】生誕3D LIVE！FEVER！！！！！！！ぺこ！【ホロライブ⧸兎田ぺこら】 [uB6GxHc7PRc]",
    "available": true,
    "is_local": false
  },
  "server": "bffe7abf5bec81d5d16cfe0856d1d8e6a7c62118d3dcdd601905060f033c5be0",
  "time": 1770179725
}