{
  "video": {
    "id": "qBwpM98PXcI",
    "url": "https://www.youtube.com/watch?v=qBwpM98PXcI",
    "title": "【#hololivefesEXPO24_DAY1】hololive 5th fes. Capture the Moment hololive stage2 DAY1【チラ見せ】",
    "channel": "hololive ホロライブ - VTuber Group",
    "filename_stem": "【#hololivefesEXPO24_DAY1】hololive 5th fes. Capture the Moment hololive stage2 DAY1【チラ見せ】 [qBwpM98PXcI]",
    "available": true,
    "is_local": false
  },
  "server": "46b43c4506cb5b8ea0a7b881443637a767fcacecdd256b088cb8106192819879",
  "time": 1770277901
}