{
  "video": {
    "id": "JBZ78MctUgg",
    "url": "https://www.youtube.com/watch?v=JBZ78MctUgg",
    "title": "【#フブパト3D】パトラちゃんと年明け早々お耳に嬉しい3Dコラボ！【ホロライブ/白上フブキ/周防パトラ】",
    "channel": "フブキCh。白上フブキ",
    "filename_stem": "【#フブパト3D】パトラちゃんと年明け早々お耳に嬉しい3Dコラボ！【ホロライブ⧸白上フブキ⧸周防パトラ】 [JBZ78MctUgg]",
    "available": true,
    "is_local": false
  },
  "server": "bffe7abf5bec81d5d16cfe0856d1d8e6a7c62118d3dcdd601905060f033c5be0",
  "time": 1770300102
}