{
  "video": {
    "id": "RY_5mn2EY6s",
    "url": "https://www.youtube.com/watch?v=RY_5mn2EY6s",
    "title": "【#宝鐘マリン100万人記念ライブ / 3DLIVE】Connected Fantasia【ホロライブ】",
    "channel": "Marine Ch. 宝鐘マリン",
    "filename_stem": "【#宝鐘マリン100万人記念ライブ ⧸ 3DLIVE】Connected Fantasia【ホロライブ】 [RY_5mn2EY6s]",
    "available": true,
    "is_local": false
  },
  "server": "bffe7abf5bec81d5d16cfe0856d1d8e6a7c62118d3dcdd601905060f033c5be0",
  "time": 1771194931
}