{
  "video": {
    "id": "WlSJEyV6Emw",
    "url": "https://www.youtube.com/watch?v=WlSJEyV6Emw",
    "title": "【#常闇トワ1stソロライブ】常闇トワ 1stソロライブ \"Break your ×××\"【無料チラ見せ】",
    "channel": "Towa Ch.Tokoyami Towa",
    "filename_stem": "【#常闇トワ1stソロライブ】常闇トワ 1stソロライブ ＂Break your ×××＂【無料チラ見せ】 [WlSJEyV6Emw]",
    "available": true,
    "is_local": false
  },
  "server": "46b43c4506cb5b8ea0a7b881443637a767fcacecdd256b088cb8106192819879",
  "time": 1770330258
}