{
  "video": {
    "id": "wIYvks57cQA",
    "url": "https://www.youtube.com/watch?v=wIYvks57cQA",
    "title": "【#ReGLOSS3Dライブ】Reach the top！",
    "channel": "hololive DEV_IS ReGLOSS",
    "filename_stem": "【#ReGLOSS3Dライブ】Reach the top！ [wIYvks57cQA]",
    "available": true,
    "is_local": false
  },
  "server": "b5c979abfc7b9ec43e02a07782bde79e49990f01249be10041fd5f9e1f1b501a",
  "time": 1770230692
}