{
  "video": {
    "id": "DsV-EJmbvr8",
    "url": "https://www.youtube.com/watch?v=DsV-EJmbvr8",
    "title": "【#はあちゃま3D】はあちゃま、動きます。",
    "channel": "HAACHAMA Ch 赤井はあと",
    "filename_stem": "【#はあちゃま3D】はあちゃま、動きます。 [DsV-EJmbvr8]",
    "available": true,
    "is_local": false
  },
  "server": "bffe7abf5bec81d5d16cfe0856d1d8e6a7c62118d3dcdd601905060f033c5be0",
  "time": 1771491871
}