{
  "video": {
    "id": "fTupWAFy6wo",
    "url": "https://www.youtube.com/watch?v=fTupWAFy6wo",
    "title": "【#白銀ノエル生誕祭2024】Shirogane Noel Xmas 3D LIVE 【白銀ノエル/ホロライブ】",
    "channel": "Noel Ch. 白銀ノエル",
    "filename_stem": "【#白銀ノエル生誕祭2024】Shirogane Noel Xmas 3D LIVE 【白銀ノエル⧸ホロライブ】 [fTupWAFy6wo]",
    "available": true,
    "is_local": false
  },
  "server": "bffe7abf5bec81d5d16cfe0856d1d8e6a7c62118d3dcdd601905060f033c5be0",
  "time": 1770201258
}