{
  "video": {
    "id": "hQB206l932M",
    "url": "https://www.youtube.com/watch?v=hQB206l932M",
    "title": "【#バカタレ２周年記念LIVE】音楽ライブ♬　BAKATARATION PARTY【ホロライブ/白上フブキ/不知火フレア/角巻わため】",
    "channel": "フブキCh。白上フブキ",
    "filename_stem": "【#バカタレ２周年記念LIVE】音楽ライブ♬　BAKATARATION PARTY【ホロライブ⧸白上フブキ⧸不知火フレア⧸角巻わため】 [hQB206l932M]",
    "available": true,
    "is_local": false
  },
  "server": "bffe7abf5bec81d5d16cfe0856d1d8e6a7c62118d3dcdd601905060f033c5be0",
  "time": 1771097773
}