{
  "video": {
    "id": "U0Rfu47fo64",
    "url": "https://www.youtube.com/watch?v=U0Rfu47fo64",
    "title": "【#Justice3D】 A Special 3D Collab! 【hololive English -Justice-】",
    "channel": "hololive English",
    "filename_stem": "【#Justice3D】 A Special 3D Collab! 【hololive English -Justice-】 [U0Rfu47fo64]",
    "available": true
  },
  "server": "46b43c4506cb5b8ea0a7b881443637a767fcacecdd256b088cb8106192819879",
  "time": 1770081817
}