{
  "video": {
    "id": "fDtUy1PTor0",
    "url": "https://www.youtube.com/watch?v=fDtUy1PTor0",
    "title": "【#湊あくあ卒業ライブ】あくあ色に染まれ！／MinatoAqua Graduation LIVE",
    "channel": "Aqua Ch. 湊あくあ",
    "filename_stem": "【#湊あくあ卒業ライブ】あくあ色に染まれ！／MinatoAqua Graduation LIVE [fDtUy1PTor0]",
    "available": true,
    "is_local": false
  },
  "server": "bffe7abf5bec81d5d16cfe0856d1d8e6a7c62118d3dcdd601905060f033c5be0",
  "time": 1770235425
}