{
  "video": {
    "id": "DsZz2bIg-Ho",
    "url": "https://www.youtube.com/watch?v=DsZz2bIg-Ho",
    "title": "【#超ゲマズ2_day1】hololive GAMERS fes. 超超超超ゲーマーズ2【チラ見せ】",
    "channel": "hololive ホロライブ - VTuber Group",
    "filename_stem": "【#超ゲマズ2_day1】hololive GAMERS fes. 超超超超ゲーマーズ2【チラ見せ】 [DsZz2bIg-Ho]",
    "available": true,
    "is_local": false
  },
  "server": "bffe7abf5bec81d5d16cfe0856d1d8e6a7c62118d3dcdd601905060f033c5be0",
  "time": 1770103941
}