{
  "video": {
    "id": "RxytWppYJq8",
    "url": "https://www.youtube.com/watch?v=RxytWppYJq8",
    "title": "【#おかゆの生誕祭2021】お誕生日なので3D歌ライブだ～～🎶🎶【ホロライブ】",
    "channel": "Okayu Ch. 猫又おかゆ",
    "filename_stem": "【#おかゆの生誕祭2021】お誕生日なので3D歌ライブだ～～🎶🎶【ホロライブ】 [RxytWppYJq8]",
    "available": true,
    "is_local": false
  },
  "server": "bffe7abf5bec81d5d16cfe0856d1d8e6a7c62118d3dcdd601905060f033c5be0",
  "time": 1771401708
}