{
  "video": {
    "id": "MSIxNFblrCY",
    "url": "https://www.youtube.com/watch?v=MSIxNFblrCY",
    "title": "【#ラプラス生誕祭2023】特別番組：らぷらすといっしょ！みんなかつもくせよ！【ラプラス・ダークネス/ホロライブ】",
    "channel": "Laplus ch. ラプラス・ダークネス - holoX -",
    "filename_stem": "【#ラプラス生誕祭2023】特別番組：らぷらすといっしょ！みんなかつもくせよ！【ラプラス・ダークネス⧸ホロライブ】 [MSIxNFblrCY]",
    "available": true,
    "is_local": false
  },
  "server": "bffe7abf5bec81d5d16cfe0856d1d8e6a7c62118d3dcdd601905060f033c5be0",
  "time": 1770580988
}