{
  "video": {
    "id": "H1vf2vF1LmE",
    "url": "https://www.youtube.com/watch?v=H1vf2vF1LmE",
    "title": "【#不知火フレア生誕祭LIVE】遅れてやってきた私の誕生日LIVE！【不知火フレア/ホロライブ】",
    "channel": "Flare Ch. 不知火フレア",
    "filename_stem": "【#不知火フレア生誕祭LIVE】遅れてやってきた私の誕生日LIVE！【不知火フレア⧸ホロライブ】 [H1vf2vF1LmE]",
    "available": true,
    "is_local": false
  },
  "server": "bffe7abf5bec81d5d16cfe0856d1d8e6a7c62118d3dcdd601905060f033c5be0",
  "time": 1771043613
}