{
  "video": {
    "id": "YOnasn4-BH0",
    "url": "https://www.youtube.com/watch?v=YOnasn4-BH0",
    "title": "【#沙花叉クロヱ1周年記念ライブ】シャチ出没中【沙花叉クロヱ/ホロライブ】",
    "channel": "Chloe ch. 沙花叉クロヱ - holoX -",
    "filename_stem": "【#沙花叉クロヱ1周年記念ライブ】シャチ出没中【沙花叉クロヱ⧸ホロライブ】 [YOnasn4-BH0]",
    "available": true,
    "is_local": false
  },
  "server": "bffe7abf5bec81d5d16cfe0856d1d8e6a7c62118d3dcdd601905060f033c5be0",
  "time": 1770663933
}