{
  "video": {
    "id": "epPYcIwJ5aQ",
    "url": "https://www.youtube.com/watch?v=epPYcIwJ5aQ",
    "title": "【#猫又おかゆ生誕ライブ2022】歌って踊ってみんな！楽しんでって！✨：OKAYU Birthday Live🎉【ホロライブ】",
    "channel": "Okayu Ch. 猫又おかゆ",
    "filename_stem": "【#猫又おかゆ生誕ライブ2022】歌って踊ってみんな！楽しんでって！✨：OKAYU Birthday Live🎉【ホロライブ】 [epPYcIwJ5aQ]",
    "available": true,
    "is_local": false
  },
  "server": "bffe7abf5bec81d5d16cfe0856d1d8e6a7c62118d3dcdd601905060f033c5be0",
  "time": 1771099328
}