{
  "video": {
    "id": "MOekZ-g5qJQ",
    "url": "https://www.youtube.com/watch?v=MOekZ-g5qJQ",
    "title": "【#沙花叉クロヱ3D】シャチ出没注意【ホロライブ】",
    "channel": "Chloe ch. 沙花叉クロヱ - holoX -",
    "filename_stem": "【#沙花叉クロヱ3D】シャチ出没注意【ホロライブ】 [MOekZ-g5qJQ]",
    "available": true,
    "is_local": false
  },
  "server": "bffe7abf5bec81d5d16cfe0856d1d8e6a7c62118d3dcdd601905060f033c5be0",
  "time": 1771052537
}