{
  "video": {
    "id": "paI8IDWnnAQ",
    "url": "https://www.youtube.com/watch?v=paI8IDWnnAQ",
    "title": "【#Jazzeta】Zeta's 3D Jazzeta Show! ♪ 【Vestia Zeta】",
    "channel": "Vestia Zeta Ch. hololive-ID",
    "filename_stem": "【#Jazzeta】Zeta's 3D Jazzeta Show! ♪ 【Vestia Zeta】 [paI8IDWnnAQ]",
    "available": true,
    "is_local": false
  },
  "server": "46b43c4506cb5b8ea0a7b881443637a767fcacecdd256b088cb8106192819879",
  "time": 1770207764
}