{
  "video": {
    "id": "E1HXg-kjOI8",
    "url": "https://www.youtube.com/watch?v=E1HXg-kjOI8",
    "title": "【#ノエル生誕はっぴーLIVE】今日は誕生日！！好きなことしてはっぴーになろおおお✨【白銀ノエル/ホロライブ】",
    "channel": "Noel Ch. 白銀ノエル",
    "filename_stem": "【#ノエル生誕はっぴーLIVE】今日は誕生日！！好きなことしてはっぴーになろおおお✨【白銀ノエル⧸ホロライブ】 [E1HXg-kjOI8]",
    "available": true,
    "is_local": false
  },
  "server": "bffe7abf5bec81d5d16cfe0856d1d8e6a7c62118d3dcdd601905060f033c5be0",
  "time": 1770672782
}