{
  "video": {
    "id": "KJGX0gJhvrM",
    "url": "https://www.youtube.com/watch?v=KJGX0gJhvrM",
    "title": "【#大空スバル6周年LIVE】大空スバル 6th 記念LIVE 星灯【ホロライブ/大空スバル】",
    "channel": "Subaru Ch. 大空スバル",
    "filename_stem": "【#大空スバル6周年LIVE】大空スバル 6th 記念LIVE 星灯【ホロライブ⧸大空スバル】 [KJGX0gJhvrM]",
    "available": true,
    "is_local": false
  },
  "server": "bffe7abf5bec81d5d16cfe0856d1d8e6a7c62118d3dcdd601905060f033c5be0",
  "time": 1770154526
}