{
  "video": {
    "id": "TsRo8VuubSk",
    "url": "https://www.youtube.com/watch?v=TsRo8VuubSk",
    "title": "【#アキロゼ生誕祭2022】Wonder Shower Musical !!!!【3DLIVE】",
    "channel": "アキロゼCh。Vtuber/ホロライブ所属",
    "filename_stem": "【#アキロゼ生誕祭2022】Wonder Shower Musical !!!!【3DLIVE】 [TsRo8VuubSk]",
    "available": true,
    "is_local": false
  },
  "server": "bffe7abf5bec81d5d16cfe0856d1d8e6a7c62118d3dcdd601905060f033c5be0",
  "time": 1771103041
}