{
  "video": {
    "id": "twAfWd7qSWQ",
    "url": "https://www.youtube.com/watch?v=twAfWd7qSWQ",
    "title": "【#不知火フレア3周年記念LIVE】大感謝祭！今日もバカみたいに騒ごう！【不知火フレア/ホロライブ】",
    "channel": "Flare Ch. 不知火フレア",
    "filename_stem": "【#不知火フレア3周年記念LIVE】大感謝祭！今日もバカみたいに騒ごう！【不知火フレア⧸ホロライブ】 [twAfWd7qSWQ]",
    "available": true,
    "is_local": false
  },
  "server": "bffe7abf5bec81d5d16cfe0856d1d8e6a7c62118d3dcdd601905060f033c5be0",
  "time": 1771012895
}