{
  "video": {
    "id": "IKkSNj5uN6I",
    "url": "https://www.youtube.com/watch?v=IKkSNj5uN6I",
    "title": "【#hololivefesEXPO25_DAY1】hololive 6th fes. Color Rise Harmony hololive STAGE1【チラ見せ】",
    "channel": "hololive ホロライブ - VTuber Group",
    "filename_stem": "【#hololivefesEXPO25_DAY1】hololive 6th fes. Color Rise Harmony hololive STAGE1【チラ見せ】 [IKkSNj5uN6I]",
    "available": true,
    "is_local": false
  },
  "server": "b5c979abfc7b9ec43e02a07782bde79e49990f01249be10041fd5f9e1f1b501a",
  "time": 1770151540
}