{
  "video": {
    "id": "Q7KmABONtXk",
    "url": "https://www.youtube.com/watch?v=Q7KmABONtXk",
    "title": "【#白銀ノエル4周年】ゲストいっぱい！3D LIVE ✨最高の夏にしようね🎶【白銀ノエル/ホロライブ】",
    "channel": "Noel Ch. 白銀ノエル",
    "filename_stem": "【#白銀ノエル4周年】ゲストいっぱい！3D LIVE ✨最高の夏にしようね🎶【白銀ノエル⧸ホロライブ】 [Q7KmABONtXk]",
    "available": true,
    "is_local": false
  },
  "server": "bffe7abf5bec81d5d16cfe0856d1d8e6a7c62118d3dcdd601905060f033c5be0",
  "time": 1770428118
}