{
  "video": {
    "id": "hEkHj1WZekU",
    "url": "https://www.youtube.com/watch?v=hEkHj1WZekU",
    "title": "【#雪花ラミィ生誕ライブ】ゲストいっぱい！誕生日LIVE【雪花ラミィ/ホロライブ】",
    "channel": "Lamy Ch. 雪花ラミィ",
    "filename_stem": "【#雪花ラミィ生誕ライブ】ゲストいっぱい！誕生日LIVE【雪花ラミィ⧸ホロライブ】 [hEkHj1WZekU]",
    "available": true,
    "is_local": false
  },
  "server": "bffe7abf5bec81d5d16cfe0856d1d8e6a7c62118d3dcdd601905060f033c5be0",
  "time": 1771135457
}