{
  "video": {
    "id": "p9k8A3XzH68",
    "url": "https://www.youtube.com/watch?v=p9k8A3XzH68",
    "title": "【#ちょこ先生誕2021】ちょこ先生の3Dお誕生日会【ホロライブ/癒月ちょこ】",
    "channel": "Choco Ch. 癒月ちょこ",
    "filename_stem": "【#ちょこ先生誕2021】ちょこ先生の3Dお誕生日会【ホロライブ⧸癒月ちょこ】 [p9k8A3XzH68]",
    "available": true,
    "is_local": false
  },
  "server": "bffe7abf5bec81d5d16cfe0856d1d8e6a7c62118d3dcdd601905060f033c5be0",
  "time": 1771409054
}