{
  "video": {
    "id": "Oi0WDyT6xTE",
    "url": "https://www.youtube.com/watch?v=Oi0WDyT6xTE",
    "title": "【#TheBrokenPromise】hololive English -Promise- 1st Anniversary Musical: The Broken Promise",
    "channel": "hololive English",
    "filename_stem": "【#TheBrokenPromise】hololive English -Promise- 1st Anniversary Musical： The Broken Promise [Oi0WDyT6xTE]",
    "available": true,
    "is_local": false
  },
  "server": "b5c979abfc7b9ec43e02a07782bde79e49990f01249be10041fd5f9e1f1b501a",
  "time": 1770187379
}