{
  "video": {
    "id": "XKBbbN7M44E",
    "url": "https://www.youtube.com/watch?v=XKBbbN7M44E",
    "title": "【#癒月ちょこ4周年LIVE】ちょこから感謝を込めて4周年3ＤLIVE‼【ホロライブ/癒月ちょこ】",
    "channel": "Choco Ch. 癒月ちょこ",
    "filename_stem": "【#癒月ちょこ4周年LIVE】ちょこから感謝を込めて4周年3ＤLIVE‼【ホロライブ⧸癒月ちょこ】 [XKBbbN7M44E]",
    "available": true,
    "is_local": false
  },
  "server": "bffe7abf5bec81d5d16cfe0856d1d8e6a7c62118d3dcdd601905060f033c5be0",
  "time": 1770993311
}