{
  "video": {
    "id": "oLZxkEJAm8U",
    "url": "https://www.youtube.com/watch?v=oLZxkEJAm8U",
    "title": "【#紫咲シオン生誕祭2021】いっぱいありがとう！！Birthday Live2021【ホロライブ/紫咲シオン】",
    "channel": "Shion Ch. 紫咲シオン",
    "filename_stem": "【#紫咲シオン生誕祭2021】いっぱいありがとう！！Birthday Live2021【ホロライブ⧸紫咲シオン】 [oLZxkEJAm8U]",
    "available": true,
    "is_local": false
  },
  "server": "bffe7abf5bec81d5d16cfe0856d1d8e6a7c62118d3dcdd601905060f033c5be0",
  "time": 1771128291
}