{
  "video": {
    "id": "qZaVTM0ypO0",
    "url": "https://www.youtube.com/watch?v=qZaVTM0ypO0",
    "title": "【#白上フブキ５周年記念】５周年記念ANNIVERSARY　\"PLAN\"【ホロライブ/白上フブキ】",
    "channel": "フブキCh。白上フブキ",
    "filename_stem": "【#白上フブキ５周年記念】５周年記念ANNIVERSARY　＂PLAN＂【ホロライブ⧸白上フブキ】 [qZaVTM0ypO0]",
    "available": true,
    "is_local": false
  },
  "server": "bffe7abf5bec81d5d16cfe0856d1d8e6a7c62118d3dcdd601905060f033c5be0",
  "time": 1770454956
}