{
  "video": {
    "id": "C-QdqYjdArM",
    "url": "https://www.youtube.com/watch?v=C-QdqYjdArM",
    "title": "【#常闇トワ生誕祭2024】ｰ COLORFUL ｰ【3DLIVE】",
    "channel": "Towa Ch.Tokoyami Towa",
    "filename_stem": "【#常闇トワ生誕祭2024】ｰ COLORFUL ｰ【3DLIVE】 [C-QdqYjdArM]",
    "available": true,
    "is_local": false
  },
  "server": "bffe7abf5bec81d5d16cfe0856d1d8e6a7c62118d3dcdd601905060f033c5be0",
  "time": 1770248435
}