{
  "video": {
    "id": "mknggf96fuI",
    "url": "https://www.youtube.com/watch?v=mknggf96fuI",
    "title": "【#アキロゼ4周年LIVE】全編歌ライブ！みんなと歌って踊って3D LIVE 「ROSE of the LAMP」【アキ・ローゼンタール/ホロライブ】",
    "channel": "アキロゼCh。Vtuber/ホロライブ所属",
    "filename_stem": "【#アキロゼ4周年LIVE】全編歌ライブ！みんなと歌って踊って3D LIVE 「ROSE of the LAMP」【アキ・ローゼンタール⧸ホロライブ】 [mknggf96fuI]",
    "available": true,
    "is_local": false
  },
  "server": "bffe7abf5bec81d5d16cfe0856d1d8e6a7c62118d3dcdd601905060f033c5be0",
  "time": 1771059866
}