{
  "video": {
    "id": "hrpubiRwB-k",
    "url": "https://www.youtube.com/watch?v=hrpubiRwB-k",
    "title": "【#ときのそらお披露目誕生日2022】HappyMeowthday!!な3D配信！！",
    "channel": "SoraCh. ときのそらチャンネル",
    "filename_stem": "【#ときのそらお披露目誕生日2022】HappyMeowthday!!な3D配信！！ [hrpubiRwB-k]",
    "available": true,
    "is_local": false
  },
  "server": "bffe7abf5bec81d5d16cfe0856d1d8e6a7c62118d3dcdd601905060f033c5be0",
  "time": 1771065345
}