{
  "video": {
    "id": "00xeNL3vdQo",
    "url": "https://www.youtube.com/watch?v=00xeNL3vdQo",
    "title": "【#hololivefesEXPO24_DAY1】hololive 5th fes. Capture the Moment hololive stage1 DAY1【チラ見せ】",
    "channel": "hololive ホロライブ - VTuber Group",
    "filename_stem": "【#hololivefesEXPO24_DAY1】hololive 5th fes. Capture the Moment hololive stage1 DAY1【チラ見せ】 [00xeNL3vdQo]",
    "available": true,
    "is_local": false
  },
  "server": "bffe7abf5bec81d5d16cfe0856d1d8e6a7c62118d3dcdd601905060f033c5be0",
  "time": 1770278542
}