{
  "video": {
    "id": "TjGC7Jzc5ns",
    "url": "https://www.youtube.com/watch?v=TjGC7Jzc5ns",
    "title": "【#ときのそら５周年記念】想いをこめて届ける3D配信！",
    "channel": "SoraCh. ときのそらチャンネル",
    "filename_stem": "【#ときのそら５周年記念】想いをこめて届ける3D配信！ [TjGC7Jzc5ns]",
    "available": true,
    "is_local": false
  },
  "server": "bffe7abf5bec81d5d16cfe0856d1d8e6a7c62118d3dcdd601905060f033c5be0",
  "time": 1770991547
}