{
  "video": {
    "id": "APbMhuPbwkE",
    "url": "https://www.youtube.com/watch?v=APbMhuPbwkE",
    "title": "【#常闇トワ4周年記念LIVE】Special Thank U!! J Medley 【3DLIVE】",
    "channel": "Towa Ch.Tokoyami Towa",
    "filename_stem": "【#常闇トワ4周年記念LIVE】Special Thank U!! J Medley 【3DLIVE】 [APbMhuPbwkE]",
    "available": true,
    "is_local": false
  },
  "server": "b5c979abfc7b9ec43e02a07782bde79e49990f01249be10041fd5f9e1f1b501a",
  "time": 1770301008
}