{
  "video": {
    "id": "zUI_V1Fea2U",
    "url": "https://www.youtube.com/watch?v=zUI_V1Fea2U",
    "title": "【#FG3Dライブ】MAKE IT, BREAK IT",
    "channel": "hololive DEV_IS FLOW GLOW",
    "filename_stem": "【#FG3Dライブ】MAKE IT, BREAK IT [zUI_V1Fea2U]",
    "available": true
  },
  "server": "46b43c4506cb5b8ea0a7b881443637a767fcacecdd256b088cb8106192819879",
  "time": 1770054694
}