{
  "video": {
    "id": "4C3kreEOk1Q",
    "url": "https://www.youtube.com/watch?v=4C3kreEOk1Q",
    "title": "【#hololivefesEXPO25_DAY1】hololive 6th fes. Color Rise Harmony hololive STAGE2【チラ見せ】",
    "channel": "hololive ホロライブ - VTuber Group",
    "filename_stem": "【#hololivefesEXPO25_DAY1】hololive 6th fes. Color Rise Harmony hololive STAGE2【チラ見せ】 [4C3kreEOk1Q]",
    "available": true,
    "is_local": false
  },
  "server": "bffe7abf5bec81d5d16cfe0856d1d8e6a7c62118d3dcdd601905060f033c5be0",
  "time": 1770150719
}