{
  "video": {
    "id": "3OkprzHcirU",
    "url": "https://www.youtube.com/watch?v=3OkprzHcirU",
    "title": "【#hololivefesEXPO25_DAY2】hololive 6th fes. Color Rise Harmony hololive STAGE3【チラ見せ】",
    "channel": "hololive ホロライブ - VTuber Group",
    "filename_stem": "【#hololivefesEXPO25_DAY2】hololive 6th fes. Color Rise Harmony hololive STAGE3【チラ見せ】 [3OkprzHcirU]",
    "available": true,
    "is_local": false
  },
  "server": "b5c979abfc7b9ec43e02a07782bde79e49990f01249be10041fd5f9e1f1b501a",
  "time": 1770146141
}