{
  "video": {
    "id": "nb8fsoN8Wvo",
    "url": "https://www.youtube.com/watch?v=nb8fsoN8Wvo",
    "title": "【#雪花ラミィ3D】雪花ラミィ3Dお披露目配信！【ホロライブ】",
    "channel": "Lamy Ch. 雪花ラミィ",
    "filename_stem": "【#雪花ラミィ3D】雪花ラミィ3Dお披露目配信！【ホロライブ】 [nb8fsoN8Wvo]",
    "available": true,
    "is_local": false
  },
  "server": "bffe7abf5bec81d5d16cfe0856d1d8e6a7c62118d3dcdd601905060f033c5be0",
  "time": 1771412695
}