{
  "video": {
    "id": "_rgeHcQu0Tc",
    "url": "https://www.youtube.com/watch?v=_rgeHcQu0Tc",
    "title": "【#沙花叉クロヱ生誕LIVE】シャチ爆誕！初ゲストあり！【沙花叉クロヱ/ホロライブ】",
    "channel": "Chloe ch. 沙花叉クロヱ - holoX -",
    "filename_stem": "【#沙花叉クロヱ生誕LIVE】シャチ爆誕！初ゲストあり！【沙花叉クロヱ⧸ホロライブ】 [_rgeHcQu0Tc]",
    "available": true,
    "is_local": false
  },
  "server": "bffe7abf5bec81d5d16cfe0856d1d8e6a7c62118d3dcdd601905060f033c5be0",
  "time": 1770584701
}