{
  "video": {
    "id": "pS27c8El4s8",
    "url": "https://www.youtube.com/watch?v=pS27c8El4s8",
    "title": "【#フワモコパ3D COLLAB】耳が幸せになる3Dコラボ✨️ guaranteed happy ears for all ruffians 🐾💓 【ホロライブ/FUWAMOCO/周防パトラ】",
    "channel": "FUWAMOCO Ch. hololive-EN",
    "filename_stem": "【#フワモコパ3D COLLAB】耳が幸せになる3Dコラボ✨️ guaranteed happy ears for all ruffians 🐾💓 【ホロライブ⧸FUWAMOCO⧸周防パトラ】 [pS27c8El4s8]",
    "available": true,
    "is_local": false
  },
  "server": "bffe7abf5bec81d5d16cfe0856d1d8e6a7c62118d3dcdd601905060f033c5be0",
  "time": 1770220940
}