{
  "video": {
    "id": "zzVcTQOdLZE",
    "url": "https://www.youtube.com/watch?v=zzVcTQOdLZE",
    "title": "【#尾丸ポルカ生誕祭2026】Glitter of Love/誕生日記念3DLIVE【尾丸ポルカ/ホロライブ】",
    "channel": "Polka Ch. 尾丸ポルカ",
    "filename_stem": "【#尾丸ポルカ生誕祭2026】Glitter of Love⧸誕生日記念3DLIVE【尾丸ポルカ⧸ホロライブ】 [zzVcTQOdLZE]",
    "available": true
  },
  "server": "bffe7abf5bec81d5d16cfe0856d1d8e6a7c62118d3dcdd601905060f033c5be0",
  "time": 1770032410
}