{
  "video": {
    "id": "tdaMQAL-6Ww",
    "url": "https://www.youtube.com/watch?v=tdaMQAL-6Ww",
    "title": "【2022年誕生日企画】白上フブキのすこんなばらえてぃ！【#すこんなばらえてぃ】",
    "channel": "フブキCh。白上フブキ",
    "filename_stem": "【2022年誕生日企画】白上フブキのすこんなばらえてぃ！【#すこんなばらえてぃ】 [tdaMQAL-6Ww]",
    "available": true,
    "is_local": false
  },
  "server": "bffe7abf5bec81d5d16cfe0856d1d8e6a7c62118d3dcdd601905060f033c5be0",
  "time": 1770694326
}