{
  "video": {
    "id": "H8A2CZiyc_E",
    "url": "https://www.youtube.com/watch?v=H8A2CZiyc_E",
    "title": "【3D LIVE】1 day 4 colors【#ホロ4期生ライブ2025】",
    "channel": "hololive ホロライブ - VTuber Group",
    "filename_stem": "【3D LIVE】1 day 4 colors【#ホロ4期生ライブ2025】 [H8A2CZiyc_E]",
    "available": true,
    "is_local": false
  },
  "server": "bffe7abf5bec81d5d16cfe0856d1d8e6a7c62118d3dcdd601905060f033c5be0",
  "time": 1770181425
}