{
  "video": {
    "id": "V0Zk55CpFEM",
    "url": "https://www.youtube.com/watch?v=V0Zk55CpFEM",
    "title": "【3Dお披露目】刮目せよ！吾輩の力を開放する時ッツ！！#ラプラス・ダークネス3D 【ラプラス・ダークネス/ホロライブ】",
    "channel": "Laplus ch. ラプラス・ダークネス - holoX -",
    "filename_stem": "【3Dお披露目】刮目せよ！吾輩の力を開放する時ッツ！！#ラプラス・ダークネス3D 【ラプラス・ダークネス⧸ホロライブ】 [V0Zk55CpFEM]",
    "available": true,
    "is_local": false
  },
  "server": "bffe7abf5bec81d5d16cfe0856d1d8e6a7c62118d3dcdd601905060f033c5be0",
  "time": 1771031092
}