{
  "video": {
    "id": "lVQlIvUr5Dc",
    "url": "https://www.youtube.com/watch?v=lVQlIvUr5Dc",
    "title": "【3DLIVE】かなたそとっ♡神曲アニソンFes!! / Amane Kanata AnimeSong 3DLIVE 【#天音かなた爆誕2024 / ホロライブ】",
    "channel": "Kanata Ch. Kanata Amane",
    "filename_stem": "【3DLIVE】かなたそとっ♡神曲アニソンFes!! ⧸ Amane Kanata AnimeSong 3DLIVE 【#天音かなた爆誕2024 ⧸ ホロライブ】 [lVQlIvUr5Dc]",
    "available": true,
    "is_local": false
  },
  "server": "bffe7abf5bec81d5d16cfe0856d1d8e6a7c62118d3dcdd601905060f033c5be0",
  "time": 1770265892
}