{
  "video": {
    "id": "LazLAQUMCzI",
    "url": "https://www.youtube.com/watch?v=LazLAQUMCzI",
    "title": "【3Dライブ】重大発表!?何やらゲストも参戦してくれるらしい…⚡【#おかゆ重大発表 / ホロライブ】",
    "channel": "Okayu Ch. 猫又おかゆ",
    "filename_stem": "【3Dライブ】重大発表!？何やらゲストも参戦してくれるらしい…⚡【#おかゆ重大発表 ⧸ ホロライブ】 [LazLAQUMCzI]",
    "available": true,
    "is_local": false
  },
  "server": "bffe7abf5bec81d5d16cfe0856d1d8e6a7c62118d3dcdd601905060f033c5be0",
  "time": 1771020316
}