{
  "video": {
    "id": "7TtlKURvLDI",
    "url": "https://www.youtube.com/watch?v=7TtlKURvLDI",
    "title": "【3D新衣装お披露目】AZKi 5th Anniversary Live \"with U -みんなと一緒にこれからも-\"【#AZKi5周年ライブ】",
    "channel": "AZKi Channel",
    "filename_stem": "【3D新衣装お披露目】AZKi 5th Anniversary Live ＂with U -みんなと一緒にこれからも-＂【#AZKi5周年ライブ】 [7TtlKURvLDI]",
    "available": true,
    "is_local": false
  },
  "server": "46b43c4506cb5b8ea0a7b881443637a767fcacecdd256b088cb8106192819879",
  "time": 1770323107
}