{
  "video": {
    "id": "jdio7hLzy3w",
    "url": "https://www.youtube.com/watch?v=jdio7hLzy3w",
    "title": "【3DLIVE】🍑ねねいろらいぶ🍑【桃鈴ねね/ ホロライブ】",
    "channel": "Nene Ch.桃鈴ねね",
    "filename_stem": "【3DLIVE】🍑ねねいろらいぶ🍑【桃鈴ねね⧸ ホロライブ】 [jdio7hLzy3w]",
    "available": true,
    "is_local": false
  },
  "server": "bffe7abf5bec81d5d16cfe0856d1d8e6a7c62118d3dcdd601905060f033c5be0",
  "time": 1771212874
}