{
  "video": {
    "id": "2Nob6f5dy7c",
    "url": "https://www.youtube.com/watch?v=2Nob6f5dy7c",
    "title": "【3D Debut】Watch the way I move~ #3DemonDebut #holoadvent",
    "channel": "Nerissa Ravencroft Ch. hololive-EN",
    "filename_stem": "【3D Debut】Watch the way I move~ #3DemonDebut #holoadvent [2Nob6f5dy7c]",
    "available": true,
    "is_local": false
  },
  "server": "46b43c4506cb5b8ea0a7b881443637a767fcacecdd256b088cb8106192819879",
  "time": 1770247597
}