{
  "video": {
    "id": "7M4E3WGWlRM",
    "url": "https://www.youtube.com/watch?v=7M4E3WGWlRM",
    "title": "【3D LIVE CONCERT 生誕ライブ】FUWAMOCO wacha wacha birthday festival 🎂🐾 【#FWMCbday26】",
    "channel": "FUWAMOCO Ch. hololive-EN",
    "filename_stem": "【3D LIVE CONCERT 生誕ライブ】FUWAMOCO wacha wacha birthday festival 🎂🐾 【#FWMCbday26】 [7M4E3WGWlRM]",
    "available": true
  },
  "server": "b5c979abfc7b9ec43e02a07782bde79e49990f01249be10041fd5f9e1f1b501a",
  "time": 1770031439
}