{
  "video": {
    "id": "uMc2xEMA5Ek",
    "url": "https://www.youtube.com/watch?v=uMc2xEMA5Ek",
    "title": "【3D SHOWCASE】THE BLACKSMITH FITUBER'S DREAM【#KaelaKovalskia3D】",
    "channel": "Kaela Kovalskia Ch. hololive-ID",
    "filename_stem": "【3D SHOWCASE】THE BLACKSMITH FITUBER'S DREAM【#KaelaKovalskia3D】 [uMc2xEMA5Ek]",
    "available": true,
    "is_local": false
  },
  "server": "b5c979abfc7b9ec43e02a07782bde79e49990f01249be10041fd5f9e1f1b501a",
  "time": 1770328253
}