{
  "video": {
    "id": "szUbg1Yar5c",
    "url": "https://www.youtube.com/watch?v=szUbg1Yar5c",
    "title": "【3DLIVE】「別世界」/ Amane Kanata 3DLIVE \"Another world\"【#天音かなた3周年LIVE / ホロライブ】",
    "channel": "Kanata Ch. Kanata Amane",
    "filename_stem": "【3DLIVE】「別世界」⧸ Amane Kanata 3DLIVE ＂Another world＂【#天音かなた3周年LIVE ⧸ ホロライブ】 [szUbg1Yar5c]",
    "available": true,
    "is_local": false
  },
  "server": "bffe7abf5bec81d5d16cfe0856d1d8e6a7c62118d3dcdd601905060f033c5be0",
  "time": 1770642347
}