{
  "video": {
    "id": "W25VvoWh5zY",
    "url": "https://www.youtube.com/watch?v=W25VvoWh5zY",
    "title": "【3D LIVE】Omaru Poruka Birthday Concert2024!! POL ROCK FES!!!!!",
    "channel": "Polka Ch. 尾丸ポルカ",
    "filename_stem": "【3D LIVE】Omaru Poruka Birthday Concert2024!! POL ROCK FES!!!!! [W25VvoWh5zY]",
    "available": true,
    "is_local": false
  },
  "server": "46b43c4506cb5b8ea0a7b881443637a767fcacecdd256b088cb8106192819879",
  "time": 1770295973
}