{
  "video": {
    "id": "HOb_TW8uK48",
    "url": "https://www.youtube.com/watch?v=HOb_TW8uK48",
    "title": "【3D LIVE】重大告知あり！紫咲シオンBirthdayアニソンライブ！！✨【#紫咲シオン生誕LIVE2024】",
    "channel": "Shion Ch. 紫咲シオン",
    "filename_stem": "【3D LIVE】重大告知あり！紫咲シオンBirthdayアニソンライブ！！✨【#紫咲シオン生誕LIVE2024】 [HOb_TW8uK48]",
    "available": true,
    "is_local": false
  },
  "server": "bffe7abf5bec81d5d16cfe0856d1d8e6a7c62118d3dcdd601905060f033c5be0",
  "time": 1770194045
}