{
  "video": {
    "id": "RyrHynHHbmY",
    "url": "https://www.youtube.com/watch?v=RyrHynHHbmY",
    "title": "【3D LIVE】#AZKi超生誕祭2021 ゲスト：角巻わため／桃鈴ねね",
    "channel": "AZKi Channel",
    "filename_stem": "【3D LIVE】#AZKi超生誕祭2021 ゲスト：角巻わため／桃鈴ねね [RyrHynHHbmY]",
    "available": true,
    "is_local": false
  },
  "server": "bffe7abf5bec81d5d16cfe0856d1d8e6a7c62118d3dcdd601905060f033c5be0",
  "time": 1771196565
}