{
  "video": {
    "id": "7ctmEk_35Yc",
    "url": "https://www.youtube.com/watch?v=7ctmEk_35Yc",
    "title": "【3D LIVE】 #博衣こより生誕LIVE ～Memories～ ゲスト多数！重大告知アリ❣ Birthday Party 2023🎂🎉【博衣こより/ホロライブ】",
    "channel": "Koyori ch. 博衣こより - holoX -",
    "filename_stem": "【3D LIVE】 #博衣こより生誕LIVE ～Memories～ ゲスト多数！重大告知アリ❣ Birthday Party 2023🎂🎉【博衣こより⧸ホロライブ】 [7ctmEk_35Yc]",
    "available": true,
    "is_local": false
  },
  "server": "bffe7abf5bec81d5d16cfe0856d1d8e6a7c62118d3dcdd601905060f033c5be0",
  "time": 1770602620
}