{
  "video": {
    "id": "CLxtrooDlP8",
    "url": "https://www.youtube.com/watch?v=CLxtrooDlP8",
    "title": "【3D Birthday Live】I'll Be Your Angle Or Yuor Devil #HELLoHALO",
    "channel": "Ouro Kronii Ch. hololive-EN",
    "filename_stem": "【3D Birthday Live】I'll Be Your Angle Or Yuor Devil #HELLoHALO [CLxtrooDlP8]",
    "available": true,
    "is_local": false
  },
  "server": "46b43c4506cb5b8ea0a7b881443637a767fcacecdd256b088cb8106192819879",
  "time": 1770279802
}