{
  "video": {
    "id": "JNmmnB4bP0M",
    "url": "https://www.youtube.com/watch?v=JNmmnB4bP0M",
    "title": "【3DLIVE】STARt IN THE SCREEEN!【#星街すいせい50万人記念ライブ】",
    "channel": "Suisei Channel",
    "filename_stem": "【3DLIVE】STARt IN THE SCREEEN!【#星街すいせい50万人記念ライブ】 [JNmmnB4bP0M]",
    "available": true,
    "is_local": false
  },
  "server": "bffe7abf5bec81d5d16cfe0856d1d8e6a7c62118d3dcdd601905060f033c5be0",
  "time": 1771504561
}