{
  "video": {
    "id": "APoXxcv37GU",
    "url": "https://www.youtube.com/watch?v=APoXxcv37GU",
    "title": "【3DLIVE】「輪廻転生」/ Amane Kanata 3DLIVE \"Reincarnation\"【#天音かなた4周年LIVE / ホロライブ】",
    "channel": "Kanata Ch. Kanata Amane",
    "filename_stem": "【3DLIVE】「輪廻転生」⧸ Amane Kanata 3DLIVE ＂Reincarnation＂【#天音かなた4周年LIVE ⧸ ホロライブ】 [APoXxcv37GU]",
    "available": true,
    "is_local": false
  },
  "server": "46b43c4506cb5b8ea0a7b881443637a767fcacecdd256b088cb8106192819879",
  "time": 1770299730
}