{
  "video": {
    "id": "VQxFBBlec38",
    "url": "https://www.youtube.com/watch?v=VQxFBBlec38",
    "title": "【3D LIVE】PHANTOMIME Release Mini Live Show! || Mori Calliope #calliolive",
    "channel": "Mori Calliope Ch. hololive-EN",
    "filename_stem": "【3D LIVE】PHANTOMIME Release Mini Live Show! ｜｜ Mori Calliope #calliolive [VQxFBBlec38]",
    "available": true,
    "is_local": false
  },
  "server": "bffe7abf5bec81d5d16cfe0856d1d8e6a7c62118d3dcdd601905060f033c5be0",
  "time": 1770244559
}