{
  "video": {
    "id": "gf7RSwmp8dM",
    "url": "https://www.youtube.com/watch?v=gf7RSwmp8dM",
    "title": "【3DLIVE】あくあ色すーぱーみらくる☆どり〜む♪【#湊あくあ3Dライブ 】",
    "channel": "Aqua Ch. 湊あくあ",
    "filename_stem": "【3DLIVE】あくあ色すーぱーみらくる☆どり〜む♪【#湊あくあ3Dライブ 】 [gf7RSwmp8dM]",
    "available": true,
    "is_local": false
  },
  "server": "bffe7abf5bec81d5d16cfe0856d1d8e6a7c62118d3dcdd601905060f033c5be0",
  "time": 1771221839
}