{
  "video": {
    "id": "-0RzTyI5nOY",
    "url": "https://www.youtube.com/watch?v=-0RzTyI5nOY",
    "title": "【3D DEBUT】BIG CAT MEANS BIG TROUBLE... in 3D! 😼RAOOOO~ #Raora3D",
    "channel": "Raora Panthera Ch. hololive-EN",
    "filename_stem": "【3D DEBUT】BIG CAT MEANS BIG TROUBLE... in 3D! 😼RAOOOO~ #Raora3D [-0RzTyI5nOY]",
    "available": true
  },
  "server": "bffe7abf5bec81d5d16cfe0856d1d8e6a7c62118d3dcdd601905060f033c5be0",
  "time": 1770084335
}