{
  "video": {
    "id": "0NXvBO1E6fM",
    "url": "https://www.youtube.com/watch?v=0NXvBO1E6fM",
    "title": "【3D LIVE】Route AZKi 3D Acoustic LIVE 「Route If」アルバムリリース記念ライブ【#ルートAZKiライブ】",
    "channel": "AZKi Channel",
    "filename_stem": "【3D LIVE】Route AZKi 3D Acoustic LIVE 「Route If」アルバムリリース記念ライブ【#ルートAZKiライブ】 [0NXvBO1E6fM]",
    "available": true,
    "is_local": false
  },
  "server": "46b43c4506cb5b8ea0a7b881443637a767fcacecdd256b088cb8106192819879",
  "time": 1770258160
}