{
  "video": {
    "id": "LD6f_6w2q7g",
    "url": "https://www.youtube.com/watch?v=LD6f_6w2q7g",
    "title": "【3D DEBUT】SPIN TO WIN!!!!!!! The C in Cece stands for cars? #Cece3D",
    "channel": "Cecilia Immergreen Ch. hololive-EN",
    "filename_stem": "【3D DEBUT】SPIN TO WIN!!!!!!! The C in Cece stands for cars？ #Cece3D [LD6f_6w2q7g]",
    "available": true
  },
  "server": "46b43c4506cb5b8ea0a7b881443637a767fcacecdd256b088cb8106192819879",
  "time": 1770085587
}