{
  "video": {
    "id": "jNCGOv8Zz1A",
    "url": "https://www.youtube.com/watch?v=jNCGOv8Zz1A",
    "title": "【3D Live】Let My Voice Enchant You Tonight! #3DKobornDay2025",
    "channel": "Kobo Kanaeru Ch. hololive-ID",
    "filename_stem": "【3D Live】Let My Voice Enchant You Tonight! #3DKobornDay2025 [jNCGOv8Zz1A]",
    "available": true
  },
  "server": "bffe7abf5bec81d5d16cfe0856d1d8e6a7c62118d3dcdd601905060f033c5be0",
  "time": 1770051687
}