{
  "video": {
    "id": "gl7CwlEg2ZI",
    "url": "https://www.youtube.com/watch?v=gl7CwlEg2ZI",
    "title": "【3D LIVE】「 Outside the Box 」Nanashi Mumei Birthday Celebration 2024 【#MoomsDay3DLIVE】",
    "channel": "Nanashi Mumei Ch. hololive-EN",
    "filename_stem": "【3D LIVE】「 Outside the Box 」Nanashi Mumei Birthday Celebration 2024 【#MoomsDay3DLIVE】 [gl7CwlEg2ZI]",
    "available": true,
    "is_local": false
  },
  "server": "46b43c4506cb5b8ea0a7b881443637a767fcacecdd256b088cb8106192819879",
  "time": 1770250320
}