{
  "video": {
    "id": "jjLLByDa3Xc",
    "url": "https://www.youtube.com/watch?v=jjLLByDa3Xc",
    "title": "【3D CONCERT】KIARA & FRIENDS: H!P Cover Song Spring Concert #HPmeetsHoloEN",
    "channel": "Takanashi Kiara Ch. hololive-EN",
    "filename_stem": "【3D CONCERT】KIARA & FRIENDS： H!P Cover Song Spring Concert #HPmeetsHoloEN [jjLLByDa3Xc]",
    "available": true,
    "is_local": false
  },
  "server": "bffe7abf5bec81d5d16cfe0856d1d8e6a7c62118d3dcdd601905060f033c5be0",
  "time": 1770127583
}