{
  "video": {
    "id": "KdFYu1feK30",
    "url": "https://www.youtube.com/watch?v=KdFYu1feK30",
    "title": "【3DLIVE】紫咲シオン 5th Anniversary LIVE【#紫咲シオン5周年記念⁠】",
    "channel": "Shion Ch. 紫咲シオン",
    "filename_stem": "【3DLIVE】紫咲シオン 5th Anniversary LIVE【#紫咲シオン5周年記念⁠】 [KdFYu1feK30]",
    "available": true,
    "is_local": false
  },
  "server": "bffe7abf5bec81d5d16cfe0856d1d8e6a7c62118d3dcdd601905060f033c5be0",
  "time": 1770423636
}