{
  "video": {
    "id": "7995orE5Enc",
    "url": "https://www.youtube.com/watch?v=7995orE5Enc",
    "title": "【3D LIVE】一番星の推し[あなた]へ届ける⇒ 『LETTER☆彡』【#白上フブキ生誕祭2023】",
    "channel": "フブキCh。白上フブキ",
    "filename_stem": "【3D LIVE】一番星の推し[あなた]へ届ける⇒ 『LETTER☆彡』【#白上フブキ生誕祭2023】 [7995orE5Enc]",
    "available": true,
    "is_local": false
  },
  "server": "bffe7abf5bec81d5d16cfe0856d1d8e6a7c62118d3dcdd601905060f033c5be0",
  "time": 1770393832
}