{
  "video": {
    "id": "s7hakOSsU-I",
    "url": "https://www.youtube.com/watch?v=s7hakOSsU-I",
    "title": "【3D配信】４周年記念ミニライブ【＃ときのそら4周年】",
    "channel": "SoraCh. ときのそらチャンネル",
    "filename_stem": "【3D配信】４周年記念ミニライブ【＃ときのそら4周年】 [s7hakOSsU-I]",
    "available": true,
    "is_local": false
  },
  "server": "bffe7abf5bec81d5d16cfe0856d1d8e6a7c62118d3dcdd601905060f033c5be0",
  "time": 1771153506
}