{
  "video": {
    "id": "U6JzdFFuvgQ",
    "url": "https://www.youtube.com/watch?v=U6JzdFFuvgQ",
    "title": "【3DLIVE】⁠#風真いろは生誕ライブ2023 歌って踊って楽しむでござる🍃ゲストあり＆重大告知あり💡【風真いろは/ホロライブ】",
    "channel": "Iroha ch. 風真いろは - holoX -",
    "filename_stem": "【3DLIVE】⁠#風真いろは生誕ライブ2023 歌って踊って楽しむでござる🍃ゲストあり＆重大告知あり💡【風真いろは⧸ホロライブ】 [U6JzdFFuvgQ]",
    "available": true,
    "is_local": false
  },
  "server": "bffe7abf5bec81d5d16cfe0856d1d8e6a7c62118d3dcdd601905060f033c5be0",
  "time": 1770458739
}