{
  "video": {
    "id": "gdQ4eN9wzZg",
    "url": "https://www.youtube.com/watch?v=gdQ4eN9wzZg",
    "title": "【3D LIVE】AZKi 7th Birthday Live \"Sweet Pop Story\" 新衣装お披露目＆重大発表【#AZKi生誕ライブ2025】",
    "channel": "AZKi Channel",
    "filename_stem": "【3D LIVE】AZKi 7th Birthday Live ＂Sweet Pop Story＂ 新衣装お披露目＆重大発表【#AZKi生誕ライブ2025】 [gdQ4eN9wzZg]",
    "available": true,
    "is_local": false
  },
  "server": "bffe7abf5bec81d5d16cfe0856d1d8e6a7c62118d3dcdd601905060f033c5be0",
  "time": 1770105957
}