{
  "video": {
    "id": "dpcCFGRm5zM",
    "url": "https://www.youtube.com/watch?v=dpcCFGRm5zM",
    "title": "【3D】hololive English -Advent- 2nd Anniversary Live: On the Run!",
    "channel": "hololive English",
    "filename_stem": "【3D】hololive English -Advent- 2nd Anniversary Live： On the Run! [dpcCFGRm5zM]",
    "available": true
  },
  "server": "bffe7abf5bec81d5d16cfe0856d1d8e6a7c62118d3dcdd601905060f033c5be0",
  "time": 1770078905
}