{
  "video": {
    "id": "sEnjWtbnUj4",
    "url": "https://www.youtube.com/watch?v=sEnjWtbnUj4",
    "title": "【3D SHOWCASE COLLAB】hololive English -Council- and IRyS Special 3D Collab! #CouncilRyS3D",
    "channel": "hololive English",
    "filename_stem": "【3D SHOWCASE COLLAB】hololive English -Council- and IRyS Special 3D Collab! #CouncilRyS3D [sEnjWtbnUj4]",
    "available": true,
    "is_local": false
  },
  "server": "bffe7abf5bec81d5d16cfe0856d1d8e6a7c62118d3dcdd601905060f033c5be0",
  "time": 1770392071
}