{
  "video": {
    "id": "6-PlITA_VWg",
    "url": "https://www.youtube.com/watch?v=6-PlITA_VWg",
    "title": "【3D SHOWCASE】LET ME INNNN !!!!!!!!!!!! #VestiaZeta3D",
    "channel": "Vestia Zeta Ch. hololive-ID",
    "filename_stem": "【3D SHOWCASE】LET ME INNNN !!!!!!!!!!!! #VestiaZeta3D [6-PlITA_VWg]",
    "available": true,
    "is_local": false
  },
  "server": "46b43c4506cb5b8ea0a7b881443637a767fcacecdd256b088cb8106192819879",
  "time": 1770328366
}