{
  "video": {
    "id": "SSuRtcLXA0s",
    "url": "https://www.youtube.com/watch?v=SSuRtcLXA0s",
    "title": "【3D Live】KOBO BABY PARTY !!!! GUGU GAGA BABU BABU ???!!! #Kobo3rdAnniversary",
    "channel": "Kobo Kanaeru Ch. hololive-ID",
    "filename_stem": "【3D Live】KOBO BABY PARTY !!!! GUGU GAGA BABU BABU ？？？!!! #Kobo3rdAnniversary [SSuRtcLXA0s]",
    "available": true,
    "is_local": false
  },
  "server": "bffe7abf5bec81d5d16cfe0856d1d8e6a7c62118d3dcdd601905060f033c5be0",
  "time": 1770141771
}