{
  "video": {
    "id": "-7fWewjcygo",
    "url": "https://www.youtube.com/watch?v=-7fWewjcygo",
    "title": "【3D LIVE】ねぽらぼ学園 ☆5周年記念！！輝く学寮祭☆【#ねぽらぼ5周年学祭3Dライブ】",
    "channel": "hololive ホロライブ - VTuber Group",
    "filename_stem": "【3D LIVE】ねぽらぼ学園 ☆5周年記念！！輝く学寮祭☆【#ねぽらぼ5周年学祭3Dライブ】 [-7fWewjcygo]",
    "available": true
  },
  "server": "bffe7abf5bec81d5d16cfe0856d1d8e6a7c62118d3dcdd601905060f033c5be0",
  "time": 1770080784
}