{
  "video": {
    "id": "_vzFNtQsqJI",
    "url": "https://www.youtube.com/watch?v=_vzFNtQsqJI",
    "title": "【3D Live】勝手にDay0⁉こんこよアイランドへようこそ！🏝 #博衣こより生誕Live2024 【博衣こより/ホロライブ】",
    "channel": "Koyori ch. 博衣こより - holoX -",
    "filename_stem": "【3D Live】勝手にDay0⁉こんこよアイランドへようこそ！🏝 #博衣こより生誕Live2024 【博衣こより⧸ホロライブ】 [_vzFNtQsqJI]",
    "available": true,
    "is_local": false
  },
  "server": "b5c979abfc7b9ec43e02a07782bde79e49990f01249be10041fd5f9e1f1b501a",
  "time": 1770279316
}