{
  "video": {
    "id": "MrLjWPYpkKM",
    "url": "https://www.youtube.com/watch?v=MrLjWPYpkKM",
    "title": "【3DLIVE】⁠#風真いろは生誕ライブ2024 可能性大❣いろんな『なりたい自分』✨ゲストあり&重大告知あり💡【風真いろは/ホロライブ】",
    "channel": "Iroha ch. 風真いろは - holoX -",
    "filename_stem": "【3DLIVE】⁠#風真いろは生誕ライブ2024 可能性大❣いろんな『なりたい自分』✨ゲストあり&重大告知あり💡【風真いろは⧸ホロライブ】 [MrLjWPYpkKM]",
    "available": true,
    "is_local": false
  },
  "server": "b5c979abfc7b9ec43e02a07782bde79e49990f01249be10041fd5f9e1f1b501a",
  "time": 1770259009
}