{
  "video": {
    "id": "FXLKbTnMP2M",
    "url": "https://www.youtube.com/watch?v=FXLKbTnMP2M",
    "title": "【3D BIRTHDAY LIVE】 Through the Curious Tune - Anya Melfissa 2025 Birthday Live 生誕祭ライブ #CuriousTune3D",
    "channel": "Anya Melfissa Ch. hololive-ID",
    "filename_stem": "【3D BIRTHDAY LIVE】 Through the Curious Tune - Anya Melfissa 2025 Birthday Live 生誕祭ライブ #CuriousTune3D [FXLKbTnMP2M]",
    "available": true,
    "is_local": false
  },
  "server": "bffe7abf5bec81d5d16cfe0856d1d8e6a7c62118d3dcdd601905060f033c5be0",
  "time": 1770145467
}