{
  "video": {
    "id": "VsYtOSHzXHA",
    "url": "https://www.youtube.com/watch?v=VsYtOSHzXHA",
    "title": "【3DLIVE】今年もアイドル💓獅白ぼたん2周年！2nd Anniversary Live【#獅白ぼたん2周年】",
    "channel": "Botan Ch.獅白ぼたん",
    "filename_stem": "【3DLIVE】今年もアイドル💓獅白ぼたん2周年！2nd Anniversary Live【#獅白ぼたん2周年】 [VsYtOSHzXHA]",
    "available": true,
    "is_local": false
  },
  "server": "bffe7abf5bec81d5d16cfe0856d1d8e6a7c62118d3dcdd601905060f033c5be0",
  "time": 1771005690
}