{
  "video": {
    "id": "W6hZ1EYa37g",
    "url": "https://www.youtube.com/watch?v=W6hZ1EYa37g",
    "title": "【3DLIVE】Amazing Swing / 3D新衣装お披露目＆重大告知あり！【 #角巻わため4周年 】",
    "channel": "Watame Ch. 角巻わため",
    "filename_stem": "【3DLIVE】Amazing Swing ⧸ 3D新衣装お披露目＆重大告知あり！【 #角巻わため4周年 】 [W6hZ1EYa37g]",
    "available": true,
    "is_local": false
  },
  "server": "b5c979abfc7b9ec43e02a07782bde79e49990f01249be10041fd5f9e1f1b501a",
  "time": 1770304594
}