{
  "video": {
    "id": "YHMGdX1kC00",
    "url": "https://www.youtube.com/watch?v=YHMGdX1kC00",
    "title": "【3D Showcase】 Anak Alien holoID Turun ke Bumi (?) #AiraniIofifteen3D【Airani Iofifteen / hololive ID】",
    "channel": "Airani Iofifteen Channel hololive-ID",
    "filename_stem": "【3D Showcase】 Anak Alien holoID Turun ke Bumi (？) #AiraniIofifteen3D【Airani Iofifteen ⧸ hololive ID】 [YHMGdX1kC00]",
    "available": true,
    "is_local": false
  },
  "server": "bffe7abf5bec81d5d16cfe0856d1d8e6a7c62118d3dcdd601905060f033c5be0",
  "time": 1770984852
}