{
  "video": {
    "id": "ZQveWRj0u5E",
    "url": "https://www.youtube.com/watch?v=ZQveWRj0u5E",
    "title": "【3DLIVE】#風真いろは3D 全身で動けるようになった用心棒風真いろは、改めて出陣でござる🍃【風真いろは/ホロライブ6期生】",
    "channel": "Iroha ch. 風真いろは - holoX -",
    "filename_stem": "【3DLIVE】#風真いろは3D 全身で動けるようになった用心棒風真いろは、改めて出陣でござる🍃【風真いろは⧸ホロライブ6期生】 [ZQveWRj0u5E]",
    "available": true,
    "is_local": false
  },
  "server": "bffe7abf5bec81d5d16cfe0856d1d8e6a7c62118d3dcdd601905060f033c5be0",
  "time": 1771054509
}