{
  "video": {
    "id": "IhJW-YPJ-z0",
    "url": "https://www.youtube.com/watch?v=IhJW-YPJ-z0",
    "title": "【3DLIVE】最初で最後の #かなけん3DLIVE !!【天音かなた、沙花叉クロヱ、AZKi  / ホロライブ】",
    "channel": "Kanata Ch. Kanata Amane",
    "filename_stem": "【3DLIVE】最初で最後の #かなけん3DLIVE !!【天音かなた、沙花叉クロヱ、AZKi  ⧸ ホロライブ】 [IhJW-YPJ-z0]",
    "available": true,
    "is_local": false
  },
  "server": "bffe7abf5bec81d5d16cfe0856d1d8e6a7c62118d3dcdd601905060f033c5be0",
  "time": 1770186755
}