{
  "video": {
    "id": "_VKWFWDGhSQ",
    "url": "https://www.youtube.com/watch?v=_VKWFWDGhSQ",
    "title": "【3D Showcase】Total Eclipse of the Moon #MoonaHoshinova3D 【Moona Hoshinova / hololive ID】",
    "channel": "Moona Hoshinova hololive-ID",
    "filename_stem": "【3D Showcase】Total Eclipse of the Moon #MoonaHoshinova3D 【Moona Hoshinova ⧸ hololive ID】 [_VKWFWDGhSQ]",
    "available": true,
    "is_local": false
  },
  "server": "bffe7abf5bec81d5d16cfe0856d1d8e6a7c62118d3dcdd601905060f033c5be0",
  "time": 1770986674
}