{
  "video": {
    "id": "O4Ip7gZQOts",
    "url": "https://www.youtube.com/watch?v=O4Ip7gZQOts",
    "title": "【3DLIVE】あくあ色ふぇすてぃばる。【#湊あくあ4周年記念】",
    "channel": "Aqua Ch. 湊あくあ",
    "filename_stem": "【3DLIVE】あくあ色ふぇすてぃばる。【#湊あくあ4周年記念】 [O4Ip7gZQOts]",
    "available": true,
    "is_local": false
  },
  "server": "bffe7abf5bec81d5d16cfe0856d1d8e6a7c62118d3dcdd601905060f033c5be0",
  "time": 1771009429
}