{
  "video": {
    "id": "fcFwvfav6mQ",
    "url": "https://www.youtube.com/watch?v=fcFwvfav6mQ",
    "title": "【3DLIVE】Revival / 重大告知あり！【#角巻わため生誕祭2024】",
    "channel": "Watame Ch. 角巻わため",
    "filename_stem": "【3DLIVE】Revival ⧸ 重大告知あり！【#角巻わため生誕祭2024】 [fcFwvfav6mQ]",
    "available": true,
    "is_local": false
  },
  "server": "bffe7abf5bec81d5d16cfe0856d1d8e6a7c62118d3dcdd601905060f033c5be0",
  "time": 1770260740
}