{
  "video": {
    "id": "GmbIaroMuiU",
    "url": "https://www.youtube.com/watch?v=GmbIaroMuiU",
    "title": "【3DLIVE】ゲスト＆告知あり✨獅白ぼたん生誕3D LIVE 『MUST RELIVE』【#獅白ぼたん生誕祭2025 /ホロライブ】",
    "channel": "Botan Ch.獅白ぼたん",
    "filename_stem": "【3DLIVE】ゲスト＆告知あり✨獅白ぼたん生誕3D LIVE 『MUST RELIVE』【#獅白ぼたん生誕祭2025 ⧸ホロライブ】 [GmbIaroMuiU]",
    "available": true
  },
  "server": "46b43c4506cb5b8ea0a7b881443637a767fcacecdd256b088cb8106192819879",
  "time": 1770074495
}