{
  "video": {
    "id": "_mThZIRqIBs",
    "url": "https://www.youtube.com/watch?v=_mThZIRqIBs",
    "title": "【3D BIRTHDAY LIVE】Let's party and sing with good friends! 🎂🎉 #RissaHatchDay25",
    "channel": "Nerissa Ravencroft Ch. hololive-EN",
    "filename_stem": "【3D BIRTHDAY LIVE】Let's party and sing with good friends! 🎂🎉 #RissaHatchDay25 [_mThZIRqIBs]",
    "available": true
  },
  "server": "46b43c4506cb5b8ea0a7b881443637a767fcacecdd256b088cb8106192819879",
  "time": 1770056493
}