{
  "video": {
    "id": "UdbB5g1ncHs",
    "url": "https://www.youtube.com/watch?v=UdbB5g1ncHs",
    "title": "【3DLIVE】重大告知あり！ #天音かなた生誕祭 「堕天使の憂鬱」/ Amane Kanata 3DLIVE \"Melancholy of the Fallen Angel\"【ホロライブ】",
    "channel": "Kanata Ch. Kanata Amane",
    "filename_stem": "【3DLIVE】重大告知あり！ #天音かなた生誕祭 「堕天使の憂鬱」⧸ Amane Kanata 3DLIVE ＂Melancholy of the Fallen Angel＂【ホロライブ】 [UdbB5g1ncHs]",
    "available": true,
    "is_local": false
  },
  "server": "bffe7abf5bec81d5d16cfe0856d1d8e6a7c62118d3dcdd601905060f033c5be0",
  "time": 1770125562
}