{
  "video": {
    "id": "bjPYXtxhm0I",
    "url": "https://www.youtube.com/watch?v=bjPYXtxhm0I",
    "title": "【3DLIVE】First Starring Role【轟はじめ/ReGLOSS】 #轟はじめ生誕祭2025",
    "channel": "Hajime Ch. 轟はじめ ‐ ReGLOSS",
    "filename_stem": "【3DLIVE】First Starring Role【轟はじめ⧸ReGLOSS】 #轟はじめ生誕祭2025 [bjPYXtxhm0I]",
    "available": true,
    "is_local": false
  },
  "server": "bffe7abf5bec81d5d16cfe0856d1d8e6a7c62118d3dcdd601905060f033c5be0",
  "time": 1770109458
}