{
  "video": {
    "id": "qk0HSjgN5LQ",
    "url": "https://www.youtube.com/watch?v=qk0HSjgN5LQ",
    "title": "【3D SHOWCASE】A ZOMBIE IDOL'S DREAM COME TRUE?! #KureijiOllie3D",
    "channel": "Kureiji Ollie Ch. hololive-ID",
    "filename_stem": "【3D SHOWCASE】A ZOMBIE IDOL'S DREAM COME TRUE？! #KureijiOllie3D [qk0HSjgN5LQ]",
    "available": true,
    "is_local": false
  },
  "server": "bffe7abf5bec81d5d16cfe0856d1d8e6a7c62118d3dcdd601905060f033c5be0",
  "time": 1770438895
}