{
  "video": {
    "id": "CXLL4W4w4I8",
    "url": "https://www.youtube.com/watch?v=CXLL4W4w4I8",
    "title": "【3DLIVE】#まちゅまちゅ動画 ～インターネット老人会～【ホロライブ/夏色まつり】",
    "channel": "Matsuri Channel 夏色まつり",
    "filename_stem": "【3DLIVE】#まちゅまちゅ動画 ～インターネット老人会～【ホロライブ⧸夏色まつり】 [CXLL4W4w4I8]",
    "available": true,
    "is_local": false
  },
  "server": "bffe7abf5bec81d5d16cfe0856d1d8e6a7c62118d3dcdd601905060f033c5be0",
  "time": 1770325410
}