{
  "video": {
    "id": "1ibr6Zav_Ag",
    "url": "https://www.youtube.com/watch?v=1ibr6Zav_Ag",
    "title": "【3D BDAY】AGENT TEST START! ....LOADING...【#AgentTest3D】",
    "channel": "Vestia Zeta Ch. hololive-ID",
    "filename_stem": "【3D BDAY】AGENT TEST START! ....LOADING...【#AgentTest3D】 [1ibr6Zav_Ag]",
    "available": true
  },
  "server": "46b43c4506cb5b8ea0a7b881443637a767fcacecdd256b088cb8106192819879",
  "time": 1770060096
}