{
  "video": {
    "id": "VxnwBm49egM",
    "url": "https://www.youtube.com/watch?v=VxnwBm49egM",
    "title": "【3D Showcase】 Yes, a squirrel can be an Idol, too #AyundaRisu3D【Ayunda Risu / hololive ID 】",
    "channel": "Ayunda Risu Ch. hololive-ID",
    "filename_stem": "【3D Showcase】 Yes, a squirrel can be an Idol, too #AyundaRisu3D【Ayunda Risu ⧸ hololive ID 】 [VxnwBm49egM]",
    "available": true,
    "is_local": false
  },
  "server": "bffe7abf5bec81d5d16cfe0856d1d8e6a7c62118d3dcdd601905060f033c5be0",
  "time": 1770698157
}