{
  "video": {
    "id": "fm9yOM9knZo",
    "url": "https://www.youtube.com/watch?v=fm9yOM9knZo",
    "title": "【3D重大告知】VTuber人生を教科書にして #しくじりかなたそ 先生爆誕！！【天音かなた/ホロライブ】",
    "channel": "Kanata Ch. Kanata Amane",
    "filename_stem": "【3D重大告知】VTuber人生を教科書にして #しくじりかなたそ 先生爆誕！！【天音かなた⧸ホロライブ】 [fm9yOM9knZo]",
    "available": true,
    "is_local": false
  },
  "server": "bffe7abf5bec81d5d16cfe0856d1d8e6a7c62118d3dcdd601905060f033c5be0",
  "time": 1770113040
}