{
  "video": {
    "id": "R3hmYr58m6E",
    "url": "https://www.youtube.com/watch?v=R3hmYr58m6E",
    "title": "【3DLIVE】THE DAY / 重大告知あり！【#角巻わため生誕祭2023】",
    "channel": "Watame Ch. 角巻わため",
    "filename_stem": "【3DLIVE】THE DAY ⧸ 重大告知あり！【#角巻わため生誕祭2023】 [R3hmYr58m6E]",
    "available": true,
    "is_local": false
  },
  "server": "bffe7abf5bec81d5d16cfe0856d1d8e6a7c62118d3dcdd601905060f033c5be0",
  "time": 1770462145
}