{
  "video": {
    "id": "yT2ety9RfIo",
    "url": "https://www.youtube.com/watch?v=yT2ety9RfIo",
    "title": "【3D LIVE】『Neverland Paradox』 Ninomae Ina'nis Birthday Live 2023 #INAinaNeverland",
    "channel": "Ninomae Ina'nis Ch. hololive-EN",
    "filename_stem": "【3D LIVE】『Neverland Paradox』 Ninomae Ina'nis Birthday Live 2023 #INAinaNeverland [yT2ety9RfIo]",
    "available": true,
    "is_local": false
  },
  "server": "b5c979abfc7b9ec43e02a07782bde79e49990f01249be10041fd5f9e1f1b501a",
  "time": 1770310036
}