{
  "video": {
    "id": "995QkX6r7RA",
    "url": "https://www.youtube.com/watch?v=995QkX6r7RA",
    "title": "【3D Birthday Performance】Risu's Isekai Express : Special Performance Delivery【#RiSekaiExpress】",
    "channel": "Ayunda Risu Ch. hololive-ID",
    "filename_stem": "【3D Birthday Performance】Risu's Isekai Express ： Special Performance Delivery【#RiSekaiExpress】 [995QkX6r7RA]",
    "available": true,
    "is_local": false
  },
  "server": "b5c979abfc7b9ec43e02a07782bde79e49990f01249be10041fd5f9e1f1b501a",
  "time": 1770179291
}