{
  "video": {
    "id": "cB-8A760jtI",
    "url": "https://www.youtube.com/watch?v=cB-8A760jtI",
    "title": "【3DLIVE】夏色まつり Birthday Live🎂🎉 #今夜はdancethenight【ホロライブ/夏色まつり】",
    "channel": "Matsuri Channel 夏色まつり",
    "filename_stem": "【3DLIVE】夏色まつり Birthday Live🎂🎉 #今夜はdancethenight【ホロライブ⧸夏色まつり】 [cB-8A760jtI]",
    "available": true,
    "is_local": false
  },
  "server": "bffe7abf5bec81d5d16cfe0856d1d8e6a7c62118d3dcdd601905060f033c5be0",
  "time": 1770417163
}