{
  "video": {
    "id": "vTsOdumJEOY",
    "url": "https://www.youtube.com/watch?v=vTsOdumJEOY",
    "title": "【3DLIVE】夏のホラー満載‼️#赤井はあと爆誕祭2025 👻【ゲスト多数&告知あり◎】【ホロライブ/赤井はあと】",
    "channel": "HAACHAMA Ch 赤井はあと",
    "filename_stem": "【3DLIVE】夏のホラー満載‼️#赤井はあと爆誕祭2025 👻【ゲスト多数&告知あり◎】【ホロライブ⧸赤井はあと】 [vTsOdumJEOY]",
    "available": true
  },
  "server": "b5c979abfc7b9ec43e02a07782bde79e49990f01249be10041fd5f9e1f1b501a",
  "time": 1770083089
}