{
  "video": {
    "id": "ztW56LCevmI",
    "url": "https://www.youtube.com/watch?v=ztW56LCevmI",
    "title": "【3D LIVE】秘密結社holoX3周年 3DLIVE【#SSholoX3周年】",
    "channel": "hololive ホロライブ - VTuber Group",
    "filename_stem": "【3D LIVE】秘密結社holoX3周年 3DLIVE【#SSholoX3周年】 [ztW56LCevmI]",
    "available": true,
    "is_local": false
  },
  "server": "bffe7abf5bec81d5d16cfe0856d1d8e6a7c62118d3dcdd601905060f033c5be0",
  "time": 1770177845
}