{
  "video": {
    "id": "dlqbZK1UWx0",
    "url": "https://www.youtube.com/watch?v=dlqbZK1UWx0",
    "title": "【3DLIVE】紫咲シオン3rd Anniversary LIVE【#紫咲シオン3周年記念】",
    "channel": "Shion Ch. 紫咲シオン",
    "filename_stem": "【3DLIVE】紫咲シオン3rd Anniversary LIVE【#紫咲シオン3周年記念】 [dlqbZK1UWx0]",
    "available": true,
    "is_local": false
  },
  "server": "bffe7abf5bec81d5d16cfe0856d1d8e6a7c62118d3dcdd601905060f033c5be0",
  "time": 1771165928
}