{
  "video": {
    "id": "t2j89jXBhO8",
    "url": "https://www.youtube.com/watch?v=t2j89jXBhO8",
    "title": "【3D】みんなとの絆をチェックして、歌って重大告知を目指す！【#トワ様重大発表】",
    "channel": "Towa Ch.Tokoyami Towa",
    "filename_stem": "【3D】みんなとの絆をチェックして、歌って重大告知を目指す！【#トワ様重大発表】 [t2j89jXBhO8]",
    "available": true,
    "is_local": false
  },
  "server": "bffe7abf5bec81d5d16cfe0856d1d8e6a7c62118d3dcdd601905060f033c5be0",
  "time": 1770437174
}