{
  "video": {
    "id": "JEyWbHwLKJE",
    "url": "https://www.youtube.com/watch?v=JEyWbHwLKJE",
    "title": "【3D LIVE】100万人記念🎉いっぱい歌って踊って楽しんじゃお🎶【白銀ノエル/ホロライブ】",
    "channel": "Noel Ch. 白銀ノエル",
    "filename_stem": "【3D LIVE】100万人記念🎉いっぱい歌って踊って楽しんじゃお🎶【白銀ノエル⧸ホロライブ】 [JEyWbHwLKJE]",
    "available": true,
    "is_local": false
  },
  "server": "bffe7abf5bec81d5d16cfe0856d1d8e6a7c62118d3dcdd601905060f033c5be0",
  "time": 1771205603
}