{
  "video": {
    "id": "V0plPBgyqPs",
    "url": "https://www.youtube.com/watch?v=V0plPBgyqPs",
    "title": "【3D LIVE - HOPE UPON A STAR 】IRyS 2025 BIRTHDAY LIVE #IRySBDay2025",
    "channel": "IRyS Ch. hololive-EN",
    "filename_stem": "【3D LIVE - HOPE UPON A STAR 】IRyS 2025 BIRTHDAY LIVE #IRySBDay2025 [V0plPBgyqPs]",
    "available": true,
    "is_local": false
  },
  "server": "b5c979abfc7b9ec43e02a07782bde79e49990f01249be10041fd5f9e1f1b501a",
  "time": 1770142555
}