{
  "video": {
    "id": "1WbyakjUmsI",
    "url": "https://www.youtube.com/watch?v=1WbyakjUmsI",
    "title": "【3D新衣装お披露目】宝鐘マリン生誕3D LIVE ！！重大告知あり！ゲスト多数＆サクラ大戦から豪華ゲストも！！【ホロライブ/宝鐘マリン】#宝鐘マリン生誕祭2025",
    "channel": "Marine Ch. 宝鐘マリン",
    "filename_stem": "【3D新衣装お披露目】宝鐘マリン生誕3D LIVE ！！重大告知あり！ゲスト多数＆サクラ大戦から豪華ゲストも！！【ホロライブ⧸宝鐘マリン】#宝鐘マリ",
    "available": true,
    "is_local": false
  },
  "server": "46b43c4506cb5b8ea0a7b881443637a767fcacecdd256b088cb8106192819879",
  "time": 1770098010
}