{
  "video": {
    "id": "d7Rxu-f-Kz0",
    "url": "https://www.youtube.com/watch?v=d7Rxu-f-Kz0",
    "title": "【3DLIVE】わたROCKFES2022 ～My song～【#わたフェス】",
    "channel": "Watame Ch. 角巻わため",
    "filename_stem": "【3DLIVE】わたROCKFES2022 ～My song～【#わたフェス】 [d7Rxu-f-Kz0]",
    "available": true,
    "is_local": false
  },
  "server": "bffe7abf5bec81d5d16cfe0856d1d8e6a7c62118d3dcdd601905060f033c5be0",
  "time": 1770640578
}