{
  "video": {
    "id": "WkUXJUQMZ-8",
    "url": "https://www.youtube.com/watch?v=WkUXJUQMZ-8",
    "title": "【3DLIVE】紫咲シオン 4th Anniversary LIVE【#紫咲シオン4周年記念】",
    "channel": "Shion Ch. 紫咲シオン",
    "filename_stem": "【3DLIVE】紫咲シオン 4th Anniversary LIVE【#紫咲シオン4周年記念】 [WkUXJUQMZ-8]",
    "available": true,
    "is_local": false
  },
  "server": "bffe7abf5bec81d5d16cfe0856d1d8e6a7c62118d3dcdd601905060f033c5be0",
  "time": 1771002163
}