{
  "video": {
    "id": "q3Z9dPHKS3Q",
    "url": "https://www.youtube.com/watch?v=q3Z9dPHKS3Q",
    "title": "【3D SHOWCASE】Super Special Party Time! ３Dお披露目！#Kiara3DParty",
    "channel": "Takanashi Kiara Ch. hololive-EN",
    "filename_stem": "【3D SHOWCASE】Super Special Party Time! ３Dお披露目！#Kiara3DParty [q3Z9dPHKS3Q]",
    "available": true,
    "is_local": false
  },
  "server": "bffe7abf5bec81d5d16cfe0856d1d8e6a7c62118d3dcdd601905060f033c5be0",
  "time": 1770615356
}