{
  "video": {
    "id": "42h4ydJS3zk",
    "url": "https://www.youtube.com/watch?v=42h4ydJS3zk",
    "title": "【3DLIVE】#風真いろは生誕LIVE2025 告知&ゲストあり🎈これが風真いろはです！~Reversible~【風真いろは/ホロライブ】",
    "channel": "Iroha ch. 風真いろは - holoX -",
    "filename_stem": "【3DLIVE】#風真いろは生誕LIVE2025 告知&ゲストあり🎈これが風真いろはです！~Reversible~【風真いろは⧸ホロライブ】 [42h4ydJS3zk]",
    "available": true,
    "is_local": false
  },
  "server": "b5c979abfc7b9ec43e02a07782bde79e49990f01249be10041fd5f9e1f1b501a",
  "time": 1770106388
}