{
  "video": {
    "id": "7M4E3WGWlRM",
    "url": "https://www.youtube.com/watch?v=7M4E3WGWlRM",
    "title": "【3D LIVE CONCERT 生誕ライブ】FUWAMOCO wacha wacha birthday festival 🎂🐾 【#FWMCbday26】",
    "channel": "FUWAMOCO Ch. hololive-EN",
    "filename_stem": "【3D LIVE CONCERT 生誕ライブ】FUWAMOCO wacha wacha birthday festival 🎂🐾 【#FWMCbday26】 [7M4E3WGWlRM]",
    "available": true
  },
  "server": "f28cb5a7718a98eaffb7e64e72b7070dc342d5b47409decb5f48e5ef624ba645",
  "time": 1770036250
}