{
  "video": {
    "id": "_qqd8XuHnUA",
    "url": "https://www.youtube.com/watch?v=_qqd8XuHnUA",
    "title": "【3D LIVE】AZKi対バン企画 LAST V STANDiNG vol.3 #LVS3【GUEST:MaiR】",
    "channel": "AZKi Channel",
    "filename_stem": "【3D LIVE】AZKi対バン企画 LAST V STANDiNG vol.3 #LVS3【GUEST：MaiR】 [_qqd8XuHnUA]",
    "available": true,
    "is_local": false
  },
  "server": "bffe7abf5bec81d5d16cfe0856d1d8e6a7c62118d3dcdd601905060f033c5be0",
  "time": 1771210911
}