{
  "video": {
    "id": "lVi3Wb7WShU",
    "url": "https://www.youtube.com/watch?v=lVi3Wb7WShU",
    "title": "【3D DEBUT】GIIII~MURIN! × 3D Gigi Murin desu #GIGI3D",
    "channel": "Gigi Murin Ch. hololive-EN",
    "filename_stem": "【3D DEBUT】GIIII~MURIN! × 3D Gigi Murin desu #GIGI3D [lVi3Wb7WShU]",
    "available": true
  },
  "server": "b5c979abfc7b9ec43e02a07782bde79e49990f01249be10041fd5f9e1f1b501a",
  "time": 1770086599
}