{
  "video": {
    "id": "pYutA8gUu-E",
    "url": "https://www.youtube.com/watch?v=pYutA8gUu-E",
    "title": "【3D SHOWCASE】GURRRAAAAA 🐟  #GuraTV",
    "channel": "Gawr Gura Ch. hololive-EN",
    "filename_stem": "【3D SHOWCASE】GURRRAAAAA 🐟  #GuraTV [pYutA8gUu-E]",
    "available": true,
    "is_local": false
  },
  "server": "bffe7abf5bec81d5d16cfe0856d1d8e6a7c62118d3dcdd601905060f033c5be0",
  "time": 1770611763
}