{
  "video": {
    "id": "rhgRzAgYKDM",
    "url": "https://www.youtube.com/watch?v=rhgRzAgYKDM",
    "title": "【3DLIVE】重大告知あり！\"アニソン Night Fever!!\"【#角巻わため生誕祭2025】",
    "channel": "Watame Ch. 角巻わため",
    "filename_stem": "【3DLIVE】重大告知あり！＂アニソン Night Fever!!＂【#角巻わため生誕祭2025】 [rhgRzAgYKDM]",
    "available": true,
    "is_local": false
  },
  "server": "bffe7abf5bec81d5d16cfe0856d1d8e6a7c62118d3dcdd601905060f033c5be0",
  "time": 1770111329
}