{
  "video": {
    "id": "e3JBtoh9pOQ",
    "url": "https://www.youtube.com/watch?v=e3JBtoh9pOQ",
    "title": "【3D LIVE】AZKi 5th Birthday Live \"DESTiNATiON -ちいさな心が行く先-\"【#AZKi生誕ライブ2023】",
    "channel": "AZKi Channel",
    "filename_stem": "【3D LIVE】AZKi 5th Birthday Live ＂DESTiNATiON -ちいさな心が行く先-＂【#AZKi生誕ライブ2023】 [e3JBtoh9pOQ]",
    "available": true,
    "is_local": false
  },
  "server": "bffe7abf5bec81d5d16cfe0856d1d8e6a7c62118d3dcdd601905060f033c5be0",
  "time": 1770453352
}