{
  "video": {
    "id": "wrsUn4IQmZ0",
    "url": "https://www.youtube.com/watch?v=wrsUn4IQmZ0",
    "title": "【3D LIVE】 1st generation 7th anniversary♪♪ 【 #電脳ぴゅあ推し大宣言 】",
    "channel": "hololive ホロライブ - VTuber Group",
    "filename_stem": "【3D LIVE】 1st generation 7th anniversary♪♪ 【 #電脳ぴゅあ推し大宣言 】 [wrsUn4IQmZ0]",
    "available": true,
    "is_local": false
  },
  "server": "b5c979abfc7b9ec43e02a07782bde79e49990f01249be10041fd5f9e1f1b501a",
  "time": 1770111959
}