{
  "video": {
    "id": "QVxgwstf-Aw",
    "url": "https://www.youtube.com/watch?v=QVxgwstf-Aw",
    "title": "【3D SHOWCASE】SHARPLY Unsheathed. Here I Go! 3Dお披露目配信！これが古代兵器の本気。 #AnyaMelfissa3D",
    "channel": "Anya Melfissa Ch. hololive-ID",
    "filename_stem": "【3D SHOWCASE】SHARPLY Unsheathed. Here I Go! 3Dお披露目配信！これが古代兵器の本気。 #AnyaMelfissa3D [QVxgwstf-Aw]",
    "available": true,
    "is_local": false
  },
  "server": "bffe7abf5bec81d5d16cfe0856d1d8e6a7c62118d3dcdd601905060f033c5be0",
  "time": 1770435240
}