{
  "video": {
    "id": "_Br7Oc1VmdY",
    "url": "https://www.youtube.com/watch?v=_Br7Oc1VmdY",
    "title": "【BIRTHDAY 2023】HAPPY FISHE DAY 🧁🐟 #GuraBirthday2023",
    "channel": "Gawr Gura Ch. hololive-EN",
    "filename_stem": "【BIRTHDAY 2023】HAPPY FISHE DAY 🧁🐟 #GuraBirthday2023 [_Br7Oc1VmdY]",
    "available": true,
    "is_local": false
  },
  "server": "bffe7abf5bec81d5d16cfe0856d1d8e6a7c62118d3dcdd601905060f033c5be0",
  "time": 1770456965
}