{
  "video": {
    "id": "DW_8xrtourE",
    "url": "https://www.youtube.com/watch?v=DW_8xrtourE",
    "title": "【BIRTHDAY💗3DLIVE】4人なら絶対てーきあつにまけないもん！【#尾丸ポルカ生誕祭2023】",
    "channel": "Polka Ch. 尾丸ポルカ",
    "filename_stem": "【BIRTHDAY💗3DLIVE】4人なら絶対てーきあつにまけないもん！【#尾丸ポルカ生誕祭2023】 [DW_8xrtourE]",
    "available": true,
    "is_local": false
  },
  "server": "bffe7abf5bec81d5d16cfe0856d1d8e6a7c62118d3dcdd601905060f033c5be0",
  "time": 1770624302
}