{
  "video": {
    "id": "7y8yAKaBzZw",
    "url": "https://www.youtube.com/watch?v=7y8yAKaBzZw",
    "title": "【BIRTHDAY 3D】Karaoke Birthday Bash! #happymoriday",
    "channel": "Mori Calliope Ch. hololive-EN",
    "filename_stem": "【BIRTHDAY 3D】Karaoke Birthday Bash! #happymoriday [7y8yAKaBzZw]",
    "available": true,
    "is_local": false
  },
  "server": "bffe7abf5bec81d5d16cfe0856d1d8e6a7c62118d3dcdd601905060f033c5be0",
  "time": 1770592191
}