{
  "video": {
    "id": "HzTiec89h90",
    "url": "https://www.youtube.com/watch?v=HzTiec89h90",
    "title": "【Day 1】hololive English 3rd Concert -All for One-【Free Preview】",
    "channel": "hololive English",
    "filename_stem": "【Day 1】hololive English 3rd Concert -All for One-【Free Preview】 [HzTiec89h90]",
    "available": true
  },
  "server": "46b43c4506cb5b8ea0a7b881443637a767fcacecdd256b088cb8106192819879",
  "time": 1770079973
}