{
  "video": {
    "id": "h4isKo0FDF8",
    "url": "https://www.youtube.com/watch?v=h4isKo0FDF8",
    "title": "【Day 2】hololive English 3rd Concert -All for One-【Free Preview】",
    "channel": "hololive English",
    "filename_stem": "【Day 2】hololive English 3rd Concert -All for One-【Free Preview】 [h4isKo0FDF8]",
    "available": true
  },
  "server": "b5c979abfc7b9ec43e02a07782bde79e49990f01249be10041fd5f9e1f1b501a",
  "time": 1770079620
}