{
  "video": {
    "id": "EWdy0nq4nQU",
    "url": "https://www.youtube.com/watch?v=EWdy0nq4nQU",
    "title": "【hololive English -Advent-】 Special 3D Collab! #Advent3D",
    "channel": "hololive English",
    "filename_stem": "【hololive English -Advent-】 Special 3D Collab! #Advent3D [EWdy0nq4nQU]",
    "available": true,
    "is_local": false
  },
  "server": "46b43c4506cb5b8ea0a7b881443637a767fcacecdd256b088cb8106192819879",
  "time": 1770241940
}