{
  "video": {
    "id": "7R2Q1xjz8eU",
    "url": "https://www.youtube.com/watch?v=7R2Q1xjz8eU",
    "title": "【LIVEあり！ゲストあり！】holoXついに◯◯進出！？刮目せよ！我ら #SSholoX2周年",
    "channel": "hololive ホロライブ - VTuber Group",
    "filename_stem": "【LIVEあり！ゲストあり！】holoXついに◯◯進出！？刮目せよ！我ら #SSholoX2周年 [7R2Q1xjz8eU]",
    "available": true,
    "is_local": false
  },
  "server": "46b43c4506cb5b8ea0a7b881443637a767fcacecdd256b088cb8106192819879",
  "time": 1770315959
}