{
  "job": {
    "uploader_id": "HakosBaelz",
    "file": "【MV】Best Friend - Kana Nishino ｜｜ preYdator COVER [3n1AThmEii8]",
    "video_id": "3n1AThmEii8",
    "url": "https://www.youtube.com/watch?v=3n1AThmEii8",
    "title": "【MV】Best Friend - Kana Nishino || preYdator COVER"
  },
  "server": "bffe7abf5bec81d5d16cfe0856d1d8e6a7c62118d3dcdd601905060f033c5be0",
  "time": 1772190878
}