{
  "video": {
    "id": "oY0HSWOqV0s",
    "url": "https://www.youtube.com/watch?v=oY0HSWOqV0s",
    "title": "【Mini 3D Live】hololive Indonesia Generasi 1 Bernyanyi Bersama #Area15Mini3DLive",
    "channel": "hololive Indonesia",
    "filename_stem": "【Mini 3D Live】hololive Indonesia Generasi 1 Bernyanyi Bersama #Area15Mini3DLive [oY0HSWOqV0s]",
    "available": true,
    "is_local": false
  },
  "server": "bffe7abf5bec81d5d16cfe0856d1d8e6a7c62118d3dcdd601905060f033c5be0",
  "time": 1770696125
}