{
  "video": {
    "id": "dQ_i_bGR3Zo",
    "url": "https://www.youtube.com/watch?v=dQ_i_bGR3Zo",
    "title": "【Mini 3D Live】hololive ID 3rd Generation h3ro Night Live #h3roNightLive",
    "channel": "hololive Indonesia",
    "filename_stem": "【Mini 3D Live】hololive ID 3rd Generation h3ro Night Live #h3roNightLive [dQ_i_bGR3Zo]",
    "available": true,
    "is_local": false
  },
  "server": "46b43c4506cb5b8ea0a7b881443637a767fcacecdd256b088cb8106192819879",
  "time": 1770326743
}