{
  "video": {
    "id": "sdzbH7LX80w",
    "url": "https://www.youtube.com/watch?v=sdzbH7LX80w",
    "title": "【NO DOWN TIME!!】Mori Calliope 3D Birthday Live 2024 #NODOWNTIME2024",
    "channel": "Mori Calliope Ch. hololive-EN",
    "filename_stem": "【NO DOWN TIME!!】Mori Calliope 3D Birthday Live 2024 #NODOWNTIME2024 [sdzbH7LX80w]",
    "available": true,
    "is_local": false
  },
  "server": "46b43c4506cb5b8ea0a7b881443637a767fcacecdd256b088cb8106192819879",
  "time": 1770268907
}