{
  "video": {
    "id": "zzVcTQOdLZE",
    "url": "https://www.youtube.com/watch?v=zzVcTQOdLZE",
    "title": "【OmaruPolkaBirthday2026】Glitter of Love | Birthday 3D Live【hololive】",
    "channel": "Polka Ch. 尾丸ポルカ",
    "filename_stem": "【OmaruPolkaBirthday2026】Glitter of Love ｜ Birthday 3D Live【hololive】 [zzVcTQOdLZE]",
    "available": true,
    "is_local": false
  },
  "server": "bffe7abf5bec81d5d16cfe0856d1d8e6a7c62118d3dcdd601905060f033c5be0",
  "time": 1770577290
}