{
  "video": {
    "id": "RQn7biOiqHs",
    "url": "https://www.youtube.com/watch?v=RQn7biOiqHs",
    "title": "【THE DEVIL WEARS HOPE 3D LIVE】 IRyS Anniversary LIVE #DevilWearsHope",
    "channel": "IRyS Ch. hololive-EN",
    "filename_stem": "【THE DEVIL WEARS HOPE 3D LIVE】 IRyS Anniversary LIVE #DevilWearsHope [RQn7biOiqHs]",
    "available": true,
    "is_local": false
  },
  "server": "46b43c4506cb5b8ea0a7b881443637a767fcacecdd256b088cb8106192819879",
  "time": 1770204161
}