{
  "video": {
    "id": "BTEnvixJqwQ",
    "url": "https://www.youtube.com/watch?v=BTEnvixJqwQ",
    "title": "【VTuber】ホロライブ格付けスペシャル！！天音かなた爆誕記念👑【天音かなた/ホロライブ】",
    "channel": "Kanata Ch. Kanata Amane",
    "filename_stem": "【VTuber】ホロライブ格付けスペシャル！！天音かなた爆誕記念👑【天音かなた⧸ホロライブ】 [BTEnvixJqwQ]",
    "available": true,
    "is_local": false
  },
  "server": "bffe7abf5bec81d5d16cfe0856d1d8e6a7c62118d3dcdd601905060f033c5be0",
  "time": 1770588258
}