{
  "video": {
    "id": "Sg8ijuHDcx0",
    "url": "https://www.youtube.com/watch?v=Sg8ijuHDcx0",
    "title": "【チラ見せ枠・夜公演】AZKi Major Debut LiVE「声音エントロピー」【#AZKiワンマン #AZKiワンマン横浜夜】",
    "channel": "AZKi Channel",
    "filename_stem": "【チラ見せ枠・夜公演】AZKi Major Debut LiVE「声音エントロピー」【#AZKiワンマン #AZKiワンマン横浜夜】 [Sg8ijuHDcx0]",
    "available": true,
    "is_local": false
  },
  "server": "b5c979abfc7b9ec43e02a07782bde79e49990f01249be10041fd5f9e1f1b501a",
  "time": 1770250853
}