{
  "video": {
    "id": "LtqzI9y5yII",
    "url": "https://www.youtube.com/watch?v=LtqzI9y5yII",
    "title": "【チラ見せ】Hoshimachi Suisei 1st Solo Live \"STELLAR into the GALAXY\" Supported By Bushiroad",
    "channel": "Suisei Channel",
    "filename_stem": "【チラ見せ】Hoshimachi Suisei 1st Solo Live ＂STELLAR into the GALAXY＂ Supported By Bushiroad [LtqzI9y5yII]",
    "available": true,
    "is_local": false
  },
  "server": "bffe7abf5bec81d5d16cfe0856d1d8e6a7c62118d3dcdd601905060f033c5be0",
  "time": 1771138997
}