{
  "video": {
    "id": "IPeU2_BOwA8",
    "url": "https://www.youtube.com/watch?v=IPeU2_BOwA8",
    "title": "【チラ見せ】HOLOLIVE FANTASY 1st LIVE FAN FUN ISLAND【 #ホロライブ3期生1stライブ 】",
    "channel": "hololive ホロライブ - VTuber Group",
    "filename_stem": "【チラ見せ】HOLOLIVE FANTASY 1st LIVE FAN FUN ISLAND【 #ホロライブ3期生1stライブ 】 [IPeU2_BOwA8]",
    "available": true,
    "is_local": false
  },
  "server": "bffe7abf5bec81d5d16cfe0856d1d8e6a7c62118d3dcdd601905060f033c5be0",
  "time": 1771129930
}