{
  "video": {
    "id": "KbSdP7GAOG0",
    "url": "https://www.youtube.com/watch?v=KbSdP7GAOG0",
    "title": "【チラ見せ枠・昼公演】ときのそら5th Anniversary Live『宇宙と時空のミルキーウェイ』【 #ときのそらMW 】",
    "channel": "SoraCh. ときのそらチャンネル",
    "filename_stem": "【チラ見せ枠・昼公演】ときのそら5th Anniversary Live『宇宙と時空のミルキーウェイ』【 #ときのそらMW 】 [KbSdP7GAOG0]",
    "available": true,
    "is_local": false
  },
  "server": "bffe7abf5bec81d5d16cfe0856d1d8e6a7c62118d3dcdd601905060f033c5be0",
  "time": 1770678452
}