{
  "video": {
    "id": "DpYSUe6Ca9o",
    "url": "https://www.youtube.com/watch?v=DpYSUe6Ca9o",
    "title": "【チラ見せ】Amane Kanata 1st Solo Live \"LOCK ON\" 有明アリーナ",
    "channel": "Kanata Ch. Kanata Amane",
    "filename_stem": "【チラ見せ】Amane Kanata 1st Solo Live ＂LOCK ON＂ 有明アリーナ [DpYSUe6Ca9o]",
    "available": true
  },
  "server": "bffe7abf5bec81d5d16cfe0856d1d8e6a7c62118d3dcdd601905060f033c5be0",
  "time": 1770082326
}