{
  "video": {
    "id": "WubP90C6KlY",
    "url": "https://www.youtube.com/watch?v=WubP90C6KlY",
    "title": "【チラ見せ枠・DAY2】ときのそら 8th Anniversary Party「Starry Bl∞min'」",
    "channel": "SoraCh. ときのそらチャンネル",
    "filename_stem": "【チラ見せ枠・DAY2】ときのそら 8th Anniversary Party「Starry Bl∞min'」 [WubP90C6KlY]",
    "available": true
  },
  "server": "46b43c4506cb5b8ea0a7b881443637a767fcacecdd256b088cb8106192819879",
  "time": 1770067295
}