{
  "video": {
    "id": "aBU9HgJmUWk",
    "url": "https://www.youtube.com/watch?v=aBU9HgJmUWk",
    "title": "【チラ見せ枠】わためぇ Night Fever!! in TOKYO GARDEN THEATER【角巻わため/ホロライブ４期生】",
    "channel": "Watame Ch. 角巻わため",
    "filename_stem": "【チラ見せ枠】わためぇ Night Fever!! in TOKYO GARDEN THEATER【角巻わため⧸ホロライブ４期生】 [aBU9HgJmUWk]",
    "available": true,
    "is_local": false
  },
  "server": "46b43c4506cb5b8ea0a7b881443637a767fcacecdd256b088cb8106192819879",
  "time": 1770294385
}