{
  "video": {
    "id": "RRH29-R71T0",
    "url": "https://www.youtube.com/watch?v=RRH29-R71T0",
    "title": "【チラ見せ】hololive 5th Generation Live \"Twinkle 4 You\" 【#ねぽらぼT4U】",
    "channel": "hololive ホロライブ - VTuber Group",
    "filename_stem": "【チラ見せ】hololive 5th Generation Live ＂Twinkle 4 You＂ 【#ねぽらぼT4U】 [RRH29-R71T0]",
    "available": true,
    "is_local": false
  },
  "server": "bffe7abf5bec81d5d16cfe0856d1d8e6a7c62118d3dcdd601905060f033c5be0",
  "time": 1770449668
}