{
  "video": {
    "id": "2ZvJOnftaSI",
    "url": "https://www.youtube.com/watch?v=2ZvJOnftaSI",
    "title": "【チラ見せ枠・昼公演】AZKi Major Debut LiVE「声音エントロピー」【#AZKiワンマン #AZKiワンマン横浜昼】",
    "channel": "AZKi Channel",
    "filename_stem": "【チラ見せ枠・昼公演】AZKi Major Debut LiVE「声音エントロピー」【#AZKiワンマン #AZKiワンマン横浜昼】 [2ZvJOnftaSI]",
    "available": true,
    "is_local": false
  },
  "server": "bffe7abf5bec81d5d16cfe0856d1d8e6a7c62118d3dcdd601905060f033c5be0",
  "time": 1770251634
}