{
  "video": {
    "id": "ge0wzL9hFOY",
    "url": "https://www.youtube.com/watch?v=ge0wzL9hFOY",
    "title": "【チラ見せ】宝鐘マリン1stライブ「Ahoy!! キミたちみんなパイレーツ♡」【DAY1】",
    "channel": "Marine Ch. 宝鐘マリン",
    "filename_stem": "【チラ見せ】宝鐘マリン1stライブ「Ahoy!! キミたちみんなパイレーツ♡」【DAY1】 [ge0wzL9hFOY]",
    "available": true,
    "is_local": false
  },
  "server": "b5c979abfc7b9ec43e02a07782bde79e49990f01249be10041fd5f9e1f1b501a",
  "time": 1770196419
}