{
  "video": {
    "id": "BRiz6VMcL8c",
    "url": "https://www.youtube.com/watch?v=BRiz6VMcL8c",
    "title": "【チラ見せ】Shirakami Fubuki 1stLIVE FBKINGDOM “ANTHEM”",
    "channel": "フブキCh。白上フブキ",
    "filename_stem": "【チラ見せ】Shirakami Fubuki 1stLIVE FBKINGDOM “ANTHEM” [BRiz6VMcL8c]",
    "available": true,
    "is_local": false
  },
  "server": "bffe7abf5bec81d5d16cfe0856d1d8e6a7c62118d3dcdd601905060f033c5be0",
  "time": 1770166589
}