{
  "video": {
    "id": "cB-gslGpCO0",
    "url": "https://www.youtube.com/watch?v=cB-gslGpCO0",
    "title": "【チラ見せ枠・DAY1】ときのそら 8th Anniversary Party「Starry Bl∞min'」",
    "channel": "SoraCh. ときのそらチャンネル",
    "filename_stem": "【チラ見せ枠・DAY1】ときのそら 8th Anniversary Party「Starry Bl∞min'」 [cB-gslGpCO0]",
    "available": true
  },
  "server": "bffe7abf5bec81d5d16cfe0856d1d8e6a7c62118d3dcdd601905060f033c5be0",
  "time": 1770067886
}