{
  "video": {
    "id": "3LaDuoHDC_g",
    "url": "https://www.youtube.com/watch?v=3LaDuoHDC_g",
    "title": "【ゲスト多数！新髪型お披露目！】昭和老人会♪宝鐘マリン3周年記念歌謡祭【hololive/宝鐘マリン】",
    "channel": "Marine Ch. 宝鐘マリン",
    "filename_stem": "【ゲスト多数！新髪型お披露目！】昭和老人会♪宝鐘マリン3周年記念歌謡祭【hololive⧸宝鐘マリン】 [3LaDuoHDC_g]",
    "available": true,
    "is_local": false
  },
  "server": "bffe7abf5bec81d5d16cfe0856d1d8e6a7c62118d3dcdd601905060f033c5be0",
  "time": 1770687115
}