{
  "video": {
    "id": "ChjB-b_MPcY",
    "url": "https://www.youtube.com/watch?v=ChjB-b_MPcY",
    "title": "【お悩み解決】ライブに向けてねぽらぼが悩みを解決するそうです【#ねぽらぼに願いを】",
    "channel": "hololive ホロライブ - VTuber Group",
    "filename_stem": "【お悩み解決】ライブに向けてねぽらぼが悩みを解決するそうです【#ねぽらぼに願いを】 [ChjB-b_MPcY]",
    "available": true,
    "is_local": false
  },
  "server": "bffe7abf5bec81d5d16cfe0856d1d8e6a7c62118d3dcdd601905060f033c5be0",
  "time": 1770586348
}