{
  "video": {
    "id": "XJJXk28ivwY",
    "url": "https://www.youtube.com/watch?v=XJJXk28ivwY",
    "title": "【チラ見せ】hololive 3rd Generation Live#きゅるるん大作戦〜最強アイドル、推すしかないでしょ〜【DAY2】",
    "channel": "hololive ホロライブ - VTuber Group",
    "filename_stem": "【チラ見せ】hololive 3rd Generation Live#きゅるるん大作戦〜最強アイドル、推すしかないでしょ〜【DAY2】 [XJJXk28ivwY]",
    "available": true
  },
  "server": "46b43c4506cb5b8ea0a7b881443637a767fcacecdd256b088cb8106192819879",
  "time": 1770036973
}