{
  "video": {
    "id": "_o_mtN68KEg",
    "url": "https://www.youtube.com/watch?v=_o_mtN68KEg",
    "title": "【チラ見せ】Hoshimachi Suisei 日本武道館 Live \"SuperNova\"",
    "channel": "Suisei Channel",
    "filename_stem": "【チラ見せ】Hoshimachi Suisei 日本武道館 Live ＂SuperNova＂ [_o_mtN68KEg]",
    "available": true,
    "is_local": false
  },
  "server": "b5c979abfc7b9ec43e02a07782bde79e49990f01249be10041fd5f9e1f1b501a",
  "time": 1770170929
}