{
  "video": {
    "id": "hmS_z-2epcM",
    "url": "https://www.youtube.com/watch?v=hmS_z-2epcM",
    "title": "【チラ見せ】宝鐘マリン1stライブ「Ahoy!! キミたちみんなパイレーツ♡」【DAY2】",
    "channel": "Marine Ch. 宝鐘マリン",
    "filename_stem": "【チラ見せ】宝鐘マリン1stライブ「Ahoy!! キミたちみんなパイレーツ♡」【DAY2】 [hmS_z-2epcM]",
    "available": true,
    "is_local": false
  },
  "server": "bffe7abf5bec81d5d16cfe0856d1d8e6a7c62118d3dcdd601905060f033c5be0",
  "time": 1770195850
}