{
  "video": {
    "id": "eWqiZHIoOjk",
    "url": "https://www.youtube.com/watch?v=eWqiZHIoOjk",
    "title": "【チラ見せ】Hoshimachi Suisei Live Tour 2024 \"Spectra of Nova\"",
    "channel": "Suisei Channel",
    "filename_stem": "【チラ見せ】Hoshimachi Suisei Live Tour 2024 ＂Spectra of Nova＂ [eWqiZHIoOjk]",
    "available": true,
    "is_local": false
  },
  "server": "b5c979abfc7b9ec43e02a07782bde79e49990f01249be10041fd5f9e1f1b501a",
  "time": 1770207407
}