{
  "video": {
    "id": "5NbNvtpj2-c",
    "url": "https://www.youtube.com/watch?v=5NbNvtpj2-c",
    "title": "【チラ見せ枠_DAY】ときのそら New Year’s Party 2026『Dreams in Motion』",
    "channel": "SoraCh. ときのそらチャンネル",
    "filename_stem": "【チラ見せ枠_DAY】ときのそら New Year’s Party 2026『Dreams in Motion』 [5NbNvtpj2-c]",
    "available": true
  },
  "server": "46b43c4506cb5b8ea0a7b881443637a767fcacecdd256b088cb8106192819879",
  "time": 1770045695
}