{
  "video": {
    "id": "zoHoVtb-yww",
    "url": "https://www.youtube.com/watch?v=zoHoVtb-yww",
    "title": "【ゲスト多数！超重大告知も！】#猫又おかゆ生誕祭2024  Cat♥Hoodie  楽しんでいってネ🍰🎉【猫又おかゆ/ホロライブ】",
    "channel": "Okayu Ch. 猫又おかゆ",
    "filename_stem": "【ゲスト多数！超重大告知も！】#猫又おかゆ生誕祭2024  Cat♥Hoodie  楽しんでいってネ🍰🎉【猫又おかゆ⧸ホロライブ】 [zoHoVtb-yww]",
    "available": true,
    "is_local": false
  },
  "server": "b5c979abfc7b9ec43e02a07782bde79e49990f01249be10041fd5f9e1f1b501a",
  "time": 1770290214
}