{
  "video": {
    "id": "7oFSKRxKu7A",
    "url": "https://www.youtube.com/watch?v=7oFSKRxKu7A",
    "title": "【チラ見せ枠・夜公演】SorAZ Major Debut Live『First Gravity』【 #SorAZGravity 】【ホロライブ / ときのそら / AZKi 】",
    "channel": "AZKi Channel",
    "filename_stem": "【チラ見せ枠・夜公演】SorAZ Major Debut Live『First Gravity』【 #SorAZGravity 】【ホロライブ ⧸ ときのそら ⧸ AZKi 】 [7oFSKRxKu7A]",
    "available": true,
    "is_local": false
  },
  "server": "b5c979abfc7b9ec43e02a07782bde79e49990f01249be10041fd5f9e1f1b501a",
  "time": 1770297247
}