{
  "video": {
    "id": "Bb7UfPi8fhg",
    "url": "https://www.youtube.com/watch?v=Bb7UfPi8fhg",
    "title": "【お誕生日🍰】ゲスト盛り沢山✨日頃の感謝を込めて歌います！【 #猫又おかゆ2023生誕祭Live /ホロライブ】",
    "channel": "Okayu Ch. 猫又おかゆ",
    "filename_stem": "【お誕生日🍰】ゲスト盛り沢山✨日頃の感謝を込めて歌います！【 #猫又おかゆ2023生誕祭Live ⧸ホロライブ】 [Bb7UfPi8fhg]",
    "available": true,
    "is_local": false
  },
  "server": "bffe7abf5bec81d5d16cfe0856d1d8e6a7c62118d3dcdd601905060f033c5be0",
  "time": 1770617020
}