{
  "video": {
    "id": "hzmimWcN34Q",
    "url": "https://www.youtube.com/watch?v=hzmimWcN34Q",
    "title": "【ラミィ生誕記念2022】今年も好き放題やります！100万円晩酌【 #やかまし100万円飲み会 /ホロライブ】",
    "channel": "Lamy Ch. 雪花ラミィ",
    "filename_stem": "【ラミィ生誕記念2022】今年も好き放題やります！100万円晩酌【 #やかまし100万円飲み会 ⧸ホロライブ】 [hzmimWcN34Q]",
    "available": true,
    "is_local": false
  },
  "server": "bffe7abf5bec81d5d16cfe0856d1d8e6a7c62118d3dcdd601905060f033c5be0",
  "time": 1770680633
}