{
  "video": {
    "id": "8aqY3tf4Zcg",
    "url": "https://www.youtube.com/watch?v=8aqY3tf4Zcg",
    "title": "【ハロウィンお披露目3D】#そらのハロウィンパーティー【全力で楽しんでいこう！】",
    "channel": "SoraCh. ときのそらチャンネル",
    "filename_stem": "【ハロウィンお披露目3D】#そらのハロウィンパーティー【全力で楽しんでいこう！】 [8aqY3tf4Zcg]",
    "available": true,
    "is_local": false
  },
  "server": "bffe7abf5bec81d5d16cfe0856d1d8e6a7c62118d3dcdd601905060f033c5be0",
  "time": 1770688974
}