{
  "video": {
    "id": "3UyVL-E9DYk",
    "url": "https://www.youtube.com/watch?v=3UyVL-E9DYk",
    "title": "【チラ見せ】ねぽらぼライブ re:VISION Holoearth Live【#ねぽらぼホロアースライブ】",
    "channel": "hololive ホロライブ - VTuber Group",
    "filename_stem": "【チラ見せ】ねぽらぼライブ re：VISION Holoearth Live【#ねぽらぼホロアースライブ】 [3UyVL-E9DYk]",
    "available": true
  },
  "server": "46b43c4506cb5b8ea0a7b881443637a767fcacecdd256b088cb8106192819879",
  "time": 1770049295
}