{
  "video": {
    "id": "lXdX1S1-Mxc",
    "url": "https://www.youtube.com/watch?v=lXdX1S1-Mxc",
    "title": "【お誕生日】BirthdayLive2021【＃ときのそら誕生日2021】",
    "channel": "SoraCh. ときのそらチャンネル",
    "filename_stem": "【お誕生日】BirthdayLive2021【＃ときのそら誕生日2021】 [lXdX1S1-Mxc]",
    "available": true,
    "is_local": false
  },
  "server": "bffe7abf5bec81d5d16cfe0856d1d8e6a7c62118d3dcdd601905060f033c5be0",
  "time": 1771220048
}