{
  "video": {
    "id": "9eibYGNOz30",
    "url": "https://www.youtube.com/watch?v=9eibYGNOz30",
    "title": "【チラ見せ枠・昼公演】SorAZ Major Debut Live『First Gravity』【 #SorAZGravity 】",
    "channel": "SoraCh. ときのそらチャンネル",
    "filename_stem": "【チラ見せ枠・昼公演】SorAZ Major Debut Live『First Gravity』【 #SorAZGravity 】 [9eibYGNOz30]",
    "available": true,
    "is_local": false
  },
  "server": "bffe7abf5bec81d5d16cfe0856d1d8e6a7c62118d3dcdd601905060f033c5be0",
  "time": 1770298354
}