{
  "video": {
    "id": "Q1s4w-_ujig",
    "url": "https://www.youtube.com/watch?v=Q1s4w-_ujig",
    "title": "【チラ見せ】Hoshimachi Suisei Live Tour 2024 \"Spectra of Nova\"【おおきにアリーナ舞洲】",
    "channel": "Suisei Channel",
    "filename_stem": "【チラ見せ】Hoshimachi Suisei Live Tour 2024 ＂Spectra of Nova＂【おおきにアリーナ舞洲】 [Q1s4w-_ujig]",
    "available": true,
    "is_local": false
  },
  "server": "b5c979abfc7b9ec43e02a07782bde79e49990f01249be10041fd5f9e1f1b501a",
  "time": 1770193014
}