{
  "video": {
    "id": "POix3IWi5Uw",
    "url": "https://www.youtube.com/watch?v=POix3IWi5Uw",
    "title": "【ミニ3DLIVE】#風真いろは3周年 お披露目複数あり🎀ミニ３DLIVEあり🎺４年目へのスタートライン【風真いろは/ホロライブ】",
    "channel": "Iroha ch. 風真いろは - holoX -",
    "filename_stem": "【ミニ3DLIVE】#風真いろは3周年 お披露目複数あり🎀ミニ３DLIVEあり🎺４年目へのスタートライン【風真いろは⧸ホロライブ】 [POix3IWi5Uw]",
    "available": true,
    "is_local": false
  },
  "server": "b5c979abfc7b9ec43e02a07782bde79e49990f01249be10041fd5f9e1f1b501a",
  "time": 1770200022
}