{
  "video": {
    "id": "mVmWmkHltak",
    "url": "https://www.youtube.com/watch?v=mVmWmkHltak",
    "title": "【チラ見せ枠】さくらみこ1st Live \"flower fantasista!\"【#咲き誇るみこち】",
    "channel": "Miko Ch. さくらみこ",
    "filename_stem": "【チラ見せ枠】さくらみこ1st Live ＂flower fantasista!＂【#咲き誇るみこち】 [mVmWmkHltak]",
    "available": true,
    "is_local": false
  },
  "server": "46b43c4506cb5b8ea0a7b881443637a767fcacecdd256b088cb8106192819879",
  "time": 1770220504
}