{
  "video": {
    "id": "FXCO0xHl8R4",
    "url": "https://www.youtube.com/watch?v=FXCO0xHl8R4",
    "title": "【ゲスト／ときのそら＆雪花ラミィ】歌って笑って♪ウィンターminiライブ #ノムlive【燦鳥ノムpresents】",
    "channel": "燦鳥ノム - SUNTORY NOMU -",
    "filename_stem": "【ゲスト／ときのそら＆雪花ラミィ】歌って笑って♪ウィンターminiライブ #ノムlive【燦鳥ノムpresents】 [FXCO0xHl8R4]",
    "available": true,
    "is_local": false
  },
  "server": "bffe7abf5bec81d5d16cfe0856d1d8e6a7c62118d3dcdd601905060f033c5be0",
  "time": 1771095708
}