{
  "video": {
    "id": "2ISrlJUE08A",
    "url": "https://www.youtube.com/watch?v=2ISrlJUE08A",
    "title": "【全身３D/ #ロボ子爆誕2023】Glory Days 💎今年で７才になったよ！大人可愛い新衣装でアイドルIKZ✨【ロボ子さん /ホロライブ】",
    "channel": "Roboco Ch. - ロボ子",
    "filename_stem": "【全身３D⧸ #ロボ子爆誕2023】Glory Days 💎今年で７才になったよ！大人可愛い新衣装でアイドルIKZ✨【ロボ子さん ⧸ホロライブ】 [2ISrlJUE08A]",
    "available": true,
    "is_local": false
  },
  "server": "bffe7abf5bec81d5d16cfe0856d1d8e6a7c62118d3dcdd601905060f033c5be0",
  "time": 1770582855
}