{
  "video": {
    "id": "UeHcGTNlLvY",
    "url": "https://www.youtube.com/watch?v=UeHcGTNlLvY",
    "title": "【冒頭無料配信】Midnight Grand Orchestra 1st LIVE「Midnight Mission」",
    "channel": "Midnight Grand Orchestra",
    "filename_stem": "【冒頭無料配信】Midnight Grand Orchestra 1st LIVE「Midnight Mission」 [UeHcGTNlLvY]",
    "available": true,
    "is_local": false
  },
  "server": "46b43c4506cb5b8ea0a7b881443637a767fcacecdd256b088cb8106192819879",
  "time": 1770290760
}