{
  "video": {
    "id": "QVHob_M0aH0",
    "url": "https://www.youtube.com/watch?v=QVHob_M0aH0",
    "title": "【告知あり！】雪花ラミィ、大好きな先輩を呼んでやりたい事やってみた【雪花ラミィ/ホロライブ】",
    "channel": "Lamy Ch. 雪花ラミィ",
    "filename_stem": "【告知あり！】雪花ラミィ、大好きな先輩を呼んでやりたい事やってみた【雪花ラミィ⧸ホロライブ】 [QVHob_M0aH0]",
    "available": true,
    "is_local": false
  },
  "server": "bffe7abf5bec81d5d16cfe0856d1d8e6a7c62118d3dcdd601905060f033c5be0",
  "time": 1771173339
}