{
  "video": {
    "id": "bubs05N-m04",
    "url": "https://www.youtube.com/watch?v=bubs05N-m04",
    "title": "【新3Dお披露目】周防パトラ生誕祭！ゲスト FUWAMOCO＆豪華ビデオレター！重大告知あり！Birthday Party 2025【周防パトラ】",
    "channel": "Patra Channel / 周防パトラ",
    "filename_stem": "【新3Dお披露目】周防パトラ生誕祭！ゲスト FUWAMOCO＆豪華ビデオレター！重大告知あり！Birthday Party 2025【周防パトラ】 [bubs05N-m04]",
    "available": true
  },
  "server": "46b43c4506cb5b8ea0a7b881443637a767fcacecdd256b088cb8106192819879",
  "time": 1770083585
}