{
  "video": {
    "id": "bn7OaRnM9-A",
    "url": "https://www.youtube.com/watch?v=bn7OaRnM9-A",
    "title": "【生誕祭】百鬼あやめ 4th Birth Dayライブ!!!!!!!!!!! 　＃百鬼あやめ4th生誕祭",
    "channel": "Nakiri Ayame Ch. 百鬼あやめ",
    "filename_stem": "【生誕祭】百鬼あやめ 4th Birth Dayライブ!!!!!!!!!!! 　＃百鬼あやめ4th生誕祭 [bn7OaRnM9-A]",
    "available": true,
    "is_local": false
  },
  "server": "bffe7abf5bec81d5d16cfe0856d1d8e6a7c62118d3dcdd601905060f033c5be0",
  "time": 1771120898
}