{
  "video": {
    "id": "Z_E5w_pYAck",
    "url": "https://www.youtube.com/watch?v=Z_E5w_pYAck",
    "title": "【重大告知アリ＆3D LIVE】秘密結社holoX4周年 3DLIVE【#SSholoX4周年】",
    "channel": "hololive ホロライブ - VTuber Group",
    "filename_stem": "【重大告知アリ＆3D LIVE】秘密結社holoX4周年 3DLIVE【#SSholoX4周年】 [Z_E5w_pYAck]",
    "available": true
  },
  "server": "46b43c4506cb5b8ea0a7b881443637a767fcacecdd256b088cb8106192819879",
  "time": 1770052896
}