{
  "video": {
    "id": "ES9vrNjxiIQ",
    "url": "https://www.youtube.com/watch?v=ES9vrNjxiIQ",
    "title": "【重大告知あり！！】FBKINGDOM Fest. #機密解禁フブキングダム【白上フブキ/ホロライブ】",
    "channel": "フブキCh。白上フブキ",
    "filename_stem": "【重大告知あり！！】FBKINGDOM Fest. #機密解禁フブキングダム【白上フブキ⧸ホロライブ】 [ES9vrNjxiIQ]",
    "available": true,
    "is_local": false
  },
  "server": "46b43c4506cb5b8ea0a7b881443637a767fcacecdd256b088cb8106192819879",
  "time": 1770213240
}