{
  "video": {
    "id": "NxtHvRVLzXM",
    "url": "https://www.youtube.com/watch?v=NxtHvRVLzXM",
    "title": "【重大発表あり!!!】宝鐘マリン生誕祭 3D LIVE！豪華ゲスト＆新曲お披露目！【ホロライブ/宝鐘マリン】",
    "channel": "Marine Ch. 宝鐘マリン",
    "filename_stem": "【重大発表あり!!!】宝鐘マリン生誕祭 3D LIVE！豪華ゲスト＆新曲お披露目！【ホロライブ⧸宝鐘マリン】 [NxtHvRVLzXM]",
    "available": true,
    "is_local": false
  },
  "server": "bffe7abf5bec81d5d16cfe0856d1d8e6a7c62118d3dcdd601905060f033c5be0",
  "time": 1770255094
}