{
  "video": {
    "id": "_1PGuuEP7ps",
    "url": "https://www.youtube.com/watch?v=_1PGuuEP7ps",
    "title": "【重大告知あり】新３Dお披露目?！癒月ちょこ生誕祭2026🎂 【ホロライブ/癒月ちょこ】",
    "channel": "Choco Ch. 癒月ちょこ",
    "filename_stem": "【重大告知あり】新３Dお披露目？！癒月ちょこ生誕祭2026🎂 【ホロライブ⧸癒月ちょこ】 [_1PGuuEP7ps]",
    "available": true,
    "is_local": false
  },
  "server": "bffe7abf5bec81d5d16cfe0856d1d8e6a7c62118d3dcdd601905060f033c5be0",
  "time": 1771073085
}