{
  "video": {
    "id": "_rJhAn6ZPuU",
    "url": "https://www.youtube.com/watch?v=_rJhAn6ZPuU",
    "title": "【＃不知火フレア生誕祭 】3D Singing Live！誕生日だし一緒に盛り上がろう！ 【ホロライブ/不知火フレア】",
    "channel": "Flare Ch. 不知火フレア",
    "filename_stem": "【＃不知火フレア生誕祭 】3D Singing Live！誕生日だし一緒に盛り上がろう！ 【ホロライブ⧸不知火フレア】 [_rJhAn6ZPuU]",
    "available": true,
    "is_local": false
  },
  "server": "bffe7abf5bec81d5d16cfe0856d1d8e6a7c62118d3dcdd601905060f033c5be0",
  "time": 1771391063
}