{
  "video": {
    "id": "OyOl61s3X2k",
    "url": "https://www.youtube.com/watch?v=OyOl61s3X2k",
    "title": "【＃兎田ぺこら生誕祭】お誕生日記念🎉3rd Birthday LIVE【ホロライブ】",
    "channel": "Pekora Ch. 兎田ぺこら",
    "filename_stem": "【＃兎田ぺこら生誕祭】お誕生日記念🎉3rd Birthday LIVE【ホロライブ】 [OyOl61s3X2k]",
    "available": true,
    "is_local": false
  },
  "server": "bffe7abf5bec81d5d16cfe0856d1d8e6a7c62118d3dcdd601905060f033c5be0",
  "time": 1771110863
}