{
  "video": {
    "id": "HB8sU0qsePE",
    "url": "https://www.youtube.com/watch?v=HB8sU0qsePE",
    "title": "【＃一条莉々華生誕祭2025】初の生誕ライブ開幕！！一条莉々華生誕祭ライブ2025【一条莉々華/hololive DEV_IS　ReGLOSS】",
    "channel": "Ririka Ch. 一条莉々華 ‐ ReGLOSS",
    "filename_stem": "【＃一条莉々華生誕祭2025】初の生誕ライブ開幕！！一条莉々華生誕祭ライブ2025【一条莉々華⧸hololive DEV_IS　ReGLOSS】 [HB8sU0qsePE]",
    "available": true,
    "is_local": false
  },
  "server": "bffe7abf5bec81d5d16cfe0856d1d8e6a7c62118d3dcdd601905060f033c5be0",
  "time": 1770121927
}