{
  "video": {
    "id": "QA8KoMko9u8",
    "url": "https://www.youtube.com/watch?v=QA8KoMko9u8",
    "title": "【３D全身】３周年記念🎉泣いて笑って…バラードオンリーライブ-Robot Memory-【ホロライブ/ロボ子さん】",
    "channel": "Roboco Ch. - ロボ子",
    "filename_stem": "【３D全身】３周年記念🎉泣いて笑って…バラードオンリーライブ-Robot Memory-【ホロライブ⧸ロボ子さん】 [QA8KoMko9u8]",
    "available": true,
    "is_local": false
  },
  "server": "bffe7abf5bec81d5d16cfe0856d1d8e6a7c62118d3dcdd601905060f033c5be0",
  "time": 1771394686
}