{
  "video": {
    "id": "N0mQHlL7Qo4",
    "url": "https://www.youtube.com/watch?v=N0mQHlL7Qo4",
    "title": "【３周年記念】祝３周年記念ライブ！！！宵の余、良い！！！！！！！🌸🌙　#百鬼あやめ３周年",
    "channel": "Nakiri Ayame Ch. 百鬼あやめ",
    "filename_stem": "【３周年記念】祝３周年記念ライブ！！！宵の余、良い！！！！！！！🌸🌙　#百鬼あやめ３周年 [N0mQHlL7Qo4]",
    "available": true,
    "is_local": false
  },
  "server": "bffe7abf5bec81d5d16cfe0856d1d8e6a7c62118d3dcdd601905060f033c5be0",
  "time": 1771148079
}