{
  "video": {
    "id": "BA-YWCSgkQo",
    "url": "https://www.youtube.com/watch?v=BA-YWCSgkQo",
    "title": "【３DLIVE】新衣装初お披露目❤本日限定開店！はろーぼ飯店へようこそ🐉　【ホロライブ/  #ロボ子爆誕2025】",
    "channel": "Roboco Ch. - ロボ子",
    "filename_stem": "【３DLIVE】新衣装初お披露目❤本日限定開店！はろーぼ飯店へようこそ🐉　【ホロライブ⧸  #ロボ子爆誕2025】 [BA-YWCSgkQo]",
    "available": true,
    "is_local": false
  },
  "server": "bffe7abf5bec81d5d16cfe0856d1d8e6a7c62118d3dcdd601905060f033c5be0",
  "time": 1770118342
}