{
  "video": {
    "id": "VzecQUmB1sY",
    "url": "https://www.youtube.com/watch?v=VzecQUmB1sY",
    "title": "【３DLive】晴れ時々にわかミオ【 #大神ミオ生誕ライブ2024 】",
    "channel": "Mio Channel 大神ミオ",
    "filename_stem": "【３DLive】晴れ時々にわかミオ【 #大神ミオ生誕ライブ2024 】 [VzecQUmB1sY]",
    "available": true,
    "is_local": false
  },
  "server": "bffe7abf5bec81d5d16cfe0856d1d8e6a7c62118d3dcdd601905060f033c5be0",
  "time": 1770240789
}