{
  "video": {
    "id": "5k-jSFD9NE0",
    "url": "https://www.youtube.com/watch?v=5k-jSFD9NE0",
    "title": "【３D】ウクレレ発表会 ～1ヶ月練習した結果～【大神ミオ】",
    "channel": "Mio Channel 大神ミオ",
    "filename_stem": "【３D】ウクレレ発表会 ～1ヶ月練習した結果～【大神ミオ】 [5k-jSFD9NE0]",
    "available": true,
    "is_local": false
  },
  "server": "bffe7abf5bec81d5d16cfe0856d1d8e6a7c62118d3dcdd601905060f033c5be0",
  "time": 1771398248
}