{
  "video": {
    "id": "Lw3sBpkC3Rw",
    "url": "https://www.youtube.com/watch?v=Lw3sBpkC3Rw",
    "title": "【＃ロボ子4周年記念LIVE 】４周年３D IDOL LIVE🎉cuteにcoolに楽しんでIKZ🎉 【3D LIVE】",
    "channel": "Roboco Ch. - ロボ子",
    "filename_stem": "【＃ロボ子4周年記念LIVE 】４周年３D IDOL LIVE🎉cuteにcoolに楽しんでIKZ🎉 【3D LIVE】 [Lw3sBpkC3Rw]",
    "available": true,
    "is_local": false
  },
  "server": "bffe7abf5bec81d5d16cfe0856d1d8e6a7c62118d3dcdd601905060f033c5be0",
  "time": 1771092246
}