{
  "video": {
    "id": "ZMlPAsIJslA",
    "url": "https://www.youtube.com/watch?v=ZMlPAsIJslA",
    "title": "【＃不知火フレア2周年記念ライブ】３D LIVE！みんなで沢山盛り上がろう！【不知火フレア/ホロライブ】",
    "channel": "Flare Ch. 不知火フレア",
    "filename_stem": "【＃不知火フレア2周年記念ライブ】３D LIVE！みんなで沢山盛り上がろう！【不知火フレア⧸ホロライブ】 [ZMlPAsIJslA]",
    "available": true,
    "is_local": false
  },
  "server": "bffe7abf5bec81d5d16cfe0856d1d8e6a7c62118d3dcdd601905060f033c5be0",
  "time": 1771180294
}