{
  "video": {
    "id": "ChMwx4yeI3g",
    "url": "https://www.youtube.com/watch?v=ChMwx4yeI3g",
    "title": "【３D】ライブも企画も！誕生日祭だーー！！！！【 #大神ミオ誕生日 】",
    "channel": "Mio Channel 大神ミオ",
    "filename_stem": "【３D】ライブも企画も！誕生日祭だーー！！！！【 #大神ミオ誕生日 】 [ChMwx4yeI3g]",
    "available": true,
    "is_local": false
  },
  "server": "bffe7abf5bec81d5d16cfe0856d1d8e6a7c62118d3dcdd601905060f033c5be0",
  "time": 1771162298
}