{
  "video": {
    "id": "mwJGZ8YU7o4",
    "url": "https://www.youtube.com/watch?v=mwJGZ8YU7o4",
    "title": "【＃百鬼あやめ４周年記念 / 3DLIVE】Nakiriayame 4th anniversary　~Hapiness to you ♡~",
    "channel": "Nakiri Ayame Ch. 百鬼あやめ",
    "filename_stem": "【＃百鬼あやめ４周年記念 ⧸ 3DLIVE】Nakiriayame 4th anniversary　~Hapiness to you ♡~ [mwJGZ8YU7o4]",
    "available": true,
    "is_local": false
  },
  "server": "bffe7abf5bec81d5d16cfe0856d1d8e6a7c62118d3dcdd601905060f033c5be0",
  "time": 1770994999
}