{
  "video": {
    "id": "m8hqs4NMij4",
    "url": "https://www.youtube.com/watch?v=m8hqs4NMij4",
    "title": "いつか吾輩もあの頃のインターネットって言われる日が来るのかな #ラプラス・バースデイ2025",
    "channel": "Laplus ch. ラプラス・ダークネス - holoX -",
    "filename_stem": "いつか吾輩もあの頃のインターネットって言われる日が来るのかな #ラプラス・バースデイ2025 [m8hqs4NMij4]",
    "available": true,
    "is_local": false
  },
  "server": "b5c979abfc7b9ec43e02a07782bde79e49990f01249be10041fd5f9e1f1b501a",
  "time": 1770115376
}