{
  "video": {
    "id": "hoDuE5v4a08",
    "url": "https://www.youtube.com/watch?v=hoDuE5v4a08",
    "title": "今日はアイドル💓3D LIVE！ースペシャルゲスト&告知あり！【#獅白ぼたん一周年】",
    "channel": "Botan Ch.獅白ぼたん",
    "filename_stem": "今日はアイドル💓3D LIVE！ースペシャルゲスト&告知あり！【#獅白ぼたん一周年】 [hoDuE5v4a08]",
    "available": true,
    "is_local": false
  },
  "server": "bffe7abf5bec81d5d16cfe0856d1d8e6a7c62118d3dcdd601905060f033c5be0",
  "time": 1771169764
}