{
  "video": {
    "id": "IhiievWaZMI",
    "url": "https://www.youtube.com/watch?v=IhiievWaZMI",
    "title": "卒業。　#桐生ココ卒業LIVE #GoodbyeCoco",
    "channel": "Coco Ch. 桐生ココ",
    "filename_stem": "卒業。　#桐生ココ卒業LIVE #GoodbyeCoco [IhiievWaZMI]",
    "available": true,
    "is_local": false
  },
  "server": "bffe7abf5bec81d5d16cfe0856d1d8e6a7c62118d3dcdd601905060f033c5be0",
  "time": 1771203756
}