{
  "video": {
    "id": "0WLlmgirGD8",
    "url": "https://www.youtube.com/watch?v=0WLlmgirGD8",
    "title": "大神ミオ４周年記念ライブ - Mio Forest night party -",
    "channel": "Mio Channel 大神ミオ",
    "filename_stem": "大神ミオ４周年記念ライブ - Mio Forest night party - [0WLlmgirGD8]",
    "available": true,
    "is_local": false
  },
  "server": "bffe7abf5bec81d5d16cfe0856d1d8e6a7c62118d3dcdd601905060f033c5be0",
  "time": 1770647691
}