{
  "video": {
    "id": "YqPVwYLcvrY",
    "url": "https://www.youtube.com/watch?v=YqPVwYLcvrY",
    "title": "大神ミオ５周年記念ライブ『ナイトループ』【 ホロライブ / 大神ミオ 】",
    "channel": "Mio Channel 大神ミオ",
    "filename_stem": "大神ミオ５周年記念ライブ『ナイトループ』【 ホロライブ ⧸ 大神ミオ 】 [YqPVwYLcvrY]",
    "available": true,
    "is_local": false
  },
  "server": "b5c979abfc7b9ec43e02a07782bde79e49990f01249be10041fd5f9e1f1b501a",
  "time": 1770313593
}