{
  "video": {
    "id": "mmUVwNut2-Y",
    "url": "https://www.youtube.com/watch?v=mmUVwNut2-Y",
    "title": "大神ミオ２周年記念３Dライブ【2nd anniversary】",
    "channel": "Mio Channel 大神ミオ",
    "filename_stem": "大神ミオ２周年記念３Dライブ【2nd anniversary】 [mmUVwNut2-Y]",
    "available": true,
    "is_local": false
  },
  "server": "bffe7abf5bec81d5d16cfe0856d1d8e6a7c62118d3dcdd601905060f033c5be0",
  "time": 1771500925
}