{
  "video": {
    "id": "wUQ61OVMU2A",
    "url": "https://www.youtube.com/watch?v=wUQ61OVMU2A",
    "title": "異次元フェス開催記念音楽番組　MUSIC BIGBANG！",
    "channel": "(Love Live! series)ラブライブ！シリーズ公式チャンネル",
    "filename_stem": "異次元フェス開催記念音楽番組　MUSIC BIGBANG！ [wUQ61OVMU2A]",
    "available": true,
    "is_local": false
  },
  "server": "46b43c4506cb5b8ea0a7b881443637a767fcacecdd256b088cb8106192819879",
  "time": 1770312391
}