{
  "video": {
    "id": "q4XGBW-UGg0",
    "url": "https://www.youtube.com/watch?v=q4XGBW-UGg0",
    "title": "🛸【ラプ様生誕祭2024】う、うまれる！#ラプ様と愉快な仲間たち【3D LIVE】💜",
    "channel": "Laplus ch. ラプラス・ダークネス - holoX -",
    "filename_stem": "🛸【ラプ様生誕祭2024】う、うまれる！#ラプ様と愉快な仲間たち【3D LIVE】💜 [q4XGBW-UGg0]",
    "available": true,
    "is_local": false
  },
  "server": "bffe7abf5bec81d5d16cfe0856d1d8e6a7c62118d3dcdd601905060f033c5be0",
  "time": 1770262321
}