{
  "video": {
    "id": "ebv1wCiXBfI",
    "url": "https://www.youtube.com/watch?v=ebv1wCiXBfI",
    "title": "🛸【祝１周年！】ラプラス・ダークネスすぺしゃるLIVE！ゲストもお披露目もいっぱいあるぞ！【#ラプラス総帥1周年記念】💜",
    "channel": "Laplus ch. ラプラス・ダークネス - holoX -",
    "filename_stem": "🛸【祝１周年！】ラプラス・ダークネスすぺしゃるLIVE！ゲストもお披露目もいっぱいあるぞ！【#ラプラス総帥1周年記念】💜 [ebv1wCiXBfI]",
    "available": true,
    "is_local": false
  },
  "server": "bffe7abf5bec81d5d16cfe0856d1d8e6a7c62118d3dcdd601905060f033c5be0",
  "time": 1770671117
}