{
  "job": {
    "uploader_id": "hololive",
    "file": "hololive production COUNTDOWN LIVE 2025▷2026 [oKiKqycF-lk]",
    "video_id": "oKiKqycF-lk",
    "url": "https://www.youtube.com/watch?v=oKiKqycF-lk",
    "title": "hololive production COUNTDOWN LIVE 2025▷2026"
  },
  "server": "b5c979abfc7b9ec43e02a07782bde79e49990f01249be10041fd5f9e1f1b501a",
  "time": 1781652621
}