{
  "job": {
    "uploader_id": "TokoyamiTowa",
    "file": "【 #常闇トワ6周年記念LIVE 】ROCK Festa !!!【 3DLIVE 】 [pmWH-wAJYRE]",
    "video_id": "pmWH-wAJYRE",
    "url": "https://www.youtube.com/watch?v=pmWH-wAJYRE",
    "title": "【 #常闇トワ6周年記念LIVE 】ROCK Festa !!!【 3DLIVE 】"
  },
  "server": "79a31302bdc44bb26e4f42b76fc832f91cbba5b1ca1189f44e2a1b62bbdd5c75",
  "time": 1781656221
}