{
  "job": {
    "uploader_id": "TsunomakiWatame",
    "file": "videos/【 3DLIVE 】＂アニソン Night Fever２＂ ⧸ 重大告知あり！【 #角巻わため生誕祭2026 】 [BADL5x3Ftzc]",
    "video_id": "BADL5x3Ftzc",
    "url": "https://www.youtube.com/watch?v=BADL5x3Ftzc",
    "title": "【 3DLIVE 】\"アニソン Night Fever２\" / 重大告知あり！【 #角巻わため生誕祭2026 】"
  },
  "server": "b5c979abfc7b9ec43e02a07782bde79e49990f01249be10041fd5f9e1f1b501a",
  "time": 1782343823
}