{
  "job": {
    "uploader_id": "JuufuuteiRaden",
    "file": "【 #らでん新衣装お披露目3Dライブ 】歌って踊ってミラクル重大発表祭り！【儒烏風亭らでん #ReGLOSS 】 [1juU26jChug]",
    "video_id": "1juU26jChug",
    "url": "https://www.youtube.com/watch?v=1juU26jChug",
    "title": "【 #らでん新衣装お披露目3Dライブ 】歌って踊ってミラクル重大発表祭り！【儒烏風亭らでん #ReGLOSS 】"
  },
  "server": "bffe7abf5bec81d5d16cfe0856d1d8e6a7c62118d3dcdd601905060f033c5be0",
  "time": 1779321458
}