{
  "job": {
    "uploader_id": "IsakiRiona",
    "file": "【 3D LIVE 】THE ONE & ONLY【 #⁠響咲リオナ生誕祭2026】 [gvGDJyWKHbk]",
    "video_id": "gvGDJyWKHbk",
    "url": "https://www.youtube.com/watch?v=gvGDJyWKHbk",
    "title": "【 3D LIVE 】THE ONE & ONLY【 #⁠響咲リオナ生誕祭2026】"
  },
  "server": "bffe7abf5bec81d5d16cfe0856d1d8e6a7c62118d3dcdd601905060f033c5be0",
  "time": 1780093805
}