{
  "job": {
    "uploader_id": "SakuraMiko",
    "file": "videos/【 3D LIVE 】ゲスト＆重大告知あり！さくらみこ200万人＆新衣装お披露目LIVE ＂Twinkle Idol Christmas＂ 🎄🌸【 # [0ih-OP2tiuE]",
    "video_id": "0ih-OP2tiuE",
    "url": "https://www.youtube.com/watch?v=0ih-OP2tiuE",
    "title": "【 3D LIVE 】ゲスト＆重大告知あり！さくらみこ200万人＆新衣装お披露目LIVE \"Twinkle Idol Christmas\" 🎄🌸【 #さくらみこ新衣装XmasLIVE】"
  },
  "server": "b5c979abfc7b9ec43e02a07782bde79e49990f01249be10041fd5f9e1f1b501a",
  "time": 1782017539
}