{
  "job": {
    "uploader_id": "OtonoseKanade",
    "file": "【 3D LIVE  】IN PROGRESS【 #音乃瀬奏生誕祭2026 】#hololiveDEV_IS #ReGLOSS [zZ2Ce3eDamU]",
    "video_id": "zZ2Ce3eDamU",
    "url": "https://www.youtube.com/watch?v=zZ2Ce3eDamU",
    "title": "【 3D LIVE  】IN PROGRESS【 #音乃瀬奏生誕祭2026 】#hololiveDEV_IS #ReGLOSS"
  },
  "server": "b5c979abfc7b9ec43e02a07782bde79e49990f01249be10041fd5f9e1f1b501a",
  "time": 1779924622
}