{
  "job": {
    "uploader_id": "MizumiyaSu",
    "file": "/home/ubuntu/ai-sub-auto/videos/【 3DLIVE 】Step Into Dreams【水宮枢／ホロライブDEV_IS】#水宮枢生誕祭2026 [h0jykfxgmj0]",
    "video_id": "h0jykfxgmj0",
    "url": "https://www.youtube.com/watch?v=h0jykfxgmj0",
    "title": "【 3DLIVE 】Step Into Dreams【水宮枢／ホロライブDEV_IS】#水宮枢生誕祭2026"
  },
  "server": "b5c979abfc7b9ec43e02a07782bde79e49990f01249be10041fd5f9e1f1b501a",
  "time": 1781695541
}