{
  "job": {
    "uploader_id": "DEV_IS_FLOWGLOW",
    "file": "videos/【#FG3Dライブ】MAKE IT, BREAK IT [zUI_V1Fea2U]",
    "video_id": "zUI_V1Fea2U",
    "url": "https://www.youtube.com/watch?v=zUI_V1Fea2U",
    "title": "【#FG3Dライブ】MAKE IT, BREAK IT"
  },
  "server": "b5c979abfc7b9ec43e02a07782bde79e49990f01249be10041fd5f9e1f1b501a",
  "time": 1782775822
}