{
  "job": {
    "uploader_id": "NinomaeInanis",
    "file": "【#ホロ金策サバイバル2】Started From the Bottom We're Still Here【#3】 [rWV3A5GIvaU]",
    "video_id": "rWV3A5GIvaU",
    "url": "https://www.youtube.com/watch?v=rWV3A5GIvaU",
    "title": "【#ホロ金策サバイバル2】Started From the Bottom We're Still Here【#3】"
  },
  "server": "b5c979abfc7b9ec43e02a07782bde79e49990f01249be10041fd5f9e1f1b501a",
  "time": 1780615820
}