{
  "job": {
    "uploader_id": "NinomaeInanis",
    "file": "【#ホロ金策サバイバル2】Creature of Darkness【#2】 [qYhzqQNzZUI]",
    "video_id": "qYhzqQNzZUI",
    "url": "https://www.youtube.com/watch?v=qYhzqQNzZUI",
    "title": "【#ホロ金策サバイバル2】Creature of Darkness【#2】"
  },
  "server": "79a31302bdc44bb26e4f42b76fc832f91cbba5b1ca1189f44e2a1b62bbdd5c75",
  "time": 1780446622
}