{
  "job": {
    "uploader_id": "hololiveIndonesia",
    "file": "videos/【#holoIDChromaticFuture 】Free Partial - hololive Indonesia 5th Anniversary LIVE Chromatic Future [ScI02LHlT-w]",
    "video_id": "ScI02LHlT-w",
    "url": "https://www.youtube.com/watch?v=ScI02LHlT-w",
    "title": "【#holoIDChromaticFuture 】Free Partial - hololive Indonesia 5th Anniversary LIVE Chromatic Future"
  },
  "server": "79a31302bdc44bb26e4f42b76fc832f91cbba5b1ca1189f44e2a1b62bbdd5c75",
  "time": 1782865823
}