{
  "job": {
    "uploader_id": "KaelaKovalskia",
    "file": "【#3DJAVU】Déjà vu： its all coming back to me now【3D Redebut Live】 [BoVbE4adiwk]",
    "video_id": "BoVbE4adiwk",
    "url": "https://www.youtube.com/watch?v=BoVbE4adiwk",
    "title": "【#3DJAVU】Déjà vu: its all coming back to me now【3D Redebut Live】"
  },
  "server": "b5c979abfc7b9ec43e02a07782bde79e49990f01249be10041fd5f9e1f1b501a",
  "time": 1780183821
}