{
  "job": {
    "uploader_id": "TokinoSora",
    "file": "【#ときのそらお披露目誕生日2026】１０年目に向けた最高のパフォーマンスを！～告知もあるよ～【ホロ [sflyOJD5y50]",
    "video_id": "sflyOJD5y50",
    "url": "https://www.youtube.com/watch?v=sflyOJD5y50",
    "title": "【#ときのそらお披露目誕生日2026】１０年目に向けた最高のパフォーマンスを！～告知もあるよ～【ホロライブ/ときのそら】"
  },
  "server": "bffe7abf5bec81d5d16cfe0856d1d8e6a7c62118d3dcdd601905060f033c5be0",
  "time": 1779494909
}