{
  "job": {
    "uploader_id": "NinomaeInanis",
    "file": "【#ホロ金策サバイバル2】 IKUZO 【#1】 [c_9IcdxM_aY]",
    "video_id": "c_9IcdxM_aY",
    "url": "https://www.youtube.com/watch?v=c_9IcdxM_aY",
    "title": "【#ホロ金策サバイバル2】 IKUZO 【#1】"
  },
  "server": "bffe7abf5bec81d5d16cfe0856d1d8e6a7c62118d3dcdd601905060f033c5be0",
  "time": 1780439406
}