{
  "job": {
    "uploader_id": "AmaneKanata",
    "file": "videos/【#天音かなた卒業ライブ】「絶対的アイドル」 ⧸ Amane Kanata Graduation LIVE ＂THE ABSOLUTE IDOL＂【hololive】 [8iGGL_0CEpc]",
    "video_id": "8iGGL_0CEpc",
    "url": "https://www.youtube.com/watch?v=8iGGL_0CEpc",
    "title": "【#天音かなた卒業ライブ】「絶対的アイドル」 / Amane Kanata Graduation LIVE \"THE ABSOLUTE IDOL\"【hololive】"
  },
  "server": "b5c979abfc7b9ec43e02a07782bde79e49990f01249be10041fd5f9e1f1b501a",
  "time": 1781697163
}