{
  "job": {
    "uploader_id": "ShiroganeNoel",
    "file": "videos/【#白銀ノエル生誕祭2025】生誕 3D LIVE 睡夢 - suimu -【白銀ノエル⧸ホロライブ】 [eV59GTk0J3s]",
    "video_id": "eV59GTk0J3s",
    "url": "https://www.youtube.com/watch?v=eV59GTk0J3s",
    "title": "【#白銀ノエル生誕祭2025】生誕 3D LIVE 睡夢 - suimu -【白銀ノエル/ホロライブ】"
  },
  "server": "b5c979abfc7b9ec43e02a07782bde79e49990f01249be10041fd5f9e1f1b501a",
  "time": 1782603023
}