{
  "job": {
    "uploader_id": "MoriCalliope",
    "file": "【3D LIVE - UNCUT ROCK!!】Mori Calliope 6th Birthday (feat. LIVE BAND) #calliolive #UNCUTROCK [Rb163zkoNSo]",
    "video_id": "Rb163zkoNSo",
    "url": "https://www.youtube.com/watch?v=Rb163zkoNSo",
    "title": "【3D LIVE - UNCUT ROCK!!】Mori Calliope 6th Birthday (feat. LIVE BAND) #calliolive #UNCUTROCK"
  },
  "server": "bffe7abf5bec81d5d16cfe0856d1d8e6a7c62118d3dcdd601905060f033c5be0",
  "time": 1780007406
}