{
  "job": {
    "uploader_id": "MoriCalliope",
    "file": "【3D LIVE】DISASTERSHOW ｜｜ Disasterpiece Release Mini Show! ｜｜ Mori Calliope #disastershow #calliolive [fuQ7VpAVFr4]",
    "video_id": "fuQ7VpAVFr4",
    "url": "https://www.youtube.com/watch?v=fuQ7VpAVFr4",
    "title": "【3D LIVE】DISASTERSHOW || Disasterpiece Release Mini Show! || Mori Calliope #disastershow #calliolive"
  },
  "server": "b5c979abfc7b9ec43e02a07782bde79e49990f01249be10041fd5f9e1f1b501a",
  "time": 1781134220
}