{
  "job": {
    "uploader_id": "kazamairoha",
    "file": "videos/【3DLIVE】Wind Trails🍃#風真いろは生誕ライブ2026 告知&ゲストあり🎈【風真いろは⧸ホロライブ】 [23UEX1Yh43U]",
    "video_id": "23UEX1Yh43U",
    "url": "https://www.youtube.com/watch?v=23UEX1Yh43U",
    "title": "【3DLIVE】Wind Trails🍃#風真いろは生誕ライブ2026 告知&ゲストあり🎈【風真いろは/ホロライブ】"
  },
  "server": "b5c979abfc7b9ec43e02a07782bde79e49990f01249be10041fd5f9e1f1b501a",
  "time": 1781998222
}