{
  "job": {
    "uploader_id": "holoen_raorapanthera",
    "file": "【3D LIVE CONCERT】Raora Panthera First Birthday Live Concert! #RaoraBday2026 [w37yVSXhV_c]",
    "video_id": "w37yVSXhV_c",
    "url": "https://www.youtube.com/watch?v=w37yVSXhV_c",
    "title": "【3D LIVE CONCERT】Raora Panthera First Birthday Live Concert! #RaoraBday2026"
  },
  "server": "b5c979abfc7b9ec43e02a07782bde79e49990f01249be10041fd5f9e1f1b501a",
  "time": 1779592196
}