{
  "job": {
    "uploader_id": "KoboKanaeru",
    "file": "videos/【3D Live】Let My Voice Enchant You Tonight! #3DKobornDay2025 [jNCGOv8Zz1A]",
    "video_id": "jNCGOv8Zz1A",
    "url": "https://www.youtube.com/watch?v=jNCGOv8Zz1A",
    "title": "【3D Live】Let My Voice Enchant You Tonight! #3DKobornDay2025"
  },
  "server": "79a31302bdc44bb26e4f42b76fc832f91cbba5b1ca1189f44e2a1b62bbdd5c75",
  "time": 1782347424
}