{
  "job": {
    "uploader_id": "OuroKronii",
    "file": "【3D Birthday Live + New Outfit】The Goddess Descends #krorigin [qqi8yXuH35Y]",
    "video_id": "qqi8yXuH35Y",
    "url": "https://www.youtube.com/watch?v=qqi8yXuH35Y",
    "title": "【3D Birthday Live + New Outfit】The Goddess Descends #krorigin"
  },
  "server": "b5c979abfc7b9ec43e02a07782bde79e49990f01249be10041fd5f9e1f1b501a",
  "time": 1780270221
}