{
  "job": {
    "uploader_id": "holoen_ceciliaimmerg",
    "file": "【3D LIVE】THE CCGG NETWORK PART 2 #AUTOFISTNETWORK @holoen_gigimurin [aPSUhJaels0]",
    "video_id": "aPSUhJaels0",
    "url": "https://www.youtube.com/watch?v=aPSUhJaels0",
    "title": "【3D LIVE】THE CCGG NETWORK PART 2 #AUTOFISTNETWORK @holoen_gigimurin"
  },
  "server": "b5c979abfc7b9ec43e02a07782bde79e49990f01249be10041fd5f9e1f1b501a",
  "time": 1779415755
}