{
  "job": {
    "uploader_id": "FUWAMOCOch",
    "file": "【3D LIVE CONCERT 生誕ライブ】FUWAMOCO wacha wacha birthday festival 🎂🐾 【#FWMCbday26】 [7M4E3WGWlRM]",
    "video_id": "7M4E3WGWlRM",
    "url": "https://www.youtube.com/watch?v=7M4E3WGWlRM",
    "title": "【3D LIVE CONCERT 生誕ライブ】FUWAMOCO wacha wacha birthday festival 🎂🐾 【#FWMCbday26】"
  },
  "server": "79a31302bdc44bb26e4f42b76fc832f91cbba5b1ca1189f44e2a1b62bbdd5c75",
  "time": 1781224222
}