{
  "job": {
    "uploader_id": "HoshimachiSuisei",
    "file": "【8周年アコースティックLIVE】#星街すいせい重大発表LIVE [Jz2xEfAjC8Y]",
    "video_id": "Jz2xEfAjC8Y",
    "url": "https://www.youtube.com/watch?v=Jz2xEfAjC8Y",
    "title": "【8周年アコースティックLIVE】#星街すいせい重大発表LIVE"
  },
  "server": "79a31302bdc44bb26e4f42b76fc832f91cbba5b1ca1189f44e2a1b62bbdd5c75",
  "time": 1780187425
}