{
  "job": {
    "uploader_id": "ayundarisu",
    "file": "【Ayunda Risu 3D Birthday】The Rise of the NUT Warrior 【#TheNutWarrior】 [VYSAfYJ6FhI]",
    "video_id": "VYSAfYJ6FhI",
    "url": "https://www.youtube.com/watch?v=VYSAfYJ6FhI",
    "title": "【Ayunda Risu 3D Birthday】The Rise of the NUT Warrior 【#TheNutWarrior】"
  },
  "server": "79a31302bdc44bb26e4f42b76fc832f91cbba5b1ca1189f44e2a1b62bbdd5c75",
  "time": 1781397021
}