{
  "job": {
    "uploader_id": "TakanashiKiara",
    "file": "【Free Preview】Takanashi Kiara ⧸ Ninomae Ina'nis 1st Concert ＂Drawn to Dawn＂【DAY1】 [KVJFel4YBqM]",
    "video_id": "KVJFel4YBqM",
    "url": "https://www.youtube.com/watch?v=KVJFel4YBqM",
    "title": "【Free Preview】Takanashi Kiara / Ninomae Ina'nis 1st Concert \"Drawn to Dawn\"【DAY1】"
  },
  "server": "bffe7abf5bec81d5d16cfe0856d1d8e6a7c62118d3dcdd601905060f033c5be0",
  "time": 1780180206
}