{
  "job": {
    "uploader_id": "NinomaeInanis",
    "file": "【Free Preview】Takanashi Kiara ⧸ Ninomae Ina'nis 1st Concert ＂Drawn to Dawn＂【DAY 2】 [bNMzj5NPWmI]",
    "video_id": "bNMzj5NPWmI",
    "url": "https://www.youtube.com/watch?v=bNMzj5NPWmI",
    "title": "【Free Preview】Takanashi Kiara / Ninomae Ina'nis 1st Concert \"Drawn to Dawn\"【DAY 2】"
  },
  "server": "b5c979abfc7b9ec43e02a07782bde79e49990f01249be10041fd5f9e1f1b501a",
  "time": 1780097421
}