{
  "job": {
    "uploader_id": "hololive",
    "file": "【Sneak Peak】hololive Indonesia 5th Anniversary LIVE Chromatic Future【#holoIDChromaticFuture 】 [GvDwA90OOuU]",
    "video_id": "GvDwA90OOuU",
    "url": "https://www.youtube.com/watch?v=GvDwA90OOuU",
    "title": "【Sneak Peak】hololive Indonesia 5th Anniversary LIVE Chromatic Future【#holoIDChromaticFuture 】"
  },
  "server": "79a31302bdc44bb26e4f42b76fc832f91cbba5b1ca1189f44e2a1b62bbdd5c75",
  "time": 1780792221
}