{
  "job": {
    "uploader_id": "HoshimachiSuisei",
    "file": "【チラ見せ】Hoshimachi Suisei Live ＂SuperNova： REBOOT＂ [MX4G_JcdZPo]",
    "video_id": "MX4G_JcdZPo",
    "url": "https://www.youtube.com/watch?v=MX4G_JcdZPo",
    "title": "【チラ見せ】Hoshimachi Suisei Live \"SuperNova: REBOOT\""
  },
  "server": "b5c979abfc7b9ec43e02a07782bde79e49990f01249be10041fd5f9e1f1b501a",
  "time": 1780529420
}