{
  "job": {
    "uploader_id": "hololiveDEV_IS",
    "file": "videos/【チラ見せ】ReGLOSS 1st Live ＂Flashpoint＂【有明アリーナ】 [wlPLYUOmtHE]",
    "video_id": "wlPLYUOmtHE",
    "url": "https://www.youtube.com/watch?v=wlPLYUOmtHE",
    "title": "【チラ見せ】ReGLOSS 1st Live \"Flashpoint\"【有明アリーナ】"
  },
  "server": "79a31302bdc44bb26e4f42b76fc832f91cbba5b1ca1189f44e2a1b62bbdd5c75",
  "time": 1782174623
}