{
  "job": {
    "uploader_id": "TokinoSora",
    "file": "【チラ見せ枠_NIGHT】ときのそら New Year’s Party 2026『Dreams in Motion』 [ko7ypXM_-yQ]",
    "video_id": "ko7ypXM_-yQ",
    "url": "https://www.youtube.com/watch?v=ko7ypXM_-yQ",
    "title": "【チラ見せ枠_NIGHT】ときのそら New Year’s Party 2026『Dreams in Motion』"
  },
  "server": "79a31302bdc44bb26e4f42b76fc832f91cbba5b1ca1189f44e2a1b62bbdd5c75",
  "time": 1781483471
}