{
  "job": {
    "uploader_id": "TokinoSora",
    "file": "【チラ見せ枠_DAY】ときのそら New Year’s Party 2026『Dreams in Motion』 [5NbNvtpj2-c]",
    "video_id": "5NbNvtpj2-c",
    "url": "https://www.youtube.com/watch?v=5NbNvtpj2-c",
    "title": "【チラ見せ枠_DAY】ときのそら New Year’s Party 2026『Dreams in Motion』"
  },
  "server": "79a31302bdc44bb26e4f42b76fc832f91cbba5b1ca1189f44e2a1b62bbdd5c75",
  "time": 1781569821
}