{
  "job": {
    "uploader_id": "LaplusDarknesss",
    "file": "【生誕3Dライブ】#ラプさま大解放2026 超超超豪華ゲストありのラプ様ご褒美ライブ⁉重大告知もあるよ‼ [8W_Pml3XIdM]",
    "video_id": "8W_Pml3XIdM",
    "url": "https://www.youtube.com/watch?v=8W_Pml3XIdM",
    "title": "【生誕3Dライブ】#ラプさま大解放2026 超超超豪華ゲストありのラプ様ご褒美ライブ⁉重大告知もあるよ‼🔥【ラプラス・ダークネス/ホロライブ】"
  },
  "server": "b5c979abfc7b9ec43e02a07782bde79e49990f01249be10041fd5f9e1f1b501a",
  "time": 1779782000
}