{
  "job": {
    "uploader_id": "YuzukiChoco",
    "file": "【重大告知あり】新３Dお披露目？！癒月ちょこ生誕祭2026🎂 【ホロライブ⧸癒月ちょこ】 [_1PGuuEP7ps]",
    "video_id": "_1PGuuEP7ps",
    "url": "https://www.youtube.com/watch?v=_1PGuuEP7ps",
    "title": "【重大告知あり】新３Dお披露目?！癒月ちょこ生誕祭2026🎂 【ホロライブ/癒月ちょこ】"
  },
  "server": "79a31302bdc44bb26e4f42b76fc832f91cbba5b1ca1189f44e2a1b62bbdd5c75",
  "time": 1781051433
}