{
  "job": {
    "uploader_id": "hololiveEnglish",
    "file": "videos/hololive English -Justice- 2nd Anniversary Live： How to Protect JUSTICE! [zGPkH0j8Jug]",
    "video_id": "zGPkH0j8Jug",
    "url": "https://www.youtube.com/watch?v=zGPkH0j8Jug",
    "title": "hololive English -Justice- 2nd Anniversary Live: How to Protect JUSTICE!"
  },
  "server": "79a31302bdc44bb26e4f42b76fc832f91cbba5b1ca1189f44e2a1b62bbdd5c75",
  "time": 1783989025
}