{
  "job": {
    "uploader_id": "RindoChihaya",
    "file": "videos/【 3D LIVE 】Flat Out  輪堂千速生誕祭2026 Summer Fes!🔧【#輪堂千速生誕祭2026 】 [-dqLfiQ5IHU]",
    "video_id": "-dqLfiQ5IHU",
    "url": "https://www.youtube.com/watch?v=-dqLfiQ5IHU",
    "title": "【 3D LIVE 】Flat Out  輪堂千速生誕祭2026 Summer Fes!🔧【#輪堂千速生誕祭2026 】"
  },
  "server": "b5c979abfc7b9ec43e02a07782bde79e49990f01249be10041fd5f9e1f1b501a",
  "time": 1783812623
}