{
  "job": {
    "uploader_id": "IsakiRiona",
    "file": "videos/【 3D LIVE 】THE ONE & ONLY【 #⁠響咲リオナ生誕祭2026】 [gvGDJyWKHbk]",
    "video_id": "gvGDJyWKHbk",
    "url": "https://www.youtube.com/watch?v=gvGDJyWKHbk",
    "title": "【 3D LIVE 】THE ONE & ONLY【 #⁠響咲リオナ生誕祭2026】"
  },
  "server": "b5c979abfc7b9ec43e02a07782bde79e49990f01249be10041fd5f9e1f1b501a",
  "time": 1784417422
}