{
  "job": {
    "uploader_id": "JuufuuteiRaden",
    "file": "videos/【 #らでん新衣装お披露目3Dライブ 】歌って踊ってミラクル重大発表祭り！【儒烏風亭らでん #ReGLOSS 】 [1juU26jChug]",
    "video_id": "1juU26jChug",
    "url": "https://www.youtube.com/watch?v=1juU26jChug",
    "title": "【 #らでん新衣装お披露目3Dライブ 】歌って踊ってミラクル重大発表祭り！【儒烏風亭らでん #ReGLOSS 】"
  },
  "server": "79a31302bdc44bb26e4f42b76fc832f91cbba5b1ca1189f44e2a1b62bbdd5c75",
  "time": 1784507423
}