{
  "job": {
    "uploader_id": "usadapekora",
    "file": "videos/【#兎田ぺこら7周年記念LIVE】7周年3D LIVE！NewOutfit BONUS!!【ホロライブ⧸兎田ぺこら】 [WJWg8kGKoP0]",
    "video_id": "WJWg8kGKoP0",
    "url": "https://www.youtube.com/watch?v=WJWg8kGKoP0",
    "title": "【#兎田ぺこら7周年記念LIVE】7周年3D LIVE！NewOutfit BONUS!!【ホロライブ/兎田ぺこら】"
  },
  "server": "bffe7abf5bec81d5d16cfe0856d1d8e6a7c62118d3dcdd601905060f033c5be0",
  "time": 1784327406
}