{
  "job": {
    "uploader_id": "holoen_ceciliaimmerg",
    "file": "videos/【3D LIVE】THE CCGG NETWORK PART 2 #AUTOFISTNETWORK @holoen_gigimurin [aPSUhJaels0]",
    "video_id": "aPSUhJaels0",
    "url": "https://www.youtube.com/watch?v=aPSUhJaels0",
    "title": "【3D LIVE】THE CCGG NETWORK PART 2 #AUTOFISTNETWORK @holoen_gigimurin"
  },
  "server": "bffe7abf5bec81d5d16cfe0856d1d8e6a7c62118d3dcdd601905060f033c5be0",
  "time": 1784586607
}