{
  "job": {
    "uploader_id": "TodorokiHajime",
    "file": "videos/【3DLIVE】Rise In Motion【轟はじめ】 #轟はじめ生誕祭2026 [Zcx1344XAmI]",
    "video_id": "Zcx1344XAmI",
    "url": "https://www.youtube.com/watch?v=Zcx1344XAmI",
    "title": "【3DLIVE】Rise In Motion【轟はじめ】 #轟はじめ生誕祭2026"
  },
  "server": "b5c979abfc7b9ec43e02a07782bde79e49990f01249be10041fd5f9e1f1b501a",
  "time": 1784244624
}