{
  "job": {
    "uploader_id": "TakanashiKiara",
    "file": "videos/【3D CONCERT】H!P Cover Song Birthday Festival🎉🎉🎉 #KiaraBday2026 [foUgVcpF4x8]",
    "video_id": "foUgVcpF4x8",
    "url": "https://www.youtube.com/watch?v=foUgVcpF4x8",
    "title": "【3D CONCERT】H!P Cover Song Birthday Festival🎉🎉🎉 #KiaraBday2026"
  },
  "server": "79a31302bdc44bb26e4f42b76fc832f91cbba5b1ca1189f44e2a1b62bbdd5c75",
  "time": 1783816223
}