{
  "job": {
    "uploader_id": "hololiveEnglish",
    "file": "videos/【Day 2】hololive English 4th Concert -Serendipity-【Free Preview】 [mqMEU_YIQbw]",
    "video_id": "mqMEU_YIQbw",
    "url": "https://www.youtube.com/watch?v=mqMEU_YIQbw",
    "title": "【Day 2】hololive English 4th Concert -Serendipity-【Free Preview】"
  },
  "server": "bffe7abf5bec81d5d16cfe0856d1d8e6a7c62118d3dcdd601905060f033c5be0",
  "time": 1783827362
}