{
  "job": {
    "uploader_id": "hololiveEnglish",
    "file": "videos/【Day 1】hololive English 4th Concert -Serendipity-【Free Preview】 [C-_cnE7PTDU]",
    "video_id": "C-_cnE7PTDU",
    "url": "https://www.youtube.com/watch?v=C-_cnE7PTDU",
    "title": "【Day 1】hololive English 4th Concert -Serendipity-【Free Preview】"
  },
  "server": "bffe7abf5bec81d5d16cfe0856d1d8e6a7c62118d3dcdd601905060f033c5be0",
  "time": 1783895406
}