{
  "job": {
    "uploader_id": "LaplusDarknesss",
    "file": "videos/【生誕3Dライブ】#ラプさま大解放2026 超超超豪華ゲストありのラプ様ご褒美ライブ⁉重大告知もあるよ‼ [8W_Pml3XIdM]",
    "video_id": "8W_Pml3XIdM",
    "url": "https://www.youtube.com/watch?v=8W_Pml3XIdM",
    "title": "【生誕3Dライブ】#ラプさま大解放2026 超超超豪華ゲストありのラプ様ご褒美ライブ⁉重大告知もあるよ‼🔥【ラプラス・ダークネス/ホロライブ】"
  },
  "server": "79a31302bdc44bb26e4f42b76fc832f91cbba5b1ca1189f44e2a1b62bbdd5c75",
  "time": 1784421022
}