{
  "video": {
    "id": "_qpO8vi9fpA",
    "url": "https://www.youtube.com/watch?v=_qpO8vi9fpA",
    "title": "[Official] 3D Anime \"Magical Girl holoWitches! THE STAGE ~TRICK or MAGIC!~\" Main Story",
    "channel": "hololive ホロライブ - VTuber Group",
    "filename_stem": "[Official] 3D Anime ＂Magical Girl holoWitches! THE STAGE ~TRICK or MAGIC!~＂ Main Story [_qpO8vi9fpA]",
    "available": true,
    "is_local": false
  },
  "server": "bffe7abf5bec81d5d16cfe0856d1d8e6a7c62118d3dcdd601905060f033c5be0",
  "time": 1770681940
}