{
  "video": {
    "id": "oKiKqycF-lk",
    "url": "https://www.youtube.com/watch?v=oKiKqycF-lk",
    "title": "hololive production COUNTDOWN LIVE 2025▷2026",
    "channel": "hololive ホロライブ - VTuber Group",
    "filename_stem": "hololive production COUNTDOWN LIVE 2025▷2026 [oKiKqycF-lk]",
    "available": true,
    "is_local": false
  },
  "server": "46b43c4506cb5b8ea0a7b881443637a767fcacecdd256b088cb8106192819879",
  "time": 1770166306
}