{
  "video": {
    "id": "9hMVpcDYS-0",
    "url": "https://www.youtube.com/watch?v=9hMVpcDYS-0",
    "title": "hololive English -Promise- 2nd Anniversary Concert: Promise 2 You 【#Promise2U】",
    "channel": "hololive English",
    "filename_stem": "hololive English -Promise- 2nd Anniversary Concert： Promise 2 You 【#Promise2U】 [9hMVpcDYS-0]",
    "available": true,
    "is_local": false
  },
  "server": "bffe7abf5bec81d5d16cfe0856d1d8e6a7c62118d3dcdd601905060f033c5be0",
  "time": 1771023768
}