{
  "job": {
    "uploader_id": "HakosBaelz",
    "file": "≪ReCOLOR 3D LIVE≫ Hakos Baelz Birthday Live 2026 + NEW 3D OUTFIT! #ReCOLOR3D [khQRCrrtVjA]",
    "video_id": "khQRCrrtVjA",
    "url": "https://www.youtube.com/watch?v=khQRCrrtVjA",
    "title": "≪ReCOLOR 3D LIVE≫ Hakos Baelz Birthday Live 2026 + NEW 3D OUTFIT! #ReCOLOR3D"
  },
  "server": "14e2f2bdda9eeeca892a42cd79cd1c2ab9c170b637d4956fd4e63e52a8773e56",
  "time": 1772254526
}