{
  "video": {
    "id": "PHrZ_dRSy_4",
    "url": "https://www.youtube.com/watch?v=PHrZ_dRSy_4",
    "title": "【 3D LIVE 】Lapis Lazuli / 重大告知アリ！【 #鷹嶺ルイ重大告知LIVE 】",
    "channel": "Lui ch. 鷹嶺ルイ - holoX -",
    "filename_stem": "【 3D LIVE 】Lapis Lazuli ⧸ 重大告知アリ！【 #鷹嶺ルイ重大告知LIVE 】 [PHrZ_dRSy_4]",
    "available": true,
    "is_local": false
  },
  "server": "bffe7abf5bec81d5d16cfe0856d1d8e6a7c62118d3dcdd601905060f033c5be0",
  "time": 1771329972
}