{
  "video": {
    "id": "L-XVS13TRTI",
    "url": "https://www.youtube.com/watch?v=L-XVS13TRTI",
    "title": "【 #夏色まつり誕生祭2025 】重大告知あり！アイドル革命進行中！～今日の主役は夢の途中～　【ホロライブ/夏色まつり】",
    "channel": "Matsuri Channel 夏色まつり",
    "filename_stem": "【 #夏色まつり誕生祭2025 】重大告知あり！アイドル革命進行中！～今日の主役は夢の途中～　【ホロライブ⧸夏色まつり】 [L-XVS13TRTI]",
    "available": true,
    "is_local": false
  },
  "server": "bffe7abf5bec81d5d16cfe0856d1d8e6a7c62118d3dcdd601905060f033c5be0",
  "time": 1770680063
}