{
  "video": {
    "id": "jtQy1xURcuQ",
    "url": "https://www.youtube.com/watch?v=jtQy1xURcuQ",
    "title": "【 #姫森ルーナ生誕LIVE2025 】Luna RebirthDay !! 💗 BIRTHDAY 3D LIVE【ホロライブ】",
    "channel": "Luna Ch. 姫森ルーナ",
    "filename_stem": "【 #姫森ルーナ生誕LIVE2025 】Luna RebirthDay !! 💗 BIRTHDAY 3D LIVE【ホロライブ】 [jtQy1xURcuQ]",
    "available": true,
    "is_local": false
  },
  "server": "bffe7abf5bec81d5d16cfe0856d1d8e6a7c62118d3dcdd601905060f033c5be0",
  "time": 1770985969
}