{
  "video": {
    "id": "zUI_V1Fea2U",
    "url": "https://www.youtube.com/watch?v=zUI_V1Fea2U",
    "title": "【#FG3Dライブ】MAKE IT, BREAK IT",
    "channel": "hololive DEV_IS FLOW GLOW",
    "filename_stem": "【#FG3Dライブ】MAKE IT, BREAK IT [zUI_V1Fea2U]",
    "available": true,
    "is_local": false
  },
  "server": "b5c979abfc7b9ec43e02a07782bde79e49990f01249be10041fd5f9e1f1b501a",
  "time": 1770270295
}