{
  "video": {
    "id": "HT_HUFi8DJ4",
    "url": "https://www.youtube.com/watch?v=HT_HUFi8DJ4",
    "title": "【#Myth5years】hololive English -Myth- 5th Anniversary Concert: Fortune Spinner",
    "channel": "hololive English",
    "filename_stem": "【#Myth5years】hololive English -Myth- 5th Anniversary Concert： Fortune Spinner [HT_HUFi8DJ4]",
    "available": true,
    "is_local": false
  },
  "server": "bffe7abf5bec81d5d16cfe0856d1d8e6a7c62118d3dcdd601905060f033c5be0",
  "time": 1771488248
}