{
  "video": {
    "id": "8iGGL_0CEpc",
    "url": "https://www.youtube.com/watch?v=8iGGL_0CEpc",
    "title": "【#天音かなた卒業ライブ】「絶対的アイドル」 / Amane Kanata Graduation LIVE \"THE ABSOLUTE IDOL\"【hololive】",
    "channel": "Kanata Ch. Kanata Amane",
    "filename_stem": "【#天音かなた卒業ライブ】「絶対的アイドル」 ⧸ Amane Kanata Graduation LIVE ＂THE ABSOLUTE IDOL＂【hololive】 [8iGGL_0CEpc]",
    "available": true,
    "is_local": false
  },
  "server": "b5c979abfc7b9ec43e02a07782bde79e49990f01249be10041fd5f9e1f1b501a",
  "time": 1770167924
}