{
  "video": {
    "id": "7Tm7dVsTPBk",
    "url": "https://www.youtube.com/watch?v=7Tm7dVsTPBk",
    "title": "【#冥ハロ2025】白上フブキ生誕３DLIVE「冥界Halloween Night!」【白上フブキ/ホロライブ】",
    "channel": "フブキCh。白上フブキ",
    "filename_stem": "【#冥ハロ2025】白上フブキ生誕３DLIVE「冥界Halloween Night!」【白上フブキ⧸ホロライブ】 [7Tm7dVsTPBk]",
    "available": true,
    "is_local": false
  },
  "server": "bffe7abf5bec81d5d16cfe0856d1d8e6a7c62118d3dcdd601905060f033c5be0",
  "time": 1771110303
}