{
  "video": {
    "id": "mjXO5WWADww",
    "url": "https://www.youtube.com/watch?v=mjXO5WWADww",
    "title": "【#ラミィ生誕3Dヒーローショー】雪花ラミィ生誕３DLIVE『 ホロレンジャー』ゲスト＆告知あり！【 雪花ラミィ /ホロライブ】",
    "channel": "Lamy Ch. 雪花ラミィ",
    "filename_stem": "【#ラミィ生誕3Dヒーローショー】雪花ラミィ生誕３DLIVE『 ホロレンジャー』ゲスト＆告知あり！【 雪花ラミィ ⧸ホロライブ】 [mjXO5WWADww]",
    "available": true,
    "is_local": false
  },
  "server": "bffe7abf5bec81d5d16cfe0856d1d8e6a7c62118d3dcdd601905060f033c5be0",
  "time": 1770420943
}