{
  "video": {
    "id": "lXten0BT3ZE",
    "url": "https://www.youtube.com/watch?v=lXten0BT3ZE",
    "title": "【#ReGLOSS2周年】ReGLOSS 2nd Anniversary",
    "channel": "hololive DEV_IS ReGLOSS",
    "filename_stem": "【#ReGLOSS2周年】ReGLOSS 2nd Anniversary [lXten0BT3ZE]",
    "available": true,
    "is_local": false
  },
  "server": "bffe7abf5bec81d5d16cfe0856d1d8e6a7c62118d3dcdd601905060f033c5be0",
  "time": 1771489891
}