{
  "video": {
    "id": "ScI02LHlT-w",
    "url": "https://www.youtube.com/watch?v=ScI02LHlT-w",
    "title": "【#holoIDChromaticFuture 】Free Partial - hololive Indonesia 5th Anniversary LIVE Chromatic Future",
    "channel": "hololive Indonesia",
    "filename_stem": "【#holoIDChromaticFuture 】Free Partial - hololive Indonesia 5th Anniversary LIVE Chromatic Future [ScI02LHlT-w]",
    "available": true,
    "is_local": false
  },
  "server": "bffe7abf5bec81d5d16cfe0856d1d8e6a7c62118d3dcdd601905060f033c5be0",
  "time": 1770332729
}