{
  "video": {
    "id": "zzVcTQOdLZE",
    "url": "https://www.youtube.com/watch?v=zzVcTQOdLZE",
    "title": "【#尾丸ポルカ生誕祭2026】Glitter of Love/誕生日記念3DLIVE【尾丸ポルカ/ホロライブ】",
    "channel": "Polka Ch. 尾丸ポルカ",
    "filename_stem": "【#尾丸ポルカ生誕祭2026】Glitter of Love⧸誕生日記念3DLIVE【尾丸ポルカ⧸ホロライブ】 [zzVcTQOdLZE]",
    "available": true
  },
  "server": "46b43c4506cb5b8ea0a7b881443637a767fcacecdd256b088cb8106192819879",
  "time": 1770042098
}