{
  "video": {
    "id": "fuQ7VpAVFr4",
    "url": "https://www.youtube.com/watch?v=fuQ7VpAVFr4",
    "title": "【3D LIVE】DISASTERSHOW || Disasterpiece Release Mini Show! || Mori Calliope #disastershow #calliolive",
    "channel": "Mori Calliope Ch. hololive-EN",
    "filename_stem": "【3D LIVE】DISASTERSHOW ｜｜ Disasterpiece Release Mini Show! ｜｜ Mori Calliope #disastershow #calliolive [fuQ7VpAVFr4]",
    "available": true,
    "is_local": false
  },
  "server": "46b43c4506cb5b8ea0a7b881443637a767fcacecdd256b088cb8106192819879",
  "time": 1770531928
}