{
  "job": {
    "uploader_id": "FUWAMOCOch",
    "file": "【3D LIVE CONCERT 生誕ライブ】FUWAMOCO wacha wacha birthday festival 🎂🐾 【#FWMCbday26】 [7M4E3WGWlRM]",
    "video_id": "7M4E3WGWlRM",
    "url": "https://www.youtube.com/watch?v=7M4E3WGWlRM",
    "title": "【3D LIVE CONCERT 生誕ライブ】FUWAMOCO wacha wacha birthday festival 🎂🐾 【#FWMCbday26】"
  },
  "server": "14e2f2bdda9eeeca892a42cd79cd1c2ab9c170b637d4956fd4e63e52a8773e56",
  "time": 1772254113
}