{
  "video": {
    "id": "jNCGOv8Zz1A",
    "url": "https://www.youtube.com/watch?v=jNCGOv8Zz1A",
    "title": "【3D Live】Let My Voice Enchant You Tonight! #3DKobornDay2025",
    "channel": "Kobo Kanaeru Ch. hololive-ID",
    "filename_stem": "【3D Live】Let My Voice Enchant You Tonight! #3DKobornDay2025 [jNCGOv8Zz1A]",
    "available": true,
    "is_local": false
  },
  "server": "46b43c4506cb5b8ea0a7b881443637a767fcacecdd256b088cb8106192819879",
  "time": 1770252939
}