{
  "video": {
    "id": "WubP90C6KlY",
    "url": "https://www.youtube.com/watch?v=WubP90C6KlY",
    "title": "【チラ見せ枠・DAY2】ときのそら 8th Anniversary Party「Starry Bl∞min'」",
    "channel": "SoraCh. ときのそらチャンネル",
    "filename_stem": "【チラ見せ枠・DAY2】ときのそら 8th Anniversary Party「Starry Bl∞min'」 [WubP90C6KlY]",
    "available": true,
    "is_local": false
  },
  "server": "bffe7abf5bec81d5d16cfe0856d1d8e6a7c62118d3dcdd601905060f033c5be0",
  "time": 1771111961
}