{
  "video": {
    "id": "wlPLYUOmtHE",
    "url": "https://www.youtube.com/watch?v=wlPLYUOmtHE",
    "title": "【チラ見せ】ReGLOSS 1st Live \"Flashpoint\"【有明アリーナ】",
    "channel": "hololive DEV_IS ReGLOSS",
    "filename_stem": "【チラ見せ】ReGLOSS 1st Live ＂Flashpoint＂【有明アリーナ】 [wlPLYUOmtHE]",
    "available": true,
    "is_local": false
  },
  "server": "bffe7abf5bec81d5d16cfe0856d1d8e6a7c62118d3dcdd601905060f033c5be0",
  "time": 1770249868
}