{
  "video": {
    "id": "cgvMVU2sO_U",
    "url": "https://www.youtube.com/watch?v=cgvMVU2sO_U",
    "title": "【チラ見せ】hololive 3rd Generation Live#きゅるるん大作戦〜最強アイドル、推すしかないでしょ〜【DAY1】",
    "channel": "hololive ホロライブ - VTuber Group",
    "filename_stem": "【チラ見せ】hololive 3rd Generation Live#きゅるるん大作戦〜最強アイドル、推すしかないでしょ〜【DAY1】 [cgvMVU2sO_U]",
    "available": true,
    "is_local": false
  },
  "server": "bffe7abf5bec81d5d16cfe0856d1d8e6a7c62118d3dcdd601905060f033c5be0",
  "time": 1770161580
}