{
  "video": {
    "id": "3UyVL-E9DYk",
    "url": "https://www.youtube.com/watch?v=3UyVL-E9DYk",
    "title": "【チラ見せ】ねぽらぼライブ re:VISION Holoearth Live【#ねぽらぼホロアースライブ】",
    "channel": "hololive ホロライブ - VTuber Group",
    "filename_stem": "【チラ見せ】ねぽらぼライブ re：VISION Holoearth Live【#ねぽらぼホロアースライブ】 [3UyVL-E9DYk]",
    "available": true,
    "is_local": false
  },
  "server": "bffe7abf5bec81d5d16cfe0856d1d8e6a7c62118d3dcdd601905060f033c5be0",
  "time": 1770247934
}