{
  "video": {
    "id": "XJJXk28ivwY",
    "url": "https://www.youtube.com/watch?v=XJJXk28ivwY",
    "title": "【チラ見せ】hololive 3rd Generation Live#きゅるるん大作戦〜最強アイドル、推すしかないでしょ〜【DAY2】",
    "channel": "hololive ホロライブ - VTuber Group",
    "filename_stem": "【チラ見せ】hololive 3rd Generation Live#きゅるるん大作戦〜最強アイドル、推すしかないでしょ〜【DAY2】 [XJJXk28ivwY]",
    "available": true
  },
  "server": "b5c979abfc7b9ec43e02a07782bde79e49990f01249be10041fd5f9e1f1b501a",
  "time": 1770045156
}