{
  "video": {
    "id": "Tx6xrAxSM7o",
    "url": "https://www.youtube.com/watch?v=Tx6xrAxSM7o",
    "title": "【凸待ち】#あずいろ食堂 開店！おでん凸待ち🍢オフコラボ【ホロライブ / AZKi / 風真いろは / FUWAMOCO】",
    "channel": "AZKi Channel",
    "filename_stem": "【凸待ち】#あずいろ食堂 開店！おでん凸待ち🍢オフコラボ【ホロライブ ⧸ AZKi ⧸ 風真いろは ⧸ FUWAMOCO】 [Tx6xrAxSM7o]",
    "available": true,
    "is_local": false
  },
  "server": "bffe7abf5bec81d5d16cfe0856d1d8e6a7c62118d3dcdd601905060f033c5be0",
  "time": 1770419010
}