{
  "job": {
    "uploader_id": "YuzukiChoco",
    "file": "【重大告知あり】新３Dお披露目？！癒月ちょこ生誕祭2026🎂 【ホロライブ⧸癒月ちょこ】 [_1PGuuEP7ps]",
    "video_id": "_1PGuuEP7ps",
    "url": "https://www.youtube.com/watch?v=_1PGuuEP7ps",
    "title": "【重大告知あり】新３Dお披露目?！癒月ちょこ生誕祭2026🎂 【ホロライブ/癒月ちょこ】"
  },
  "server": "bffe7abf5bec81d5d16cfe0856d1d8e6a7c62118d3dcdd601905060f033c5be0",
  "time": 1772253065
}