{
  "video": {
    "id": "Z_E5w_pYAck",
    "url": "https://www.youtube.com/watch?v=Z_E5w_pYAck",
    "title": "【重大告知アリ＆3D LIVE】秘密結社holoX4周年 3DLIVE【#SSholoX4周年】",
    "channel": "hololive ホロライブ - VTuber Group",
    "filename_stem": "【重大告知アリ＆3D LIVE】秘密結社holoX4周年 3DLIVE【#SSholoX4周年】 [Z_E5w_pYAck]",
    "available": true,
    "is_local": false
  },
  "server": "b5c979abfc7b9ec43e02a07782bde79e49990f01249be10041fd5f9e1f1b501a",
  "time": 1770253984
}