{
  "job": {
    "uploader_id": "hololiveEnglish",
    "file": "videos/hololive English -Justice- 2nd Anniversary Live： How to Protect JUSTICE! [zGPkH0j8Jug]",
    "video_id": "zGPkH0j8Jug",
    "url": "https://www.youtube.com/watch?v=zGPkH0j8Jug",
    "title": "hololive English -Justice- 2nd Anniversary Live: How to Protect JUSTICE!"
  },
  "server": "b5c979abfc7b9ec43e02a07782bde79e49990f01249be10041fd5f9e1f1b501a",
  "time": 1783121424
}