{
  "job": {
    "uploader_id": "hololiveEnglish",
    "file": "videos/hololive English -Justice- 2nd Anniversary Live： How to Protect JUSTICE! [zGPkH0j8Jug]",
    "video_id": "zGPkH0j8Jug",
    "url": "https://www.youtube.com/watch?v=zGPkH0j8Jug",
    "title": "hololive English -Justice- 2nd Anniversary Live: How to Protect JUSTICE!"
  },
  "server": "ae38f7138efd45b52fca84112c1627cae6e6265c5e525cbfda15799cdb6784f9",
  "time": 1782988155
}