{
  "job": {
    "uploader_id": "MizumiyaSu",
    "file": "videos/【 3DLIVE 】Step Into Dreams【水宮枢／ホロライブDEV_IS】#水宮枢生誕祭2026 [h0jykfxgmj0]",
    "video_id": "h0jykfxgmj0",
    "url": "https://www.youtube.com/watch?v=h0jykfxgmj0",
    "title": "【 3DLIVE 】Step Into Dreams【水宮枢／ホロライブDEV_IS】#水宮枢生誕祭2026"
  },
  "server": "79a31302bdc44bb26e4f42b76fc832f91cbba5b1ca1189f44e2a1b62bbdd5c75",
  "time": 1783038624
}