{
  "job": {
    "uploader_id": "AZKi",
    "file": "videos/【3D LIVE】AZKi 8th Birthday Live ＂Cross Over＂ 新衣装お披露目＆重大告知【#AZKi生誕ライブ2026】 [Kib9k58WLn0]",
    "video_id": "Kib9k58WLn0",
    "url": "https://www.youtube.com/watch?v=Kib9k58WLn0",
    "title": "【3D LIVE】AZKi 8th Birthday Live \"Cross Over\" 新衣装お披露目＆重大告知【#AZKi生誕ライブ2026】"
  },
  "server": "61cc16f1709ca6963e540920ce649a64a0663a658349352a5925ac398de3745b",
  "time": 1782987955
}