{
  "job": {
    "uploader_id": "InugamiKorone",
    "file": "videos/【3DLIVE】Lazy DOOG Night! 【戌神ころね】#戌神ころね7周年 [Z1_nnb7LxYs]",
    "video_id": "Z1_nnb7LxYs",
    "url": "https://www.youtube.com/watch?v=Z1_nnb7LxYs",
    "title": "【3DLIVE】Lazy DOOG Night! 【戌神ころね】#戌神ころね7周年"
  },
  "server": "79a31302bdc44bb26e4f42b76fc832f91cbba5b1ca1189f44e2a1b62bbdd5c75",
  "time": 1783297824
}