{
  "job": {
    "uploader_id": "TakaneLui",
    "file": "videos/【3DLIVE】超重大告知アリ！3D新衣装お披露目！！『Luminous Stairs』【鷹嶺ルイ⧸ホロライブ】#鷹嶺ルイ超重 [T71ds94dnnM]",
    "video_id": "T71ds94dnnM",
    "url": "https://www.youtube.com/watch?v=T71ds94dnnM",
    "title": "【3DLIVE】超重大告知アリ！3D新衣装お披露目！！『Luminous Stairs』【鷹嶺ルイ/ホロライブ】#鷹嶺ルイ超重大生誕LIVE"
  },
  "server": "b5c979abfc7b9ec43e02a07782bde79e49990f01249be10041fd5f9e1f1b501a",
  "time": 1783380622
}