{
  "job": {
    "uploader_id": "TodorokiHajime",
    "file": "videos/【3DLIVE】Rise In Motion【轟はじめ】 #轟はじめ生誕祭2026 [Zcx1344XAmI]",
    "video_id": "Zcx1344XAmI",
    "url": "https://www.youtube.com/watch?v=Zcx1344XAmI",
    "title": "【3DLIVE】Rise In Motion【轟はじめ】 #轟はじめ生誕祭2026"
  },
  "server": "79a31302bdc44bb26e4f42b76fc832f91cbba5b1ca1189f44e2a1b62bbdd5c75",
  "time": 1783384224
}