{
  "job": {
    "uploader_id": "hololive",
    "file": "[Official] 3D Anime ＂Magical Girl holoWitches! THE STAGE ~TRICK or MAGIC!~＂ Main Story [_qpO8vi9fpA]",
    "video_id": "_qpO8vi9fpA",
    "url": "https://www.youtube.com/watch?v=_qpO8vi9fpA",
    "title": "[Official] 3D Anime \"Magical Girl holoWitches! THE STAGE ~TRICK or MAGIC!~\" Main Story"
  },
  "server": "f28cb5a7718a98eaffb7e64e72b7070dc342d5b47409decb5f48e5ef624ba645",
  "time": 1774254665
}