{
  "job": {
    "uploader_id": "AiraniIofifteen",
    "file": "Airani iofifteen Birthday 2025 3D Live, Have a Nice Trip and Dream #iofiLucidDream [mMDPWutdkDM]",
    "video_id": "mMDPWutdkDM",
    "url": "https://www.youtube.com/watch?v=mMDPWutdkDM",
    "title": "Airani iofifteen Birthday 2025 3D Live, Have a Nice Trip and Dream #iofiLucidDream"
  },
  "server": "f28cb5a7718a98eaffb7e64e72b7070dc342d5b47409decb5f48e5ef624ba645",
  "time": 1774423866
}