{
  "job": {
    "uploader_id": "hololive",
    "file": "hololive production COUNTDOWN LIVE 2025▷2026 [oKiKqycF-lk]",
    "video_id": "oKiKqycF-lk",
    "url": "https://www.youtube.com/watch?v=oKiKqycF-lk",
    "title": "hololive production COUNTDOWN LIVE 2025▷2026"
  },
  "server": "f28cb5a7718a98eaffb7e64e72b7070dc342d5b47409decb5f48e5ef624ba645",
  "time": 1774179066
}