{
  "job": {
    "uploader_id": "PavoliaReine",
    "file": "《Peafowl of The Blue Flame》 Pavolia Reine 3D Birthday Live 2025 #ReineMEPtember2025 [zKuxe-5Jxyc]",
    "video_id": "zKuxe-5Jxyc",
    "url": "https://www.youtube.com/watch?v=zKuxe-5Jxyc",
    "title": "《Peafowl of The Blue Flame》 Pavolia Reine 3D Birthday Live 2025 #ReineMEPtember2025"
  },
  "server": "f28cb5a7718a98eaffb7e64e72b7070dc342d5b47409decb5f48e5ef624ba645",
  "time": 1774265465
}