{
  "job": {
    "uploader_id": "HimemoriLuna",
    "file": "【 #姫森ルーナ生誕LIVE2025 】Luna RebirthDay !! 💗 BIRTHDAY 3D LIVE【ホロライブ】 [jtQy1xURcuQ]",
    "video_id": "jtQy1xURcuQ",
    "url": "https://www.youtube.com/watch?v=jtQy1xURcuQ",
    "title": "【 #姫森ルーナ生誕LIVE2025 】Luna RebirthDay !! 💗 BIRTHDAY 3D LIVE【ホロライブ】"
  },
  "server": "f28cb5a7718a98eaffb7e64e72b7070dc342d5b47409decb5f48e5ef624ba645",
  "time": 1774258265
}