{
  "job": {
    "uploader_id": "AkiRosenthal",
    "file": "【 3DLIVE 】#アキロゼ生誕祭2026 ーLife is GAMEー【ホロライブ⧸アキ・ローゼンタール】 [_tBlI-l8WLk]",
    "video_id": "_tBlI-l8WLk",
    "url": "https://www.youtube.com/watch?v=_tBlI-l8WLk",
    "title": "【 3DLIVE 】#アキロゼ生誕祭2026 ーLife is GAMEー【ホロライブ/アキ・ローゼンタール】"
  },
  "server": "bffe7abf5bec81d5d16cfe0856d1d8e6a7c62118d3dcdd601905060f033c5be0",
  "time": 1774162865
}