{
  "job": {
    "uploader_id": "YukihanaLamy",
    "file": "【#ラミィ生誕3Dヒーローショー】雪花ラミィ生誕３DLIVE『 ホロレンジャー』ゲスト＆告知あり！【 雪花 [mjXO5WWADww]",
    "video_id": "mjXO5WWADww",
    "url": "https://www.youtube.com/watch?v=mjXO5WWADww",
    "title": "【#ラミィ生誕3Dヒーローショー】雪花ラミィ生誕３DLIVE『 ホロレンジャー』ゲスト＆告知あり！【 雪花ラミィ /ホロライブ】"
  },
  "server": "f28cb5a7718a98eaffb7e64e72b7070dc342d5b47409decb5f48e5ef624ba645",
  "time": 1774247466
}