{
  "job": {
    "uploader_id": "usadapekora",
    "file": "【#兎田ぺこら6周年記念LIVE】周年3D LIVE！ぺこらRUSH！！！！！！！ぺこ！【ホロライブ⧸兎田ぺこら】 [E2D_YFRHFG8]",
    "video_id": "E2D_YFRHFG8",
    "url": "https://www.youtube.com/watch?v=E2D_YFRHFG8",
    "title": "【#兎田ぺこら6周年記念LIVE】周年3D LIVE！ぺこらRUSH！！！！！！！ぺこ！【ホロライブ/兎田ぺこら】"
  },
  "server": "bffe7abf5bec81d5d16cfe0856d1d8e6a7c62118d3dcdd601905060f033c5be0",
  "time": 1774274466
}