{
  "job": {
    "uploader_id": "ShirakamiFubuki",
    "file": "【#冥ハロ2025】白上フブキ生誕３DLIVE「冥界Halloween Night!」【白上フブキ⧸ホロライブ】 [7Tm7dVsTPBk]",
    "video_id": "7Tm7dVsTPBk",
    "url": "https://www.youtube.com/watch?v=7Tm7dVsTPBk",
    "title": "【#冥ハロ2025】白上フブキ生誕３DLIVE「冥界Halloween Night!」【白上フブキ/ホロライブ】"
  },
  "server": "f28cb5a7718a98eaffb7e64e72b7070dc342d5b47409decb5f48e5ef624ba645",
  "time": 1774261866
}