{
  "job": {
    "uploader_id": "NatsuiroMatsuri",
    "file": "【#ホロカラ覗き見】ホロメンのカラオケ覗き見！？ ⧸ 3Dstream【ホロライブ⧸夏色まつり】 [R-yE9Mut4Yc]",
    "video_id": "R-yE9Mut4Yc",
    "url": "https://www.youtube.com/watch?v=R-yE9Mut4Yc",
    "title": "【#ホロカラ覗き見】ホロメンのカラオケ覗き見！？ / 3Dstream【ホロライブ/夏色まつり】"
  },
  "server": "14e2f2bdda9eeeca892a42cd79cd1c2ab9c170b637d4956fd4e63e52a8773e56",
  "time": 1774154740
}