{
  "job": {
    "uploader_id": "hololive",
    "file": "【#超ゲマズ2_day1】hololive GAMERS fes. 超超超超ゲーマーズ2【チラ見せ】 [DsZz2bIg-Ho]",
    "video_id": "DsZz2bIg-Ho",
    "url": "https://www.youtube.com/watch?v=DsZz2bIg-Ho",
    "title": "【#超ゲマズ2_day1】hololive GAMERS fes. 超超超超ゲーマーズ2【チラ見せ】"
  },
  "server": "f28cb5a7718a98eaffb7e64e72b7070dc342d5b47409decb5f48e5ef624ba645",
  "time": 1774427465
}