{
  "job": {
    "uploader_id": "KaelaKovalskia",
    "file": "【#3DJAVU】Déjà vu： its all coming back to me now【3D Redebut Live】 [BoVbE4adiwk]",
    "video_id": "BoVbE4adiwk",
    "url": "https://www.youtube.com/watch?v=BoVbE4adiwk",
    "title": "【#3DJAVU】Déjà vu: its all coming back to me now【3D Redebut Live】"
  },
  "server": "f28cb5a7718a98eaffb7e64e72b7070dc342d5b47409decb5f48e5ef624ba645",
  "time": 1774570056
}