{
  "job": {
    "uploader_id": "KureijiOllie",
    "file": "【3D BIRTHDAY LIVE】 Lovin' you to the point I'm 𝓒𝓡𝓐𝓩𝓨 ♡ #KoishiteruZOMBIE  【Kureiji Ollie】 [eYLNO0v7ylg]",
    "video_id": "eYLNO0v7ylg",
    "url": "https://www.youtube.com/watch?v=eYLNO0v7ylg",
    "title": "【3D BIRTHDAY LIVE】 Lovin' you to the point I'm 𝓒𝓡𝓐𝓩𝓨 ♡ #KoishiteruZOMBIE  【Kureiji Ollie】"
  },
  "server": "bffe7abf5bec81d5d16cfe0856d1d8e6a7c62118d3dcdd601905060f033c5be0",
  "time": 1774256466
}