{
  "job": {
    "uploader_id": "TodorokiHajime",
    "file": "【3DLIVE】First Starring Role【轟はじめ⧸ReGLOSS】 #轟はじめ生誕祭2025 [bjPYXtxhm0I]",
    "video_id": "bjPYXtxhm0I",
    "url": "https://www.youtube.com/watch?v=bjPYXtxhm0I",
    "title": "【3DLIVE】First Starring Role【轟はじめ/ReGLOSS】 #轟はじめ生誕祭2025"
  },
  "server": "f28cb5a7718a98eaffb7e64e72b7070dc342d5b47409decb5f48e5ef624ba645",
  "time": 1774431066
}