{
  "job": {
    "uploader_id": "AkaiHaato",
    "file": "【3DLIVE】夏のホラー満載‼️#赤井はあと爆誕祭2025 👻【ゲスト多数&告知あり◎】【ホロライブ⧸赤井は [vTsOdumJEOY]",
    "video_id": "vTsOdumJEOY",
    "url": "https://www.youtube.com/watch?v=vTsOdumJEOY",
    "title": "【3DLIVE】夏のホラー満載‼️#赤井はあと爆誕祭2025 👻【ゲスト多数&告知あり◎】【ホロライブ/赤井はあと】"
  },
  "server": "bffe7abf5bec81d5d16cfe0856d1d8e6a7c62118d3dcdd601905060f033c5be0",
  "time": 1774346465
}