{
  "job": {
    "uploader_id": "VestiaZeta",
    "file": "【3D BDAY】AGENT TEST START! ....LOADING...【#AgentTest3D】 [1ibr6Zav_Ag]",
    "video_id": "1ibr6Zav_Ag",
    "url": "https://www.youtube.com/watch?v=1ibr6Zav_Ag",
    "title": "【3D BDAY】AGENT TEST START! ....LOADING...【#AgentTest3D】"
  },
  "server": "bffe7abf5bec81d5d16cfe0856d1d8e6a7c62118d3dcdd601905060f033c5be0",
  "time": 1774249265
}