{
  "job": {
    "uploader_id": "KoboKanaeru",
    "file": "【3D Live】KOBO BABY PARTY !!!! GUGU GAGA BABU BABU ？？？!!! #Kobo3rdAnniversary [SSuRtcLXA0s]",
    "video_id": "SSuRtcLXA0s",
    "url": "https://www.youtube.com/watch?v=SSuRtcLXA0s",
    "title": "【3D Live】KOBO BABY PARTY !!!! GUGU GAGA BABU BABU ???!!! #Kobo3rdAnniversary"
  },
  "server": "f28cb5a7718a98eaffb7e64e72b7070dc342d5b47409decb5f48e5ef624ba645",
  "time": 1774521066
}