{
  "job": {
    "uploader_id": "AnyaMelfissa",
    "file": "【3D BIRTHDAY LIVE】 Through the Curious Tune - Anya Melfissa 2025 Birthday Live 生誕祭ライブ #CuriousTune3D [FXLKbTnMP2M]",
    "video_id": "FXLKbTnMP2M",
    "url": "https://www.youtube.com/watch?v=FXLKbTnMP2M",
    "title": "【3D BIRTHDAY LIVE】 Through the Curious Tune - Anya Melfissa 2025 Birthday Live 生誕祭ライブ #CuriousTune3D"
  },
  "server": "f28cb5a7718a98eaffb7e64e72b7070dc342d5b47409decb5f48e5ef624ba645",
  "time": 1774700380
}