{
  "job": {
    "uploader_id": "OuroKronii",
    "file": "【3D Birthday Live + New Outfit】The Goddess Descends #krorigin [qqi8yXuH35Y]",
    "video_id": "qqi8yXuH35Y",
    "url": "https://www.youtube.com/watch?v=qqi8yXuH35Y",
    "title": "【3D Birthday Live + New Outfit】The Goddess Descends #krorigin"
  },
  "server": "f28cb5a7718a98eaffb7e64e72b7070dc342d5b47409decb5f48e5ef624ba645",
  "time": 1774149803
}