{
  "job": {
    "uploader_id": "KosekiBijou",
    "file": "【3D LIVE】LOG IN： GAME START #ROCKINBiboo [WfGS8QW-b40]",
    "video_id": "WfGS8QW-b40",
    "url": "https://www.youtube.com/watch?v=WfGS8QW-b40",
    "title": "【3D LIVE】LOG IN: GAME START #ROCKINBiboo"
  },
  "server": "f28cb5a7718a98eaffb7e64e72b7070dc342d5b47409decb5f48e5ef624ba645",
  "time": 1774251065
}