{
  "job": {
    "uploader_id": "KoboKanaeru",
    "file": "【3D Live】Let My Voice Enchant You Tonight! #3DKobornDay2025 [jNCGOv8Zz1A]",
    "video_id": "jNCGOv8Zz1A",
    "url": "https://www.youtube.com/watch?v=jNCGOv8Zz1A",
    "title": "【3D Live】Let My Voice Enchant You Tonight! #3DKobornDay2025"
  },
  "server": "f28cb5a7718a98eaffb7e64e72b7070dc342d5b47409decb5f48e5ef624ba645",
  "time": 1774182666
}