{
  "job": {
    "uploader_id": "InugamiKorone",
    "file": "【3D Live】 戌神ころね6th記念★☆ 3D＆パペットライブ！？ 【#戌神ころね6周年】 [ASwjM25ax58]",
    "video_id": "ASwjM25ax58",
    "url": "https://www.youtube.com/watch?v=ASwjM25ax58",
    "title": "【3D Live】 戌神ころね6th記念★☆ 3D＆パペットライブ！？ 【#戌神ころね6周年】"
  },
  "server": "f28cb5a7718a98eaffb7e64e72b7070dc342d5b47409decb5f48e5ef624ba645",
  "time": 1774517466
}