{
  "job": {
    "uploader_id": "kazamairoha",
    "file": "【3DLIVE】#風真いろは生誕LIVE2025 告知&ゲストあり🎈これが風真いろはです！~Reversible~【風真いろは⧸ホロ [42h4ydJS3zk]",
    "video_id": "42h4ydJS3zk",
    "url": "https://www.youtube.com/watch?v=42h4ydJS3zk",
    "title": "【3DLIVE】#風真いろは生誕LIVE2025 告知&ゲストあり🎈これが風真いろはです！~Reversible~【風真いろは/ホロライブ】"
  },
  "server": "bffe7abf5bec81d5d16cfe0856d1d8e6a7c62118d3dcdd601905060f033c5be0",
  "time": 1774429266
}