{
  "job": {
    "uploader_id": "NanashiMumei",
    "file": "【3D GRADUATION STREAM】Thank You ! [tTABc1SlO8U]",
    "video_id": "tTABc1SlO8U",
    "url": "https://www.youtube.com/watch?v=tTABc1SlO8U",
    "title": "【3D GRADUATION STREAM】Thank You !"
  },
  "server": "f28cb5a7718a98eaffb7e64e72b7070dc342d5b47409decb5f48e5ef624ba645",
  "time": 1774449066
}