{
  "job": {
    "uploader_id": "holoen_gigimurin",
    "file": "【3D DEBUT】GIIII~MURIN! × 3D Gigi Murin desu #GIGI3D [lVi3Wb7WShU]",
    "video_id": "lVi3Wb7WShU",
    "url": "https://www.youtube.com/watch?v=lVi3Wb7WShU",
    "title": "【3D DEBUT】GIIII~MURIN! × 3D Gigi Murin desu #GIGI3D"
  },
  "server": "bffe7abf5bec81d5d16cfe0856d1d8e6a7c62118d3dcdd601905060f033c5be0",
  "time": 1774393266
}