{
  "job": {
    "uploader_id": "hololiveEnglish",
    "file": "【3D】hololive English -Advent- 2nd Anniversary Live： On the Run! [dpcCFGRm5zM]",
    "video_id": "dpcCFGRm5zM",
    "url": "https://www.youtube.com/watch?v=dpcCFGRm5zM",
    "title": "【3D】hololive English -Advent- 2nd Anniversary Live: On the Run!"
  },
  "server": "f28cb5a7718a98eaffb7e64e72b7070dc342d5b47409decb5f48e5ef624ba645",
  "time": 1774333866
}