{
  "job": {
    "uploader_id": "hololiveEnglish",
    "file": "【Day 2】hololive English 3rd Concert -All for One-【Free Preview】 [h4isKo0FDF8]",
    "video_id": "h4isKo0FDF8",
    "url": "https://www.youtube.com/watch?v=h4isKo0FDF8",
    "title": "【Day 2】hololive English 3rd Concert -All for One-【Free Preview】"
  },
  "server": "bffe7abf5bec81d5d16cfe0856d1d8e6a7c62118d3dcdd601905060f033c5be0",
  "time": 1774335666
}