{
  "job": {
    "uploader_id": "hololiveEnglish",
    "file": "【Day 1】hololive English 3rd Concert -All for One-【Free Preview】 [HzTiec89h90]",
    "video_id": "HzTiec89h90",
    "url": "https://www.youtube.com/watch?v=HzTiec89h90",
    "title": "【Day 1】hololive English 3rd Concert -All for One-【Free Preview】"
  },
  "server": "f28cb5a7718a98eaffb7e64e72b7070dc342d5b47409decb5f48e5ef624ba645",
  "time": 1774337466
}