{
  "job": {
    "uploader_id": "GawrGura",
    "file": "【Graduation 3D Mini Live - Gawr Gura】 [EAdh6m3E3UI]",
    "video_id": "EAdh6m3E3UI",
    "url": "https://www.youtube.com/watch?v=EAdh6m3E3UI",
    "title": "【Graduation 3D Mini Live - Gawr Gura】"
  },
  "server": "bffe7abf5bec81d5d16cfe0856d1d8e6a7c62118d3dcdd601905060f033c5be0",
  "time": 1774443666
}