{
  "job": {
    "uploader_id": "OmaruPolka",
    "file": "【OmaruPolkaBirthday2026】Glitter of Love ｜ Birthday 3D Live【hololive】 [zzVcTQOdLZE]",
    "video_id": "zzVcTQOdLZE",
    "url": "https://www.youtube.com/watch?v=zzVcTQOdLZE",
    "title": "【OmaruPolkaBirthday2026】Glitter of Love | Birthday 3D Live【hololive】"
  },
  "server": "f28cb5a7718a98eaffb7e64e72b7070dc342d5b47409decb5f48e5ef624ba645",
  "time": 1774168266
}