{
  "job": {
    "uploader_id": "hololive",
    "file": "【Sneak Peak】hololive Indonesia 5th Anniversary LIVE Chromatic Future【#holoIDChromaticFuture 】 [GvDwA90OOuU]",
    "video_id": "GvDwA90OOuU",
    "url": "https://www.youtube.com/watch?v=GvDwA90OOuU",
    "title": "【Sneak Peak】hololive Indonesia 5th Anniversary LIVE Chromatic Future【#holoIDChromaticFuture 】"
  },
  "server": "f28cb5a7718a98eaffb7e64e72b7070dc342d5b47409decb5f48e5ef624ba645",
  "time": 1774161065
}