{
  "job": {
    "uploader_id": "hololive",
    "file": "【チラ見せ】hololive 7th fes. Ridin' on Dreams STAGE4【#hololivefesEXPO26_DAY3】 [mCgAcTJyvts]",
    "video_id": "mCgAcTJyvts",
    "url": "https://www.youtube.com/watch?v=mCgAcTJyvts",
    "title": "【チラ見せ】hololive 7th fes. Ridin' on Dreams STAGE4【#hololivefesEXPO26_DAY3】"
  },
  "server": "f28cb5a7718a98eaffb7e64e72b7070dc342d5b47409decb5f48e5ef624ba645",
  "time": 1774157466
}