{
  "job": {
    "uploader_id": "Patra_Suou",
    "file": "【新3Dお披露目】周防パトラ生誕祭！ゲスト FUWAMOCO＆豪華ビデオレター！重大告知あり！Birthday Party 2025 [bubs05N-m04]",
    "video_id": "bubs05N-m04",
    "url": "https://www.youtube.com/watch?v=bubs05N-m04",
    "title": "【新3Dお披露目】周防パトラ生誕祭！ゲスト FUWAMOCO＆豪華ビデオレター！重大告知あり！Birthday Party 2025【周防パトラ】"
  },
  "server": "bffe7abf5bec81d5d16cfe0856d1d8e6a7c62118d3dcdd601905060f033c5be0",
  "time": 1774353665
}