{
  "job": {
    "uploader_id": "IchijouRirika",
    "file": "【＃一条莉々華生誕祭2025】初の生誕ライブ開幕！！一条莉々華生誕祭ライブ2025【一条莉々華⧸hololive DEV_I [HB8sU0qsePE]",
    "video_id": "HB8sU0qsePE",
    "url": "https://www.youtube.com/watch?v=HB8sU0qsePE",
    "title": "【＃一条莉々華生誕祭2025】初の生誕ライブ開幕！！一条莉々華生誕祭ライブ2025【一条莉々華/hololive DEV_IS　ReGLOSS】"
  },
  "server": "f28cb5a7718a98eaffb7e64e72b7070dc342d5b47409decb5f48e5ef624ba645",
  "time": 1774441866
}