{
  "job": {
    "uploader_id": "LaplusDarknesss",
    "file": "いつか吾輩もあの頃のインターネットって言われる日が来るのかな #ラプラス・バースデイ2025 [m8hqs4NMij4]",
    "video_id": "m8hqs4NMij4",
    "url": "https://www.youtube.com/watch?v=m8hqs4NMij4",
    "title": "いつか吾輩もあの頃のインターネットって言われる日が来るのかな #ラプラス・バースデイ2025"
  },
  "server": "f28cb5a7718a98eaffb7e64e72b7070dc342d5b47409decb5f48e5ef624ba645",
  "time": 1774434666
}