{
  "job": {
    "uploader_id": "AZKi",
    "file": "videos/【3D LIVE】AZKi 8th Birthday Live ＂Cross Over＂ 新衣装お披露目＆重大告知【#AZKi生誕ライブ2026】 [Kib9k58WLn0]",
    "video_id": "Kib9k58WLn0",
    "url": "https://www.youtube.com/watch?v=Kib9k58WLn0",
    "title": "【3D LIVE】AZKi 8th Birthday Live \"Cross Over\" 新衣装お披露目＆重大告知【#AZKi生誕ライブ2026】"
  },
  "server": "b5c979abfc7b9ec43e02a07782bde79e49990f01249be10041fd5f9e1f1b501a",
  "time": 1783726222
}