{
  "job": {
    "uploader_id": "TakanashiKiara",
    "file": "videos/【3D CONCERT】H!P Cover Song Birthday Festival🎉🎉🎉 #KiaraBday2026 [foUgVcpF4x8]",
    "video_id": "foUgVcpF4x8",
    "url": "https://www.youtube.com/watch?v=foUgVcpF4x8",
    "title": "【3D CONCERT】H!P Cover Song Birthday Festival🎉🎉🎉 #KiaraBday2026"
  },
  "server": "b5c979abfc7b9ec43e02a07782bde79e49990f01249be10041fd5f9e1f1b501a",
  "time": 1783486761
}