{
  "job": {
    "uploader_id": "hololiveEnglish",
    "file": "videos/【Day 2】hololive English 4th Concert -Serendipity-【Free Preview】 [mqMEU_YIQbw]",
    "video_id": "mqMEU_YIQbw",
    "url": "https://www.youtube.com/watch?v=mqMEU_YIQbw",
    "title": "【Day 2】hololive English 4th Concert -Serendipity-【Free Preview】"
  },
  "server": "79a31302bdc44bb26e4f42b76fc832f91cbba5b1ca1189f44e2a1b62bbdd5c75",
  "time": 1783486895
}