{
  "job": {
    "uploader_id": "hololiveEnglish",
    "file": "videos/【Day 1】hololive English 4th Concert -Serendipity-【Free Preview】 [C-_cnE7PTDU]",
    "video_id": "C-_cnE7PTDU",
    "url": "https://www.youtube.com/watch?v=C-_cnE7PTDU",
    "title": "【Day 1】hololive English 4th Concert -Serendipity-【Free Preview】"
  },
  "server": "79a31302bdc44bb26e4f42b76fc832f91cbba5b1ca1189f44e2a1b62bbdd5c75",
  "time": 1783643422
}